Microsoft Visual Studio Solution File, Format Version 8.00
Project("{8BC9CEB8-8B4A-11D0-8D11-00A0C91BC942}") = "FontBuilder", "FontBuilder.vcproj", "{3A784905-F759-40FD-84B4-7E3F47476F5B}"
	ProjectSection(ProjectDependencies) = postProject
		{51F65302-640B-49E6-B711-585E20B79433} = {51F65302-640B-49E6-B711-585E20B79433}
		{DD8AB240-8FA8-4E65-83EF-CB73E24E505E} = {DD8AB240-8FA8-4E65-83EF-CB73E24E505E}
		{DB7E85B4-0652-4388-B13C-65AE449D104E} = {DB7E85B4-0652-4388-B13C-65AE449D104E}
		{7B3440E7-4B4E-4400-9CC7-03A109DEB88D} = {7B3440E7-4B4E-4400-9CC7-03A109DEB88D}
	EndProjectSection
EndProject
Project("{8BC9CEB8-8B4A-11D0-8D11-00A0C91BC942}") = "x_files", "..\..\..\xCore\x_files\x_files.vcproj", "{51F65302-640B-49E6-B711-585E20B79433}"
	ProjectSection(ProjectDependencies) = postProject
	EndProjectSection
EndProject
Project("{8BC9CEB8-8B4A-11D0-8D11-00A0C91BC942}") = "Parsing", "..\..\..\xCore\Parsing\Parsing.vcproj", "{DB7E85B4-0652-4388-B13C-65AE449D104E}"
	ProjectSection(ProjectDependencies) = postProject
	EndProjectSection
EndProject
Project("{8BC9CEB8-8B4A-11D0-8D11-00A0C91BC942}") = "CommandLine", "..\..\..\xCore\Auxiliary\CommandLine\CommandLine.vcproj", "{7B3440E7-4B4E-4400-9CC7-03A109DEB88D}"
	ProjectSection(ProjectDependencies) = postProject
	EndProjectSection
EndProject
Project("{8BC9CEB8-8B4A-11D0-8D11-00A0C91BC942}") = "aux_Bitmap", "..\..\..\xCore\Auxiliary\Bitmap\aux_Bitmap.vcproj", "{DD8AB240-8FA8-4E65-83EF-CB73E24E505E}"
	ProjectSection(ProjectDependencies) = postProject
	EndProjectSection
EndProject
Global
	GlobalSection(SourceCodeControl) = preSolution
		SccNumberOfProjects = 6
		SccProjectUniqueName0 = ..\\..\\..\\xCore\\x_files\\x_files.vcproj
		SccLocalPath0 = ..\\..\\..
		CanCheckoutShared = true
		SccProjectFilePathRelativizedFromConnection0 = xCore\\x_files\\
		SccProjectUniqueName1 = ..\\..\\..\\xCore\\Parsing\\Parsing.vcproj
		SccLocalPath1 = ..\\..\\..
		CanCheckoutShared = true
		SccProjectFilePathRelativizedFromConnection1 = xCore\\Parsing\\
		SccProjectUniqueName2 = ..\\..\\..\\xCore\\Auxiliary\\CommandLine\\CommandLine.vcproj
		SccLocalPath2 = ..\\..\\..\\xCore\\Auxiliary\\CommandLine
		CanCheckoutShared = true
		SccProjectUniqueName3 = ..\\..\\..\\xCore\\Auxiliary\\Bitmap\\aux_Bitmap.vcproj
		SccLocalPath3 = ..\\..\\..
		CanCheckoutShared = true
		SccProjectFilePathRelativizedFromConnection3 = xCore\\Auxiliary\\Bitmap\\
		SccProjectName4 = Perforce\u0020Project
		SccLocalPath4 = .
		SccProvider4 = MSSCCI:Perforce\u0020SCM
		CanCheckoutShared = true
		SolutionUniqueID = {FCC639B9-9005-4E78-88B0-0217F1C2C66D}
		SccProjectUniqueName5 = FontBuilder.vcproj
		SccLocalPath5 = .
		CanCheckoutShared = true
	EndGlobalSection
	GlobalSection(SolutionConfiguration) = preSolution
		Debug = Debug
		Debug Win32 = Debug Win32
		Debug Xbox = Debug Xbox
		EDITOR-Debug Win32 = EDITOR-Debug Win32
		EDITOR-Debug Xbox = EDITOR-Debug Xbox
		EDITOR-OptDebug Win32 = EDITOR-OptDebug Win32
		EDITOR-OptDebug Xbox = EDITOR-OptDebug Xbox
		EDITOR-Retail Win32 = EDITOR-Retail Win32
		EDITOR-Retail Xbox = EDITOR-Retail Xbox
		OptDebug = OptDebug
		OptDebug Win32 = OptDebug Win32
		OptDebug Xbox = OptDebug Xbox
		PS2-Debug Win32 = PS2-Debug Win32
		PS2-Debug Xbox = PS2-Debug Xbox
		PS2-OptDebug Win32 = PS2-OptDebug Win32
		PS2-OptDebug Xbox = PS2-OptDebug Xbox
		PS2-Profile Win32 = PS2-Profile Win32
		PS2-Profile Xbox = PS2-Profile Xbox
		PS2-QA Win32 = PS2-QA Win32
		PS2-QA Xbox = PS2-QA Xbox
		PS2-Retail Win32 = PS2-Retail Win32
		PS2-Retail Xbox = PS2-Retail Xbox
		PS2-Viewer Win32 = PS2-Viewer Win32
		PS2-Viewer Xbox = PS2-Viewer Xbox
		QA = QA
		QA Win32 = QA Win32
		QA Xbox = QA Xbox
		Release = Release
		Retail = Retail
		Retail Win32 = Retail Win32
		Retail Xbox = Retail Xbox
	EndGlobalSection
	GlobalSection(ProjectConfiguration) = postSolution
		{3A784905-F759-40FD-84B4-7E3F47476F5B}.Debug.ActiveCfg = Debug|Win32
		{3A784905-F759-40FD-84B4-7E3F47476F5B}.Debug.Build.0 = Debug|Win32
		{3A784905-F759-40FD-84B4-7E3F47476F5B}.Debug Win32.ActiveCfg = Debug|Win32
		{3A784905-F759-40FD-84B4-7E3F47476F5B}.Debug Win32.Build.0 = Debug|Win32
		{3A784905-F759-40FD-84B4-7E3F47476F5B}.Debug Xbox.ActiveCfg = Debug|Win32
		{3A784905-F759-40FD-84B4-7E3F47476F5B}.Debug Xbox.Build.0 = Debug|Win32
		{3A784905-F759-40FD-84B4-7E3F47476F5B}.EDITOR-Debug Win32.ActiveCfg = Debug|Win32
		{3A784905-F759-40FD-84B4-7E3F47476F5B}.EDITOR-Debug Win32.Build.0 = Debug|Win32
		{3A784905-F759-40FD-84B4-7E3F47476F5B}.EDITOR-Debug Xbox.ActiveCfg = Debug|Win32
		{3A784905-F759-40FD-84B4-7E3F47476F5B}.EDITOR-Debug Xbox.Build.0 = Debug|Win32
		{3A784905-F759-40FD-84B4-7E3F47476F5B}.EDITOR-OptDebug Win32.ActiveCfg = Debug|Win32
		{3A784905-F759-40FD-84B4-7E3F47476F5B}.EDITOR-OptDebug Win32.Build.0 = Debug|Win32
		{3A784905-F759-40FD-84B4-7E3F47476F5B}.EDITOR-OptDebug Xbox.ActiveCfg = Debug|Win32
		{3A784905-F759-40FD-84B4-7E3F47476F5B}.EDITOR-OptDebug Xbox.Build.0 = Debug|Win32
		{3A784905-F759-40FD-84B4-7E3F47476F5B}.EDITOR-Retail Win32.ActiveCfg = Release|Win32
		{3A784905-F759-40FD-84B4-7E3F47476F5B}.EDITOR-Retail Win32.Build.0 = Release|Win32
		{3A784905-F759-40FD-84B4-7E3F47476F5B}.EDITOR-Retail Xbox.ActiveCfg = Release|Win32
		{3A784905-F759-40FD-84B4-7E3F47476F5B}.EDITOR-Retail Xbox.Build.0 = Release|Win32
		{3A784905-F759-40FD-84B4-7E3F47476F5B}.OptDebug.ActiveCfg = Debug|Win32
		{3A784905-F759-40FD-84B4-7E3F47476F5B}.OptDebug.Build.0 = Debug|Win32
		{3A784905-F759-40FD-84B4-7E3F47476F5B}.OptDebug Win32.ActiveCfg = Debug|Win32
		{3A784905-F759-40FD-84B4-7E3F47476F5B}.OptDebug Win32.Build.0 = Debug|Win32
		{3A784905-F759-40FD-84B4-7E3F47476F5B}.OptDebug Xbox.ActiveCfg = Debug|Win32
		{3A784905-F759-40FD-84B4-7E3F47476F5B}.OptDebug Xbox.Build.0 = Debug|Win32
		{3A784905-F759-40FD-84B4-7E3F47476F5B}.PS2-Debug Win32.ActiveCfg = Debug|Win32
		{3A784905-F759-40FD-84B4-7E3F47476F5B}.PS2-Debug Win32.Build.0 = Debug|Win32
		{3A784905-F759-40FD-84B4-7E3F47476F5B}.PS2-Debug Xbox.ActiveCfg = Debug|Win32
		{3A784905-F759-40FD-84B4-7E3F47476F5B}.PS2-Debug Xbox.Build.0 = Debug|Win32
		{3A784905-F759-40FD-84B4-7E3F47476F5B}.PS2-OptDebug Win32.ActiveCfg = Debug|Win32
		{3A784905-F759-40FD-84B4-7E3F47476F5B}.PS2-OptDebug Win32.Build.0 = Debug|Win32
		{3A784905-F759-40FD-84B4-7E3F47476F5B}.PS2-OptDebug Xbox.ActiveCfg = Debug|Win32
		{3A784905-F759-40FD-84B4-7E3F47476F5B}.PS2-OptDebug Xbox.Build.0 = Debug|Win32
		{3A784905-F759-40FD-84B4-7E3F47476F5B}.PS2-Profile Win32.ActiveCfg = Release|Win32
		{3A784905-F759-40FD-84B4-7E3F47476F5B}.PS2-Profile Win32.Build.0 = Release|Win32
		{3A784905-F759-40FD-84B4-7E3F47476F5B}.PS2-Profile Xbox.ActiveCfg = Release|Win32
		{3A784905-F759-40FD-84B4-7E3F47476F5B}.PS2-Profile Xbox.Build.0 = Release|Win32
		{3A784905-F759-40FD-84B4-7E3F47476F5B}.PS2-QA Win32.ActiveCfg = Release|Win32
		{3A784905-F759-40FD-84B4-7E3F47476F5B}.PS2-QA Win32.Build.0 = Release|Win32
		{3A784905-F759-40FD-84B4-7E3F47476F5B}.PS2-QA Xbox.ActiveCfg = Release|Win32
		{3A784905-F759-40FD-84B4-7E3F47476F5B}.PS2-QA Xbox.Build.0 = Release|Win32
		{3A784905-F759-40FD-84B4-7E3F47476F5B}.PS2-Retail Win32.ActiveCfg = Release|Win32
		{3A784905-F759-40FD-84B4-7E3F47476F5B}.PS2-Retail Win32.Build.0 = Release|Win32
		{3A784905-F759-40FD-84B4-7E3F47476F5B}.PS2-Retail Xbox.ActiveCfg = Release|Win32
		{3A784905-F759-40FD-84B4-7E3F47476F5B}.PS2-Retail Xbox.Build.0 = Release|Win32
		{3A784905-F759-40FD-84B4-7E3F47476F5B}.PS2-Viewer Win32.ActiveCfg = Release|Win32
		{3A784905-F759-40FD-84B4-7E3F47476F5B}.PS2-Viewer Win32.Build.0 = Release|Win32
		{3A784905-F759-40FD-84B4-7E3F47476F5B}.PS2-Viewer Xbox.ActiveCfg = Release|Win32
		{3A784905-F759-40FD-84B4-7E3F47476F5B}.PS2-Viewer Xbox.Build.0 = Release|Win32
		{3A784905-F759-40FD-84B4-7E3F47476F5B}.QA.ActiveCfg = Release|Win32
		{3A784905-F759-40FD-84B4-7E3F47476F5B}.QA.Build.0 = Release|Win32
		{3A784905-F759-40FD-84B4-7E3F47476F5B}.QA Win32.ActiveCfg = Release|Win32
		{3A784905-F759-40FD-84B4-7E3F47476F5B}.QA Win32.Build.0 = Release|Win32
		{3A784905-F759-40FD-84B4-7E3F47476F5B}.QA Xbox.ActiveCfg = Release|Win32
		{3A784905-F759-40FD-84B4-7E3F47476F5B}.QA Xbox.Build.0 = Release|Win32
		{3A784905-F759-40FD-84B4-7E3F47476F5B}.Release.ActiveCfg = Release|Win32
		{3A784905-F759-40FD-84B4-7E3F47476F5B}.Release.Build.0 = Release|Win32
		{3A784905-F759-40FD-84B4-7E3F47476F5B}.Retail.ActiveCfg = Release|Win32
		{3A784905-F759-40FD-84B4-7E3F47476F5B}.Retail.Build.0 = Release|Win32
		{3A784905-F759-40FD-84B4-7E3F47476F5B}.Retail Win32.ActiveCfg = Release|Win32
		{3A784905-F759-40FD-84B4-7E3F47476F5B}.Retail Win32.Build.0 = Release|Win32
		{3A784905-F759-40FD-84B4-7E3F47476F5B}.Retail Xbox.ActiveCfg = Release|Win32
		{3A784905-F759-40FD-84B4-7E3F47476F5B}.Retail Xbox.Build.0 = Release|Win32
		{51F65302-640B-49E6-B711-585E20B79433}.Debug.ActiveCfg = Debug|Win32
		{51F65302-640B-49E6-B711-585E20B79433}.Debug.Build.0 = Debug|Win32
		{51F65302-640B-49E6-B711-585E20B79433}.Debug Win32.ActiveCfg = Debug|Win32
		{51F65302-640B-49E6-B711-585E20B79433}.Debug Win32.Build.0 = Debug|Win32
		{51F65302-640B-49E6-B711-585E20B79433}.Debug Xbox.ActiveCfg = Debug|Xbox
		{51F65302-640B-49E6-B711-585E20B79433}.Debug Xbox.Build.0 = Debug|Xbox
		{51F65302-640B-49E6-B711-585E20B79433}.EDITOR-Debug Win32.ActiveCfg = EDITOR-Debug|Win32
		{51F65302-640B-49E6-B711-585E20B79433}.EDITOR-Debug Win32.Build.0 = EDITOR-Debug|Win32
		{51F65302-640B-49E6-B711-585E20B79433}.EDITOR-Debug Xbox.ActiveCfg = EDITOR-Debug|Xbox
		{51F65302-640B-49E6-B711-585E20B79433}.EDITOR-Debug Xbox.Build.0 = EDITOR-Debug|Xbox
		{51F65302-640B-49E6-B711-585E20B79433}.EDITOR-OptDebug Win32.ActiveCfg = EDITOR-OptDebug|Win32
		{51F65302-640B-49E6-B711-585E20B79433}.EDITOR-OptDebug Win32.Build.0 = EDITOR-OptDebug|Win32
		{51F65302-640B-49E6-B711-585E20B79433}.EDITOR-OptDebug Xbox.ActiveCfg = EDITOR-OptDebug|Xbox
		{51F65302-640B-49E6-B711-585E20B79433}.EDITOR-OptDebug Xbox.Build.0 = EDITOR-OptDebug|Xbox
		{51F65302-640B-49E6-B711-585E20B79433}.EDITOR-Retail Win32.ActiveCfg = EDITOR-Retail|Win32
		{51F65302-640B-49E6-B711-585E20B79433}.EDITOR-Retail Win32.Build.0 = EDITOR-Retail|Win32
		{51F65302-640B-49E6-B711-585E20B79433}.EDITOR-Retail Xbox.ActiveCfg = EDITOR-Retail|Xbox
		{51F65302-640B-49E6-B711-585E20B79433}.EDITOR-Retail Xbox.Build.0 = EDITOR-Retail|Xbox
		{51F65302-640B-49E6-B711-585E20B79433}.OptDebug.ActiveCfg = OptDebug|Win32
		{51F65302-640B-49E6-B711-585E20B79433}.OptDebug.Build.0 = OptDebug|Win32
		{51F65302-640B-49E6-B711-585E20B79433}.OptDebug Win32.ActiveCfg = OptDebug|Win32
		{51F65302-640B-49E6-B711-585E20B79433}.OptDebug Win32.Build.0 = OptDebug|Win32
		{51F65302-640B-49E6-B711-585E20B79433}.OptDebug Xbox.ActiveCfg = OptDebug|Xbox
		{51F65302-640B-49E6-B711-585E20B79433}.OptDebug Xbox.Build.0 = OptDebug|Xbox
		{51F65302-640B-49E6-B711-585E20B79433}.PS2-Debug Win32.ActiveCfg = PS2-Debug|Win32
		{51F65302-640B-49E6-B711-585E20B79433}.PS2-Debug Win32.Build.0 = PS2-Debug|Win32
		{51F65302-640B-49E6-B711-585E20B79433}.PS2-Debug Xbox.ActiveCfg = PS2-Debug|Xbox
		{51F65302-640B-49E6-B711-585E20B79433}.PS2-Debug Xbox.Build.0 = PS2-Debug|Xbox
		{51F65302-640B-49E6-B711-585E20B79433}.PS2-OptDebug Win32.ActiveCfg = PS2-OptDebug|Win32
		{51F65302-640B-49E6-B711-585E20B79433}.PS2-OptDebug Win32.Build.0 = PS2-OptDebug|Win32
		{51F65302-640B-49E6-B711-585E20B79433}.PS2-OptDebug Xbox.ActiveCfg = PS2-OptDebug|Xbox
		{51F65302-640B-49E6-B711-585E20B79433}.PS2-OptDebug Xbox.Build.0 = PS2-OptDebug|Xbox
		{51F65302-640B-49E6-B711-585E20B79433}.PS2-Profile Win32.ActiveCfg = PS2-Profile|Win32
		{51F65302-640B-49E6-B711-585E20B79433}.PS2-Profile Win32.Build.0 = PS2-Profile|Win32
		{51F65302-640B-49E6-B711-585E20B79433}.PS2-Profile Xbox.ActiveCfg = PS2-Profile|Xbox
		{51F65302-640B-49E6-B711-585E20B79433}.PS2-Profile Xbox.Build.0 = PS2-Profile|Xbox
		{51F65302-640B-49E6-B711-585E20B79433}.PS2-QA Win32.ActiveCfg = PS2-QA|Win32
		{51F65302-640B-49E6-B711-585E20B79433}.PS2-QA Win32.Build.0 = PS2-QA|Win32
		{51F65302-640B-49E6-B711-585E20B79433}.PS2-QA Xbox.ActiveCfg = PS2-QA|Xbox
		{51F65302-640B-49E6-B711-585E20B79433}.PS2-QA Xbox.Build.0 = PS2-QA|Xbox
		{51F65302-640B-49E6-B711-585E20B79433}.PS2-Retail Win32.ActiveCfg = PS2-Retail|Win32
		{51F65302-640B-49E6-B711-585E20B79433}.PS2-Retail Win32.Build.0 = PS2-Retail|Win32
		{51F65302-640B-49E6-B711-585E20B79433}.PS2-Retail Xbox.ActiveCfg = PS2-Retail|Xbox
		{51F65302-640B-49E6-B711-585E20B79433}.PS2-Retail Xbox.Build.0 = PS2-Retail|Xbox
		{51F65302-640B-49E6-B711-585E20B79433}.PS2-Viewer Win32.ActiveCfg = PS2-Viewer|Win32
		{51F65302-640B-49E6-B711-585E20B79433}.PS2-Viewer Win32.Build.0 = PS2-Viewer|Win32
		{51F65302-640B-49E6-B711-585E20B79433}.PS2-Viewer Xbox.ActiveCfg = PS2-Viewer|Xbox
		{51F65302-640B-49E6-B711-585E20B79433}.PS2-Viewer Xbox.Build.0 = PS2-Viewer|Xbox
		{51F65302-640B-49E6-B711-585E20B79433}.QA.ActiveCfg = QA|Win32
		{51F65302-640B-49E6-B711-585E20B79433}.QA.Build.0 = QA|Win32
		{51F65302-640B-49E6-B711-585E20B79433}.QA Win32.ActiveCfg = QA|Win32
		{51F65302-640B-49E6-B711-585E20B79433}.QA Win32.Build.0 = QA|Win32
		{51F65302-640B-49E6-B711-585E20B79433}.QA Xbox.ActiveCfg = QA|Xbox
		{51F65302-640B-49E6-B711-585E20B79433}.QA Xbox.Build.0 = QA|Xbox
		{51F65302-640B-49E6-B711-585E20B79433}.Release.ActiveCfg = Retail|Xbox
		{51F65302-640B-49E6-B711-585E20B79433}.Release.Build.0 = Retail|Xbox
		{51F65302-640B-49E6-B711-585E20B79433}.Retail.ActiveCfg = Retail|Win32
		{51F65302-640B-49E6-B711-585E20B79433}.Retail.Build.0 = Retail|Win32
		{51F65302-640B-49E6-B711-585E20B79433}.Retail Win32.ActiveCfg = Retail|Win32
		{51F65302-640B-49E6-B711-585E20B79433}.Retail Win32.Build.0 = Retail|Win32
		{51F65302-640B-49E6-B711-585E20B79433}.Retail Xbox.ActiveCfg = Retail|Xbox
		{51F65302-640B-49E6-B711-585E20B79433}.Retail Xbox.Build.0 = Retail|Xbox
		{DB7E85B4-0652-4388-B13C-65AE449D104E}.Debug.ActiveCfg = Debug|Win32
		{DB7E85B4-0652-4388-B13C-65AE449D104E}.Debug.Build.0 = Debug|Win32
		{DB7E85B4-0652-4388-B13C-65AE449D104E}.Debug Win32.ActiveCfg = Debug|Win32
		{DB7E85B4-0652-4388-B13C-65AE449D104E}.Debug Win32.Build.0 = Debug|Win32
		{DB7E85B4-0652-4388-B13C-65AE449D104E}.Debug Xbox.ActiveCfg = Debug|Xbox
		{DB7E85B4-0652-4388-B13C-65AE449D104E}.Debug Xbox.Build.0 = Debug|Xbox
		{DB7E85B4-0652-4388-B13C-65AE449D104E}.EDITOR-Debug Win32.ActiveCfg = EDITOR-Debug|Win32
		{DB7E85B4-0652-4388-B13C-65AE449D104E}.EDITOR-Debug Win32.Build.0 = EDITOR-Debug|Win32
		{DB7E85B4-0652-4388-B13C-65AE449D104E}.EDITOR-Debug Xbox.ActiveCfg = EDITOR-Debug|Xbox
		{DB7E85B4-0652-4388-B13C-65AE449D104E}.EDITOR-Debug Xbox.Build.0 = EDITOR-Debug|Xbox
		{DB7E85B4-0652-4388-B13C-65AE449D104E}.EDITOR-OptDebug Win32.ActiveCfg = EDITOR-OptDebug|Win32
		{DB7E85B4-0652-4388-B13C-65AE449D104E}.EDITOR-OptDebug Win32.Build.0 = EDITOR-OptDebug|Win32
		{DB7E85B4-0652-4388-B13C-65AE449D104E}.EDITOR-OptDebug Xbox.ActiveCfg = EDITOR-OptDebug|Xbox
		{DB7E85B4-0652-4388-B13C-65AE449D104E}.EDITOR-OptDebug Xbox.Build.0 = EDITOR-OptDebug|Xbox
		{DB7E85B4-0652-4388-B13C-65AE449D104E}.EDITOR-Retail Win32.ActiveCfg = Retail|Win32
		{DB7E85B4-0652-4388-B13C-65AE449D104E}.EDITOR-Retail Win32.Build.0 = Retail|Win32
		{DB7E85B4-0652-4388-B13C-65AE449D104E}.EDITOR-Retail Xbox.ActiveCfg = Retail|Xbox
		{DB7E85B4-0652-4388-B13C-65AE449D104E}.EDITOR-Retail Xbox.Build.0 = Retail|Xbox
		{DB7E85B4-0652-4388-B13C-65AE449D104E}.OptDebug.ActiveCfg = OptDebug|Win32
		{DB7E85B4-0652-4388-B13C-65AE449D104E}.OptDebug.Build.0 = OptDebug|Win32
		{DB7E85B4-0652-4388-B13C-65AE449D104E}.OptDebug Win32.ActiveCfg = OptDebug|Win32
		{DB7E85B4-0652-4388-B13C-65AE449D104E}.OptDebug Win32.Build.0 = OptDebug|Win32
		{DB7E85B4-0652-4388-B13C-65AE449D104E}.OptDebug Xbox.ActiveCfg = OptDebug|Xbox
		{DB7E85B4-0652-4388-B13C-65AE449D104E}.OptDebug Xbox.Build.0 = OptDebug|Xbox
		{DB7E85B4-0652-4388-B13C-65AE449D104E}.PS2-Debug Win32.ActiveCfg = PS2-Debug|Win32
		{DB7E85B4-0652-4388-B13C-65AE449D104E}.PS2-Debug Win32.Build.0 = PS2-Debug|Win32
		{DB7E85B4-0652-4388-B13C-65AE449D104E}.PS2-Debug Xbox.ActiveCfg = PS2-Debug|Xbox
		{DB7E85B4-0652-4388-B13C-65AE449D104E}.PS2-Debug Xbox.Build.0 = PS2-Debug|Xbox
		{DB7E85B4-0652-4388-B13C-65AE449D104E}.PS2-OptDebug Win32.ActiveCfg = PS2-OptDebug|Win32
		{DB7E85B4-0652-4388-B13C-65AE449D104E}.PS2-OptDebug Win32.Build.0 = PS2-OptDebug|Win32
		{DB7E85B4-0652-4388-B13C-65AE449D104E}.PS2-OptDebug Xbox.ActiveCfg = PS2-OptDebug|Xbox
		{DB7E85B4-0652-4388-B13C-65AE449D104E}.PS2-OptDebug Xbox.Build.0 = PS2-OptDebug|Xbox
		{DB7E85B4-0652-4388-B13C-65AE449D104E}.PS2-Profile Win32.ActiveCfg = PS2-Profile|Win32
		{DB7E85B4-0652-4388-B13C-65AE449D104E}.PS2-Profile Win32.Build.0 = PS2-Profile|Win32
		{DB7E85B4-0652-4388-B13C-65AE449D104E}.PS2-Profile Xbox.ActiveCfg = PS2-Profile|Xbox
		{DB7E85B4-0652-4388-B13C-65AE449D104E}.PS2-Profile Xbox.Build.0 = PS2-Profile|Xbox
		{DB7E85B4-0652-4388-B13C-65AE449D104E}.PS2-QA Win32.ActiveCfg = PS2-QA|Win32
		{DB7E85B4-0652-4388-B13C-65AE449D104E}.PS2-QA Win32.Build.0 = PS2-QA|Win32
		{DB7E85B4-0652-4388-B13C-65AE449D104E}.PS2-QA Xbox.ActiveCfg = PS2-QA|Xbox
		{DB7E85B4-0652-4388-B13C-65AE449D104E}.PS2-QA Xbox.Build.0 = PS2-QA|Xbox
		{DB7E85B4-0652-4388-B13C-65AE449D104E}.PS2-Retail Win32.ActiveCfg = PS2-Retail|Win32
		{DB7E85B4-0652-4388-B13C-65AE449D104E}.PS2-Retail Win32.Build.0 = PS2-Retail|Win32
		{DB7E85B4-0652-4388-B13C-65AE449D104E}.PS2-Retail Xbox.ActiveCfg = PS2-Retail|Xbox
		{DB7E85B4-0652-4388-B13C-65AE449D104E}.PS2-Retail Xbox.Build.0 = PS2-Retail|Xbox
		{DB7E85B4-0652-4388-B13C-65AE449D104E}.PS2-Viewer Win32.ActiveCfg = PS2-Viewer|Win32
		{DB7E85B4-0652-4388-B13C-65AE449D104E}.PS2-Viewer Win32.Build.0 = PS2-Viewer|Win32
		{DB7E85B4-0652-4388-B13C-65AE449D104E}.PS2-Viewer Xbox.ActiveCfg = PS2-Viewer|Xbox
		{DB7E85B4-0652-4388-B13C-65AE449D104E}.PS2-Viewer Xbox.Build.0 = PS2-Viewer|Xbox
		{DB7E85B4-0652-4388-B13C-65AE449D104E}.QA.ActiveCfg = QA|Win32
		{DB7E85B4-0652-4388-B13C-65AE449D104E}.QA.Build.0 = QA|Win32
		{DB7E85B4-0652-4388-B13C-65AE449D104E}.QA Win32.ActiveCfg = QA|Win32
		{DB7E85B4-0652-4388-B13C-65AE449D104E}.QA Win32.Build.0 = QA|Win32
		{DB7E85B4-0652-4388-B13C-65AE449D104E}.QA Xbox.ActiveCfg = QA|Xbox
		{DB7E85B4-0652-4388-B13C-65AE449D104E}.QA Xbox.Build.0 = QA|Xbox
		{DB7E85B4-0652-4388-B13C-65AE449D104E}.Release.ActiveCfg = Retail|Xbox
		{DB7E85B4-0652-4388-B13C-65AE449D104E}.Release.Build.0 = Retail|Xbox
		{DB7E85B4-0652-4388-B13C-65AE449D104E}.Retail.ActiveCfg = Retail|Win32
		{DB7E85B4-0652-4388-B13C-65AE449D104E}.Retail.Build.0 = Retail|Win32
		{DB7E85B4-0652-4388-B13C-65AE449D104E}.Retail Win32.ActiveCfg = Retail|Win32
		{DB7E85B4-0652-4388-B13C-65AE449D104E}.Retail Win32.Build.0 = Retail|Win32
		{DB7E85B4-0652-4388-B13C-65AE449D104E}.Retail Xbox.ActiveCfg = Retail|Xbox
		{DB7E85B4-0652-4388-B13C-65AE449D104E}.Retail Xbox.Build.0 = Retail|Xbox
		{7B3440E7-4B4E-4400-9CC7-03A109DEB88D}.Debug.ActiveCfg = Debug|Win32
		{7B3440E7-4B4E-4400-9CC7-03A109DEB88D}.Debug.Build.0 = Debug|Win32
		{7B3440E7-4B4E-4400-9CC7-03A109DEB88D}.Debug Win32.ActiveCfg = Debug|Win32
		{7B3440E7-4B4E-4400-9CC7-03A109DEB88D}.Debug Win32.Build.0 = Debug|Win32
		{7B3440E7-4B4E-4400-9CC7-03A109DEB88D}.Debug Xbox.ActiveCfg = Debug|Win32
		{7B3440E7-4B4E-4400-9CC7-03A109DEB88D}.Debug Xbox.Build.0 = Debug|Win32
		{7B3440E7-4B4E-4400-9CC7-03A109DEB88D}.EDITOR-Debug Win32.ActiveCfg = Debug|Win32
		{7B3440E7-4B4E-4400-9CC7-03A109DEB88D}.EDITOR-Debug Win32.Build.0 = Debug|Win32
		{7B3440E7-4B4E-4400-9CC7-03A109DEB88D}.EDITOR-Debug Xbox.ActiveCfg = Debug|Win32
		{7B3440E7-4B4E-4400-9CC7-03A109DEB88D}.EDITOR-Debug Xbox.Build.0 = Debug|Win32
		{7B3440E7-4B4E-4400-9CC7-03A109DEB88D}.EDITOR-OptDebug Win32.ActiveCfg = OptDebug|Win32
		{7B3440E7-4B4E-4400-9CC7-03A109DEB88D}.EDITOR-OptDebug Win32.Build.0 = OptDebug|Win32
		{7B3440E7-4B4E-4400-9CC7-03A109DEB88D}.EDITOR-OptDebug Xbox.ActiveCfg = OptDebug|Win32
		{7B3440E7-4B4E-4400-9CC7-03A109DEB88D}.EDITOR-OptDebug Xbox.Build.0 = OptDebug|Win32
		{7B3440E7-4B4E-4400-9CC7-03A109DEB88D}.EDITOR-Retail Win32.ActiveCfg = Retail|Win32
		{7B3440E7-4B4E-4400-9CC7-03A109DEB88D}.EDITOR-Retail Win32.Build.0 = Retail|Win32
		{7B3440E7-4B4E-4400-9CC7-03A109DEB88D}.EDITOR-Retail Xbox.ActiveCfg = Retail|Win32
		{7B3440E7-4B4E-4400-9CC7-03A109DEB88D}.EDITOR-Retail Xbox.Build.0 = Retail|Win32
		{7B3440E7-4B4E-4400-9CC7-03A109DEB88D}.OptDebug.ActiveCfg = OptDebug|Win32
		{7B3440E7-4B4E-4400-9CC7-03A109DEB88D}.OptDebug.Build.0 = OptDebug|Win32
		{7B3440E7-4B4E-4400-9CC7-03A109DEB88D}.OptDebug Win32.ActiveCfg = OptDebug|Win32
		{7B3440E7-4B4E-4400-9CC7-03A109DEB88D}.OptDebug Win32.Build.0 = OptDebug|Win32
		{7B3440E7-4B4E-4400-9CC7-03A109DEB88D}.OptDebug Xbox.ActiveCfg = OptDebug|Win32
		{7B3440E7-4B4E-4400-9CC7-03A109DEB88D}.OptDebug Xbox.Build.0 = OptDebug|Win32
		{7B3440E7-4B4E-4400-9CC7-03A109DEB88D}.PS2-Debug Win32.ActiveCfg = Debug|Win32
		{7B3440E7-4B4E-4400-9CC7-03A109DEB88D}.PS2-Debug Win32.Build.0 = Debug|Win32
		{7B3440E7-4B4E-4400-9CC7-03A109DEB88D}.PS2-Debug Xbox.ActiveCfg = Debug|Win32
		{7B3440E7-4B4E-4400-9CC7-03A109DEB88D}.PS2-Debug Xbox.Build.0 = Debug|Win32
		{7B3440E7-4B4E-4400-9CC7-03A109DEB88D}.PS2-OptDebug Win32.ActiveCfg = OptDebug|Win32
		{7B3440E7-4B4E-4400-9CC7-03A109DEB88D}.PS2-OptDebug Win32.Build.0 = OptDebug|Win32
		{7B3440E7-4B4E-4400-9CC7-03A109DEB88D}.PS2-OptDebug Xbox.ActiveCfg = OptDebug|Win32
		{7B3440E7-4B4E-4400-9CC7-03A109DEB88D}.PS2-OptDebug Xbox.Build.0 = OptDebug|Win32
		{7B3440E7-4B4E-4400-9CC7-03A109DEB88D}.PS2-Profile Win32.ActiveCfg = Retail|Win32
		{7B3440E7-4B4E-4400-9CC7-03A109DEB88D}.PS2-Profile Win32.Build.0 = Retail|Win32
		{7B3440E7-4B4E-4400-9CC7-03A109DEB88D}.PS2-Profile Xbox.ActiveCfg = Retail|Win32
		{7B3440E7-4B4E-4400-9CC7-03A109DEB88D}.PS2-Profile Xbox.Build.0 = Retail|Win32
		{7B3440E7-4B4E-4400-9CC7-03A109DEB88D}.PS2-QA Win32.ActiveCfg = QA|Win32
		{7B3440E7-4B4E-4400-9CC7-03A109DEB88D}.PS2-QA Win32.Build.0 = QA|Win32
		{7B3440E7-4B4E-4400-9CC7-03A109DEB88D}.PS2-QA Xbox.ActiveCfg = QA|Win32
		{7B3440E7-4B4E-4400-9CC7-03A109DEB88D}.PS2-QA Xbox.Build.0 = QA|Win32
		{7B3440E7-4B4E-4400-9CC7-03A109DEB88D}.PS2-Retail Win32.ActiveCfg = Retail|Win32
		{7B3440E7-4B4E-4400-9CC7-03A109DEB88D}.PS2-Retail Win32.Build.0 = Retail|Win32
		{7B3440E7-4B4E-4400-9CC7-03A109DEB88D}.PS2-Retail Xbox.ActiveCfg = Retail|Win32
		{7B3440E7-4B4E-4400-9CC7-03A109DEB88D}.PS2-Retail Xbox.Build.0 = Retail|Win32
		{7B3440E7-4B4E-4400-9CC7-03A109DEB88D}.PS2-Viewer Win32.ActiveCfg = Retail|Win32
		{7B3440E7-4B4E-4400-9CC7-03A109DEB88D}.PS2-Viewer Win32.Build.0 = Retail|Win32
		{7B3440E7-4B4E-4400-9CC7-03A109DEB88D}.PS2-Viewer Xbox.ActiveCfg = Retail|Win32
		{7B3440E7-4B4E-4400-9CC7-03A109DEB88D}.PS2-Viewer Xbox.Build.0 = Retail|Win32
		{7B3440E7-4B4E-4400-9CC7-03A109DEB88D}.QA.ActiveCfg = QA|Win32
		{7B3440E7-4B4E-4400-9CC7-03A109DEB88D}.QA.Build.0 = QA|Win32
		{7B3440E7-4B4E-4400-9CC7-03A109DEB88D}.QA Win32.ActiveCfg = QA|Win32
		{7B3440E7-4B4E-4400-9CC7-03A109DEB88D}.QA Win32.Build.0 = QA|Win32
		{7B3440E7-4B4E-4400-9CC7-03A109DEB88D}.QA Xbox.ActiveCfg = QA|Win32
		{7B3440E7-4B4E-4400-9CC7-03A109DEB88D}.QA Xbox.Build.0 = QA|Win32
		{7B3440E7-4B4E-4400-9CC7-03A109DEB88D}.Release.ActiveCfg = Retail|Win32
		{7B3440E7-4B4E-4400-9CC7-03A109DEB88D}.Release.Build.0 = Retail|Win32
		{7B3440E7-4B4E-4400-9CC7-03A109DEB88D}.Retail.ActiveCfg = Retail|Win32
		{7B3440E7-4B4E-4400-9CC7-03A109DEB88D}.Retail.Build.0 = Retail|Win32
		{7B3440E7-4B4E-4400-9CC7-03A109DEB88D}.Retail Win32.ActiveCfg = Retail|Win32
		{7B3440E7-4B4E-4400-9CC7-03A109DEB88D}.Retail Win32.Build.0 = Retail|Win32
		{7B3440E7-4B4E-4400-9CC7-03A109DEB88D}.Retail Xbox.ActiveCfg = Retail|Win32
		{7B3440E7-4B4E-4400-9CC7-03A109DEB88D}.Retail Xbox.Build.0 = Retail|Win32
		{DD8AB240-8FA8-4E65-83EF-CB73E24E505E}.Debug.ActiveCfg = Debug|Win32
		{DD8AB240-8FA8-4E65-83EF-CB73E24E505E}.Debug.Build.0 = Debug|Win32
		{DD8AB240-8FA8-4E65-83EF-CB73E24E505E}.Debug Win32.ActiveCfg = Debug|Win32
		{DD8AB240-8FA8-4E65-83EF-CB73E24E505E}.Debug Win32.Build.0 = Debug|Win32
		{DD8AB240-8FA8-4E65-83EF-CB73E24E505E}.Debug Xbox.ActiveCfg = Debug|Xbox
		{DD8AB240-8FA8-4E65-83EF-CB73E24E505E}.Debug Xbox.Build.0 = Debug|Xbox
		{DD8AB240-8FA8-4E65-83EF-CB73E24E505E}.EDITOR-Debug Win32.ActiveCfg = EDITOR-Debug|Win32
		{DD8AB240-8FA8-4E65-83EF-CB73E24E505E}.EDITOR-Debug Win32.Build.0 = EDITOR-Debug|Win32
		{DD8AB240-8FA8-4E65-83EF-CB73E24E505E}.EDITOR-Debug Xbox.ActiveCfg = EDITOR-Debug|Xbox
		{DD8AB240-8FA8-4E65-83EF-CB73E24E505E}.EDITOR-Debug Xbox.Build.0 = EDITOR-Debug|Xbox
		{DD8AB240-8FA8-4E65-83EF-CB73E24E505E}.EDITOR-OptDebug Win32.ActiveCfg = EDITOR-OptDebug|Win32
		{DD8AB240-8FA8-4E65-83EF-CB73E24E505E}.EDITOR-OptDebug Win32.Build.0 = EDITOR-OptDebug|Win32
		{DD8AB240-8FA8-4E65-83EF-CB73E24E505E}.EDITOR-OptDebug Xbox.ActiveCfg = EDITOR-OptDebug|Xbox
		{DD8AB240-8FA8-4E65-83EF-CB73E24E505E}.EDITOR-OptDebug Xbox.Build.0 = EDITOR-OptDebug|Xbox
		{DD8AB240-8FA8-4E65-83EF-CB73E24E505E}.EDITOR-Retail Win32.ActiveCfg = EDITOR-Retail|Win32
		{DD8AB240-8FA8-4E65-83EF-CB73E24E505E}.EDITOR-Retail Win32.Build.0 = EDITOR-Retail|Win32
		{DD8AB240-8FA8-4E65-83EF-CB73E24E505E}.EDITOR-Retail Xbox.ActiveCfg = EDITOR-Retail|Xbox
		{DD8AB240-8FA8-4E65-83EF-CB73E24E505E}.EDITOR-Retail Xbox.Build.0 = EDITOR-Retail|Xbox
		{DD8AB240-8FA8-4E65-83EF-CB73E24E505E}.OptDebug.ActiveCfg = OptDebug|Win32
		{DD8AB240-8FA8-4E65-83EF-CB73E24E505E}.OptDebug.Build.0 = OptDebug|Win32
		{DD8AB240-8FA8-4E65-83EF-CB73E24E505E}.OptDebug Win32.ActiveCfg = OptDebug|Win32
		{DD8AB240-8FA8-4E65-83EF-CB73E24E505E}.OptDebug Win32.Build.0 = OptDebug|Win32
		{DD8AB240-8FA8-4E65-83EF-CB73E24E505E}.OptDebug Xbox.ActiveCfg = OptDebug|Xbox
		{DD8AB240-8FA8-4E65-83EF-CB73E24E505E}.OptDebug Xbox.Build.0 = OptDebug|Xbox
		{DD8AB240-8FA8-4E65-83EF-CB73E24E505E}.PS2-Debug Win32.ActiveCfg = PS2-Debug|Win32
		{DD8AB240-8FA8-4E65-83EF-CB73E24E505E}.PS2-Debug Win32.Build.0 = PS2-Debug|Win32
		{DD8AB240-8FA8-4E65-83EF-CB73E24E505E}.PS2-Debug Xbox.ActiveCfg = PS2-Debug|Xbox
		{DD8AB240-8FA8-4E65-83EF-CB73E24E505E}.PS2-Debug Xbox.Build.0 = PS2-Debug|Xbox
		{DD8AB240-8FA8-4E65-83EF-CB73E24E505E}.PS2-OptDebug Win32.ActiveCfg = PS2-OptDebug|Win32
		{DD8AB240-8FA8-4E65-83EF-CB73E24E505E}.PS2-OptDebug Win32.Build.0 = PS2-OptDebug|Win32
		{DD8AB240-8FA8-4E65-83EF-CB73E24E505E}.PS2-OptDebug Xbox.ActiveCfg = PS2-OptDebug|Xbox
		{DD8AB240-8FA8-4E65-83EF-CB73E24E505E}.PS2-OptDebug Xbox.Build.0 = PS2-OptDebug|Xbox
		{DD8AB240-8FA8-4E65-83EF-CB73E24E505E}.PS2-Profile Win32.ActiveCfg = PS2-Profile|Win32
		{DD8AB240-8FA8-4E65-83EF-CB73E24E505E}.PS2-Profile Win32.Build.0 = PS2-Profile|Win32
		{DD8AB240-8FA8-4E65-83EF-CB73E24E505E}.PS2-Profile Xbox.ActiveCfg = PS2-Profile|Xbox
		{DD8AB240-8FA8-4E65-83EF-CB73E24E505E}.PS2-Profile Xbox.Build.0 = PS2-Profile|Xbox
		{DD8AB240-8FA8-4E65-83EF-CB73E24E505E}.PS2-QA Win32.ActiveCfg = PS2-QA|Win32
		{DD8AB240-8FA8-4E65-83EF-CB73E24E505E}.PS2-QA Win32.Build.0 = PS2-QA|Win32
		{DD8AB240-8FA8-4E65-83EF-CB73E24E505E}.PS2-QA Xbox.ActiveCfg = PS2-QA|Xbox
		{DD8AB240-8FA8-4E65-83EF-CB73E24E505E}.PS2-QA Xbox.Build.0 = PS2-QA|Xbox
		{DD8AB240-8FA8-4E65-83EF-CB73E24E505E}.PS2-Retail Win32.ActiveCfg = PS2-Retail|Win32
		{DD8AB240-8FA8-4E65-83EF-CB73E24E505E}.PS2-Retail Win32.Build.0 = PS2-Retail|Win32
		{DD8AB240-8FA8-4E65-83EF-CB73E24E505E}.PS2-Retail Xbox.ActiveCfg = PS2-Retail|Xbox
		{DD8AB240-8FA8-4E65-83EF-CB73E24E505E}.PS2-Retail Xbox.Build.0 = PS2-Retail|Xbox
		{DD8AB240-8FA8-4E65-83EF-CB73E24E505E}.PS2-Viewer Win32.ActiveCfg = PS2-Viewer|Win32
		{DD8AB240-8FA8-4E65-83EF-CB73E24E505E}.PS2-Viewer Win32.Build.0 = PS2-Viewer|Win32
		{DD8AB240-8FA8-4E65-83EF-CB73E24E505E}.PS2-Viewer Xbox.ActiveCfg = PS2-Viewer|Xbox
		{DD8AB240-8FA8-4E65-83EF-CB73E24E505E}.PS2-Viewer Xbox.Build.0 = PS2-Viewer|Xbox
		{DD8AB240-8FA8-4E65-83EF-CB73E24E505E}.QA.ActiveCfg = QA|Win32
		{DD8AB240-8FA8-4E65-83EF-CB73E24E505E}.QA.Build.0 = QA|Win32
		{DD8AB240-8FA8-4E65-83EF-CB73E24E505E}.QA Win32.ActiveCfg = QA|Win32
		{DD8AB240-8FA8-4E65-83EF-CB73E24E505E}.QA Win32.Build.0 = QA|Win32
		{DD8AB240-8FA8-4E65-83EF-CB73E24E505E}.QA Xbox.ActiveCfg = QA|Xbox
		{DD8AB240-8FA8-4E65-83EF-CB73E24E505E}.QA Xbox.Build.0 = QA|Xbox
		{DD8AB240-8FA8-4E65-83EF-CB73E24E505E}.Release.ActiveCfg = Retail|Xbox
		{DD8AB240-8FA8-4E65-83EF-CB73E24E505E}.Release.Build.0 = Retail|Xbox
		{DD8AB240-8FA8-4E65-83EF-CB73E24E505E}.Retail.ActiveCfg = Retail|Win32
		{DD8AB240-8FA8-4E65-83EF-CB73E24E505E}.Retail.Build.0 = Retail|Win32
		{DD8AB240-8FA8-4E65-83EF-CB73E24E505E}.Retail Win32.ActiveCfg = Retail|Win32
		{DD8AB240-8FA8-4E65-83EF-CB73E24E505E}.Retail Win32.Build.0 = Retail|Win32
		{DD8AB240-8FA8-4E65-83EF-CB73E24E505E}.Retail Xbox.ActiveCfg = Retail|Xbox
		{DD8AB240-8FA8-4E65-83EF-CB73E24E505E}.Retail Xbox.Build.0 = Retail|Xbox
	EndGlobalSection
	GlobalSection(ExtensibilityGlobals) = postSolution
	EndGlobalSection
	GlobalSection(ExtensibilityAddIns) = postSolution
	EndGlobalSection
EndGlobal
