Microsoft Visual Studio Solution File, Format Version 8.00
Project("{8BC9CEB8-8B4A-11D0-8D11-00A0C91BC942}") = "Editor", "Editor.vcproj", "{767E20A8-339C-4337-B4C7-61CD47F1C043}"
	ProjectSection(ProjectDependencies) = postProject
		{B6456700-4D59-4591-8227-2C6FD444CE4A} = {B6456700-4D59-4591-8227-2C6FD444CE4A}
		{51F65302-640B-49E6-B711-585E20B79433} = {51F65302-640B-49E6-B711-585E20B79433}
		{5917C80E-8EFA-46CF-A009-5DEB05EE8A3D} = {5917C80E-8EFA-46CF-A009-5DEB05EE8A3D}
		{E8FC6B11-3006-4E00-A9EA-B7B89E5EC142} = {E8FC6B11-3006-4E00-A9EA-B7B89E5EC142}
		{B102DF11-8DAC-4275-B4C1-EBF15DB81AAE} = {B102DF11-8DAC-4275-B4C1-EBF15DB81AAE}
		{84933013-E312-454A-A4A8-6181B14166C4} = {84933013-E312-454A-A4A8-6181B14166C4}
		{D9A7BF27-A357-48BA-AC37-A61E08EC9029} = {D9A7BF27-A357-48BA-AC37-A61E08EC9029}
		{DD8AB240-8FA8-4E65-83EF-CB73E24E505E} = {DD8AB240-8FA8-4E65-83EF-CB73E24E505E}
		{0DD5FD4D-6244-4FF2-9630-F2A0595A05E1} = {0DD5FD4D-6244-4FF2-9630-F2A0595A05E1}
		{AD2AE851-ADF4-409A-876E-ED967ED9A835} = {AD2AE851-ADF4-409A-876E-ED967ED9A835}
		{AEE5205E-BE6A-4146-A474-9E2009836539} = {AEE5205E-BE6A-4146-A474-9E2009836539}
		{9474F95E-3931-4954-B84A-EDABB13BC587} = {9474F95E-3931-4954-B84A-EDABB13BC587}
		{CA648961-227D-458F-AA34-74DB4F757000} = {CA648961-227D-458F-AA34-74DB4F757000}
		{892DAF7E-44B1-4649-BB92-DF0D94905C56} = {892DAF7E-44B1-4649-BB92-DF0D94905C56}
		{2679A684-1DCF-4930-ACB7-207D91F1C671} = {2679A684-1DCF-4930-ACB7-207D91F1C671}
		{D6BCDD99-8AEE-4874-8EDF-D55FC3A4E407} = {D6BCDD99-8AEE-4874-8EDF-D55FC3A4E407}
		{98E3D39D-CE16-43F3-BF06-7A633264A1E8} = {98E3D39D-CE16-43F3-BF06-7A633264A1E8}
		{1142A5B3-79DC-4AF3-BA11-74058E2FB601} = {1142A5B3-79DC-4AF3-BA11-74058E2FB601}
		{DB7E85B4-0652-4388-B13C-65AE449D104E} = {DB7E85B4-0652-4388-B13C-65AE449D104E}
		{432DCFB5-2279-461F-98E3-A2997804CC5C} = {432DCFB5-2279-461F-98E3-A2997804CC5C}
		{F37351C1-D999-4A45-A823-C5CA3605AD79} = {F37351C1-D999-4A45-A823-C5CA3605AD79}
		{7176B5C2-38B2-4AD3-A540-826D121FF366} = {7176B5C2-38B2-4AD3-A540-826D121FF366}
		{9237FDD6-2268-4DD0-8436-740D1C1C1A82} = {9237FDD6-2268-4DD0-8436-740D1C1C1A82}
		{36FB18DE-FA6A-4093-9BAD-8A025A7F218D} = {36FB18DE-FA6A-4093-9BAD-8A025A7F218D}
		{FD284BE4-3BAE-4406-9778-81E44E3304A9} = {FD284BE4-3BAE-4406-9778-81E44E3304A9}
		{400DF6E5-DDEF-4668-A50B-C611A4F50538} = {400DF6E5-DDEF-4668-A50B-C611A4F50538}
		{2C76F0E9-D6BF-4038-949A-92147DF4B81E} = {2C76F0E9-D6BF-4038-949A-92147DF4B81E}
		{6B9B3CFC-15F0-4017-81B9-470F629BF6DC} = {6B9B3CFC-15F0-4017-81B9-470F629BF6DC}
	EndProjectSection
EndProject
Project("{8BC9CEB8-8B4A-11D0-8D11-00A0C91BC942}") = "AudioEditor", "..\AudioEditor\AudioEditor.vcproj", "{CA648961-227D-458F-AA34-74DB4F757000}"
	ProjectSection(ProjectDependencies) = postProject
	EndProjectSection
EndProject
Project("{8BC9CEB8-8B4A-11D0-8D11-00A0C91BC942}") = "aux_Bitmap", "..\..\xCore\Auxiliary\Bitmap\aux_Bitmap.vcproj", "{DD8AB240-8FA8-4E65-83EF-CB73E24E505E}"
	ProjectSection(ProjectDependencies) = postProject
	EndProjectSection
EndProject
Project("{8BC9CEB8-8B4A-11D0-8D11-00A0C91BC942}") = "fx_RunTime", "..\..\xCore\Auxiliary\fx_RunTime\fx_RunTime.vcproj", "{AD2AE851-ADF4-409A-876E-ED967ED9A835}"
	ProjectSection(ProjectDependencies) = postProject
	EndProjectSection
EndProject
Project("{8BC9CEB8-8B4A-11D0-8D11-00A0C91BC942}") = "Entropy", "..\..\xCore\Entropy\Entropy.vcproj", "{B6456700-4D59-4591-8227-2C6FD444CE4A}"
	ProjectSection(ProjectDependencies) = postProject
	EndProjectSection
EndProject
Project("{8BC9CEB8-8B4A-11D0-8D11-00A0C91BC942}") = "x_files", "..\..\xCore\x_files\x_files.vcproj", "{51F65302-640B-49E6-B711-585E20B79433}"
	ProjectSection(ProjectDependencies) = postProject
	EndProjectSection
EndProject
Project("{8BC9CEB8-8B4A-11D0-8D11-00A0C91BC942}") = "Parsing", "..\..\xCore\Parsing\Parsing.vcproj", "{DB7E85B4-0652-4388-B13C-65AE449D104E}"
	ProjectSection(ProjectDependencies) = postProject
	EndProjectSection
EndProject
Project("{8BC9CEB8-8B4A-11D0-8D11-00A0C91BC942}") = "MeshUtil", "..\..\xCore\MeshUtil\MeshUtil.vcproj", "{36FB18DE-FA6A-4093-9BAD-8A025A7F218D}"
	ProjectSection(ProjectDependencies) = postProject
	EndProjectSection
EndProject
Project("{8BC9CEB8-8B4A-11D0-8D11-00A0C91BC942}") = "GameLib", "..\..\Support\GameLib\Gamelib.vcproj", "{9474F95E-3931-4954-B84A-EDABB13BC587}"
	ProjectSection(ProjectDependencies) = postProject
	EndProjectSection
EndProject
Project("{8BC9CEB8-8B4A-11D0-8D11-00A0C91BC942}") = "audiomgr", "..\..\Support\AudioMgr\AudioMgr.vcproj", "{84933013-E312-454A-A4A8-6181B14166C4}"
	ProjectSection(ProjectDependencies) = postProject
	EndProjectSection
EndProject
Project("{8BC9CEB8-8B4A-11D0-8D11-00A0C91BC942}") = "BinaryString", "..\BinaryString\BinaryString.vcproj", "{D9A7BF27-A357-48BA-AC37-A61E08EC9029}"
	ProjectSection(ProjectDependencies) = postProject
	EndProjectSection
EndProject
Project("{8BC9CEB8-8B4A-11D0-8D11-00A0C91BC942}") = "BitmapEditor", "..\BitmapEditor\BitmapEditor.vcproj", "{9237FDD6-2268-4DD0-8436-740D1C1C1A82}"
	ProjectSection(ProjectDependencies) = postProject
	EndProjectSection
EndProject
Project("{8BC9CEB8-8B4A-11D0-8D11-00A0C91BC942}") = "ConversationMgr", "..\..\Support\ConversationMgr\ConversationMgr.vcproj", "{2C76F0E9-D6BF-4038-949A-92147DF4B81E}"
	ProjectSection(ProjectDependencies) = postProject
	EndProjectSection
EndProject
Project("{8BC9CEB8-8B4A-11D0-8D11-00A0C91BC942}") = "DecalEditor", "..\DecalEditor\DecalEditor.vcproj", "{E8FC6B11-3006-4E00-A9EA-B7B89E5EC142}"
	ProjectSection(ProjectDependencies) = postProject
	EndProjectSection
EndProject
Project("{8BC9CEB8-8B4A-11D0-8D11-00A0C91BC942}") = "EDRscDesc", "..\EDRscDesc\EDRscDesc.vcproj", "{2679A684-1DCF-4930-ACB7-207D91F1C671}"
	ProjectSection(ProjectDependencies) = postProject
	EndProjectSection
EndProject
Project("{8BC9CEB8-8B4A-11D0-8D11-00A0C91BC942}") = "EventMgr", "..\..\Support\EventMgr\EventMgr.vcproj", "{5917C80E-8EFA-46CF-A009-5DEB05EE8A3D}"
	ProjectSection(ProjectDependencies) = postProject
	EndProjectSection
EndProject
Project("{8BC9CEB8-8B4A-11D0-8D11-00A0C91BC942}") = "FxEditor", "..\FxEditor\FxEditor.vcproj", "{892DAF7E-44B1-4649-BB92-DF0D94905C56}"
	ProjectSection(ProjectDependencies) = postProject
	EndProjectSection
EndProject
Project("{8BC9CEB8-8B4A-11D0-8D11-00A0C91BC942}") = "LocoEditor", "..\LocoEditor\LocoEditor.vcproj", "{F37351C1-D999-4A45-A823-C5CA3605AD79}"
	ProjectSection(ProjectDependencies) = postProject
	EndProjectSection
EndProject
Project("{8BC9CEB8-8B4A-11D0-8D11-00A0C91BC942}") = "MeshViewer", "..\MeshViewer\MeshViewer.vcproj", "{D6BCDD99-8AEE-4874-8EDF-D55FC3A4E407}"
	ProjectSection(ProjectDependencies) = postProject
	EndProjectSection
EndProject
Project("{8BC9CEB8-8B4A-11D0-8D11-00A0C91BC942}") = "Music_mgr", "..\..\Support\Music_mgr\Music_mgr.vcproj", "{432DCFB5-2279-461F-98E3-A2997804CC5C}"
	ProjectSection(ProjectDependencies) = postProject
	EndProjectSection
EndProject
Project("{8BC9CEB8-8B4A-11D0-8D11-00A0C91BC942}") = "PropertyEditor", "..\PropertyEditor\PropertyEditor.vcproj", "{98E3D39D-CE16-43F3-BF06-7A633264A1E8}"
	ProjectSection(ProjectDependencies) = postProject
	EndProjectSection
EndProject
Project("{8BC9CEB8-8B4A-11D0-8D11-00A0C91BC942}") = "Render", "..\..\Support\Render\Render.vcproj", "{1142A5B3-79DC-4AF3-BA11-74058E2FB601}"
	ProjectSection(ProjectDependencies) = postProject
	EndProjectSection
EndProject
Project("{8BC9CEB8-8B4A-11D0-8D11-00A0C91BC942}") = "ScriptVM", "..\..\Support\scriptvm\ScriptVM.vcproj", "{FD284BE4-3BAE-4406-9778-81E44E3304A9}"
	ProjectSection(ProjectDependencies) = postProject
	EndProjectSection
EndProject
Project("{8BC9CEB8-8B4A-11D0-8D11-00A0C91BC942}") = "StringMgr", "..\..\Support\StringMgr\StringMgr.vcproj", "{AEE5205E-BE6A-4146-A474-9E2009836539}"
	ProjectSection(ProjectDependencies) = postProject
	EndProjectSection
EndProject
Project("{8BC9CEB8-8B4A-11D0-8D11-00A0C91BC942}") = "WinControls", "..\WinControls\WinControls.vcproj", "{6B9B3CFC-15F0-4017-81B9-470F629BF6DC}"
	ProjectSection(ProjectDependencies) = postProject
	EndProjectSection
EndProject
Project("{8BC9CEB8-8B4A-11D0-8D11-00A0C91BC942}") = "WorldEditor", "..\WorldEditor\WorldEditor.vcproj", "{7176B5C2-38B2-4AD3-A540-826D121FF366}"
	ProjectSection(ProjectDependencies) = postProject
	EndProjectSection
EndProject
Project("{8BC9CEB8-8B4A-11D0-8D11-00A0C91BC942}") = "SMTP", "..\..\Support\SMTP\SMTP.vcproj", "{400DF6E5-DDEF-4668-A50B-C611A4F50538}"
	ProjectSection(ProjectDependencies) = postProject
	EndProjectSection
EndProject
Project("{8BC9CEB8-8B4A-11D0-8D11-00A0C91BC942}") = "PCRE", "..\..\xCore\Auxiliary\PCRE\PCRE.vcproj", "{0DD5FD4D-6244-4FF2-9630-F2A0595A05E1}"
	ProjectSection(ProjectDependencies) = postProject
	EndProjectSection
EndProject
Project("{8BC9CEB8-8B4A-11D0-8D11-00A0C91BC942}") = "FontEditor", "..\FontEditor\FontEditor.vcproj", "{B102DF11-8DAC-4275-B4C1-EBF15DB81AAE}"
	ProjectSection(ProjectDependencies) = postProject
	EndProjectSection
EndProject
Global
	GlobalSection(SolutionConfiguration) = preSolution
		EDITOR-Debug = EDITOR-Debug
	EndGlobalSection
	GlobalSection(ProjectConfiguration) = postSolution
		{767E20A8-339C-4337-B4C7-61CD47F1C043}.EDITOR-Debug.ActiveCfg = EDITOR-Debug|Win32
		{767E20A8-339C-4337-B4C7-61CD47F1C043}.EDITOR-Debug.Build.0 = EDITOR-Debug|Win32
		{CA648961-227D-458F-AA34-74DB4F757000}.EDITOR-Debug.ActiveCfg = EDITOR-Debug|Win32
		{CA648961-227D-458F-AA34-74DB4F757000}.EDITOR-Debug.Build.0 = EDITOR-Debug|Win32
		{DD8AB240-8FA8-4E65-83EF-CB73E24E505E}.EDITOR-Debug.ActiveCfg = EDITOR-Debug|Win32
		{DD8AB240-8FA8-4E65-83EF-CB73E24E505E}.EDITOR-Debug.Build.0 = EDITOR-Debug|Win32
		{AD2AE851-ADF4-409A-876E-ED967ED9A835}.EDITOR-Debug.ActiveCfg = EDITOR-Debug|Win32
		{AD2AE851-ADF4-409A-876E-ED967ED9A835}.EDITOR-Debug.Build.0 = EDITOR-Debug|Win32
		{B6456700-4D59-4591-8227-2C6FD444CE4A}.EDITOR-Debug.ActiveCfg = EDITOR-Debug|Win32
		{B6456700-4D59-4591-8227-2C6FD444CE4A}.EDITOR-Debug.Build.0 = EDITOR-Debug|Win32
		{51F65302-640B-49E6-B711-585E20B79433}.EDITOR-Debug.ActiveCfg = EDITOR-Debug|Win32
		{51F65302-640B-49E6-B711-585E20B79433}.EDITOR-Debug.Build.0 = EDITOR-Debug|Win32
		{DB7E85B4-0652-4388-B13C-65AE449D104E}.EDITOR-Debug.ActiveCfg = EDITOR-Debug|Win32
		{DB7E85B4-0652-4388-B13C-65AE449D104E}.EDITOR-Debug.Build.0 = EDITOR-Debug|Win32
		{36FB18DE-FA6A-4093-9BAD-8A025A7F218D}.EDITOR-Debug.ActiveCfg = EDITOR-Debug|Win32
		{36FB18DE-FA6A-4093-9BAD-8A025A7F218D}.EDITOR-Debug.Build.0 = EDITOR-Debug|Win32
		{9474F95E-3931-4954-B84A-EDABB13BC587}.EDITOR-Debug.ActiveCfg = EDITOR-Debug|Win32
		{9474F95E-3931-4954-B84A-EDABB13BC587}.EDITOR-Debug.Build.0 = EDITOR-Debug|Win32
		{84933013-E312-454A-A4A8-6181B14166C4}.EDITOR-Debug.ActiveCfg = EDITOR-Debug|Win32
		{84933013-E312-454A-A4A8-6181B14166C4}.EDITOR-Debug.Build.0 = EDITOR-Debug|Win32
		{D9A7BF27-A357-48BA-AC37-A61E08EC9029}.EDITOR-Debug.ActiveCfg = EDITOR-Debug|Win32
		{D9A7BF27-A357-48BA-AC37-A61E08EC9029}.EDITOR-Debug.Build.0 = EDITOR-Debug|Win32
		{9237FDD6-2268-4DD0-8436-740D1C1C1A82}.EDITOR-Debug.ActiveCfg = EDITOR-Debug|Win32
		{9237FDD6-2268-4DD0-8436-740D1C1C1A82}.EDITOR-Debug.Build.0 = EDITOR-Debug|Win32
		{2C76F0E9-D6BF-4038-949A-92147DF4B81E}.EDITOR-Debug.ActiveCfg = EDITOR-Debug|Win32
		{2C76F0E9-D6BF-4038-949A-92147DF4B81E}.EDITOR-Debug.Build.0 = EDITOR-Debug|Win32
		{E8FC6B11-3006-4E00-A9EA-B7B89E5EC142}.EDITOR-Debug.ActiveCfg = EDITOR-Debug|Win32
		{E8FC6B11-3006-4E00-A9EA-B7B89E5EC142}.EDITOR-Debug.Build.0 = EDITOR-Debug|Win32
		{2679A684-1DCF-4930-ACB7-207D91F1C671}.EDITOR-Debug.ActiveCfg = EDITOR-Debug|Win32
		{2679A684-1DCF-4930-ACB7-207D91F1C671}.EDITOR-Debug.Build.0 = EDITOR-Debug|Win32
		{5917C80E-8EFA-46CF-A009-5DEB05EE8A3D}.EDITOR-Debug.ActiveCfg = EDITOR-Debug|Win32
		{5917C80E-8EFA-46CF-A009-5DEB05EE8A3D}.EDITOR-Debug.Build.0 = EDITOR-Debug|Win32
		{892DAF7E-44B1-4649-BB92-DF0D94905C56}.EDITOR-Debug.ActiveCfg = EDITOR-Debug|Win32
		{892DAF7E-44B1-4649-BB92-DF0D94905C56}.EDITOR-Debug.Build.0 = EDITOR-Debug|Win32
		{F37351C1-D999-4A45-A823-C5CA3605AD79}.EDITOR-Debug.ActiveCfg = EDITOR-Debug|Win32
		{F37351C1-D999-4A45-A823-C5CA3605AD79}.EDITOR-Debug.Build.0 = EDITOR-Debug|Win32
		{D6BCDD99-8AEE-4874-8EDF-D55FC3A4E407}.EDITOR-Debug.ActiveCfg = EDITOR-Debug|Win32
		{D6BCDD99-8AEE-4874-8EDF-D55FC3A4E407}.EDITOR-Debug.Build.0 = EDITOR-Debug|Win32
		{432DCFB5-2279-461F-98E3-A2997804CC5C}.EDITOR-Debug.ActiveCfg = EDITOR-Debug|Win32
		{432DCFB5-2279-461F-98E3-A2997804CC5C}.EDITOR-Debug.Build.0 = EDITOR-Debug|Win32
		{98E3D39D-CE16-43F3-BF06-7A633264A1E8}.EDITOR-Debug.ActiveCfg = EDITOR-Debug|Win32
		{98E3D39D-CE16-43F3-BF06-7A633264A1E8}.EDITOR-Debug.Build.0 = EDITOR-Debug|Win32
		{1142A5B3-79DC-4AF3-BA11-74058E2FB601}.EDITOR-Debug.ActiveCfg = EDITOR-Debug|Win32
		{1142A5B3-79DC-4AF3-BA11-74058E2FB601}.EDITOR-Debug.Build.0 = EDITOR-Debug|Win32
		{FD284BE4-3BAE-4406-9778-81E44E3304A9}.EDITOR-Debug.ActiveCfg = EDITOR-Debug|Win32
		{FD284BE4-3BAE-4406-9778-81E44E3304A9}.EDITOR-Debug.Build.0 = EDITOR-Debug|Win32
		{AEE5205E-BE6A-4146-A474-9E2009836539}.EDITOR-Debug.ActiveCfg = EDITOR-Debug|Win32
		{AEE5205E-BE6A-4146-A474-9E2009836539}.EDITOR-Debug.Build.0 = EDITOR-Debug|Win32
		{6B9B3CFC-15F0-4017-81B9-470F629BF6DC}.EDITOR-Debug.ActiveCfg = EDITOR-Debug|Win32
		{6B9B3CFC-15F0-4017-81B9-470F629BF6DC}.EDITOR-Debug.Build.0 = EDITOR-Debug|Win32
		{7176B5C2-38B2-4AD3-A540-826D121FF366}.EDITOR-Debug.ActiveCfg = EDITOR-Debug|Win32
		{7176B5C2-38B2-4AD3-A540-826D121FF366}.EDITOR-Debug.Build.0 = EDITOR-Debug|Win32
		{400DF6E5-DDEF-4668-A50B-C611A4F50538}.EDITOR-Debug.ActiveCfg = EDITOR-Debug|Win32
		{400DF6E5-DDEF-4668-A50B-C611A4F50538}.EDITOR-Debug.Build.0 = EDITOR-Debug|Win32
		{0DD5FD4D-6244-4FF2-9630-F2A0595A05E1}.EDITOR-Debug.ActiveCfg = EDITOR-Debug|Win32
		{0DD5FD4D-6244-4FF2-9630-F2A0595A05E1}.EDITOR-Debug.Build.0 = EDITOR-Debug|Win32
		{B102DF11-8DAC-4275-B4C1-EBF15DB81AAE}.EDITOR-Debug.ActiveCfg = EDITOR-Debug|Win32
		{B102DF11-8DAC-4275-B4C1-EBF15DB81AAE}.EDITOR-Debug.Build.0 = EDITOR-Debug|Win32
	EndGlobalSection
	GlobalSection(ExtensibilityGlobals) = postSolution
	EndGlobalSection
	GlobalSection(ExtensibilityAddIns) = postSolution
	EndGlobalSection
EndGlobal
