Microsoft Visual Studio Solution File, Format Version 8.00
Project("{8BC9CEB8-8B4A-11D0-8D11-00A0C91BC942}") = "Editor", "Editor.vcproj", "{767E20A8-339C-4337-B4C7-61CD47F1C043}"
	ProjectSection(ProjectDependencies) = postProject
		{B6456700-4D59-4591-8227-2C6FD444CE4A} = {B6456700-4D59-4591-8227-2C6FD444CE4A}
		{51F65302-640B-49E6-B711-585E20B79433} = {51F65302-640B-49E6-B711-585E20B79433}
		{5917C80E-8EFA-46CF-A009-5DEB05EE8A3D} = {5917C80E-8EFA-46CF-A009-5DEB05EE8A3D}
		{E8FC6B11-3006-4E00-A9EA-B7B89E5EC142} = {E8FC6B11-3006-4E00-A9EA-B7B89E5EC142}
		{B102DF11-8DAC-4275-B4C1-EBF15DB81AAE} = {B102DF11-8DAC-4275-B4C1-EBF15DB81AAE}
		{84933013-E312-454A-A4A8-6181B14166C4} = {84933013-E312-454A-A4A8-6181B14166C4}
		{D9A7BF27-A357-48BA-AC37-A61E08EC9029} = {D9A7BF27-A357-48BA-AC37-A61E08EC9029}
		{DD8AB240-8FA8-4E65-83EF-CB73E24E505E} = {DD8AB240-8FA8-4E65-83EF-CB73E24E505E}
		{0DD5FD4D-6244-4FF2-9630-F2A0595A05E1} = {0DD5FD4D-6244-4FF2-9630-F2A0595A05E1}
		{AD2AE851-ADF4-409A-876E-ED967ED9A835} = {AD2AE851-ADF4-409A-876E-ED967ED9A835}
		{AEE5205E-BE6A-4146-A474-9E2009836539} = {AEE5205E-BE6A-4146-A474-9E2009836539}
		{9474F95E-3931-4954-B84A-EDABB13BC587} = {9474F95E-3931-4954-B84A-EDABB13BC587}
		{CA648961-227D-458F-AA34-74DB4F757000} = {CA648961-227D-458F-AA34-74DB4F757000}
		{892DAF7E-44B1-4649-BB92-DF0D94905C56} = {892DAF7E-44B1-4649-BB92-DF0D94905C56}
		{2679A684-1DCF-4930-ACB7-207D91F1C671} = {2679A684-1DCF-4930-ACB7-207D91F1C671}
		{D6BCDD99-8AEE-4874-8EDF-D55FC3A4E407} = {D6BCDD99-8AEE-4874-8EDF-D55FC3A4E407}
		{98E3D39D-CE16-43F3-BF06-7A633264A1E8} = {98E3D39D-CE16-43F3-BF06-7A633264A1E8}
		{1142A5B3-79DC-4AF3-BA11-74058E2FB601} = {1142A5B3-79DC-4AF3-BA11-74058E2FB601}
		{DB7E85B4-0652-4388-B13C-65AE449D104E} = {DB7E85B4-0652-4388-B13C-65AE449D104E}
		{432DCFB5-2279-461F-98E3-A2997804CC5C} = {432DCFB5-2279-461F-98E3-A2997804CC5C}
		{F37351C1-D999-4A45-A823-C5CA3605AD79} = {F37351C1-D999-4A45-A823-C5CA3605AD79}
		{7176B5C2-38B2-4AD3-A540-826D121FF366} = {7176B5C2-38B2-4AD3-A540-826D121FF366}
		{9237FDD6-2268-4DD0-8436-740D1C1C1A82} = {9237FDD6-2268-4DD0-8436-740D1C1C1A82}
		{36FB18DE-FA6A-4093-9BAD-8A025A7F218D} = {36FB18DE-FA6A-4093-9BAD-8A025A7F218D}
		{FD284BE4-3BAE-4406-9778-81E44E3304A9} = {FD284BE4-3BAE-4406-9778-81E44E3304A9}
		{400DF6E5-DDEF-4668-A50B-C611A4F50538} = {400DF6E5-DDEF-4668-A50B-C611A4F50538}
		{2C76F0E9-D6BF-4038-949A-92147DF4B81E} = {2C76F0E9-D6BF-4038-949A-92147DF4B81E}
		{6B9B3CFC-15F0-4017-81B9-470F629BF6DC} = {6B9B3CFC-15F0-4017-81B9-470F629BF6DC}
	EndProjectSection
EndProject
Project("{8BC9CEB8-8B4A-11D0-8D11-00A0C91BC942}") = "AudioEditor", "..\AudioEditor\AudioEditor.vcproj", "{CA648961-227D-458F-AA34-74DB4F757000}"
	ProjectSection(ProjectDependencies) = postProject
	EndProjectSection
EndProject
Project("{8BC9CEB8-8B4A-11D0-8D11-00A0C91BC942}") = "aux_Bitmap", "..\..\xCore\Auxiliary\Bitmap\aux_Bitmap.vcproj", "{DD8AB240-8FA8-4E65-83EF-CB73E24E505E}"
	ProjectSection(ProjectDependencies) = postProject
	EndProjectSection
EndProject
Project("{8BC9CEB8-8B4A-11D0-8D11-00A0C91BC942}") = "fx_RunTime", "..\..\xCore\Auxiliary\fx_RunTime\fx_RunTime.vcproj", "{AD2AE851-ADF4-409A-876E-ED967ED9A835}"
	ProjectSection(ProjectDependencies) = postProject
	EndProjectSection
EndProject
Project("{8BC9CEB8-8B4A-11D0-8D11-00A0C91BC942}") = "Entropy", "..\..\xCore\Entropy\Entropy.vcproj", "{B6456700-4D59-4591-8227-2C6FD444CE4A}"
	ProjectSection(ProjectDependencies) = postProject
	EndProjectSection
EndProject
Project("{8BC9CEB8-8B4A-11D0-8D11-00A0C91BC942}") = "x_files", "..\..\xCore\x_files\x_files.vcproj", "{51F65302-640B-49E6-B711-585E20B79433}"
	ProjectSection(ProjectDependencies) = postProject
	EndProjectSection
EndProject
Project("{8BC9CEB8-8B4A-11D0-8D11-00A0C91BC942}") = "Parsing", "..\..\xCore\Parsing\Parsing.vcproj", "{DB7E85B4-0652-4388-B13C-65AE449D104E}"
	ProjectSection(ProjectDependencies) = postProject
	EndProjectSection
EndProject
Project("{8BC9CEB8-8B4A-11D0-8D11-00A0C91BC942}") = "MeshUtil", "..\..\xCore\MeshUtil\MeshUtil.vcproj", "{36FB18DE-FA6A-4093-9BAD-8A025A7F218D}"
	ProjectSection(ProjectDependencies) = postProject
	EndProjectSection
EndProject
Project("{8BC9CEB8-8B4A-11D0-8D11-00A0C91BC942}") = "Gamelib", "..\..\Support\GameLib\Gamelib.vcproj", "{9474F95E-3931-4954-B84A-EDABB13BC587}"
	ProjectSection(ProjectDependencies) = postProject
	EndProjectSection
EndProject
Project("{8BC9CEB8-8B4A-11D0-8D11-00A0C91BC942}") = "AudioMgr", "..\..\Support\AudioMgr\AudioMgr.vcproj", "{84933013-E312-454A-A4A8-6181B14166C4}"
	ProjectSection(ProjectDependencies) = postProject
	EndProjectSection
EndProject
Project("{8BC9CEB8-8B4A-11D0-8D11-00A0C91BC942}") = "BinaryString", "..\BinaryString\BinaryString.vcproj", "{D9A7BF27-A357-48BA-AC37-A61E08EC9029}"
	ProjectSection(ProjectDependencies) = postProject
	EndProjectSection
EndProject
Project("{8BC9CEB8-8B4A-11D0-8D11-00A0C91BC942}") = "BitmapEditor", "..\BitmapEditor\BitmapEditor.vcproj", "{9237FDD6-2268-4DD0-8436-740D1C1C1A82}"
	ProjectSection(ProjectDependencies) = postProject
	EndProjectSection
EndProject
Project("{8BC9CEB8-8B4A-11D0-8D11-00A0C91BC942}") = "ConversationMgr", "..\..\Support\ConversationMgr\ConversationMgr.vcproj", "{2C76F0E9-D6BF-4038-949A-92147DF4B81E}"
	ProjectSection(ProjectDependencies) = postProject
	EndProjectSection
EndProject
Project("{8BC9CEB8-8B4A-11D0-8D11-00A0C91BC942}") = "DecalEditor", "..\DecalEditor\DecalEditor.vcproj", "{E8FC6B11-3006-4E00-A9EA-B7B89E5EC142}"
	ProjectSection(ProjectDependencies) = postProject
	EndProjectSection
EndProject
Project("{8BC9CEB8-8B4A-11D0-8D11-00A0C91BC942}") = "EDRscDesc", "..\EDRscDesc\EDRscDesc.vcproj", "{2679A684-1DCF-4930-ACB7-207D91F1C671}"
	ProjectSection(ProjectDependencies) = postProject
	EndProjectSection
EndProject
Project("{8BC9CEB8-8B4A-11D0-8D11-00A0C91BC942}") = "EventMgr", "..\..\Support\EventMgr\EventMgr.vcproj", "{5917C80E-8EFA-46CF-A009-5DEB05EE8A3D}"
	ProjectSection(ProjectDependencies) = postProject
	EndProjectSection
EndProject
Project("{8BC9CEB8-8B4A-11D0-8D11-00A0C91BC942}") = "FxEditor", "..\FxEditor\FxEditor.vcproj", "{892DAF7E-44B1-4649-BB92-DF0D94905C56}"
	ProjectSection(ProjectDependencies) = postProject
	EndProjectSection
EndProject
Project("{8BC9CEB8-8B4A-11D0-8D11-00A0C91BC942}") = "LocoEditor", "..\LocoEditor\LocoEditor.vcproj", "{F37351C1-D999-4A45-A823-C5CA3605AD79}"
	ProjectSection(ProjectDependencies) = postProject
	EndProjectSection
EndProject
Project("{8BC9CEB8-8B4A-11D0-8D11-00A0C91BC942}") = "MeshViewer", "..\MeshViewer\MeshViewer.vcproj", "{D6BCDD99-8AEE-4874-8EDF-D55FC3A4E407}"
	ProjectSection(ProjectDependencies) = postProject
	EndProjectSection
EndProject
Project("{8BC9CEB8-8B4A-11D0-8D11-00A0C91BC942}") = "Music_mgr", "..\..\Support\Music_mgr\Music_mgr.vcproj", "{432DCFB5-2279-461F-98E3-A2997804CC5C}"
	ProjectSection(ProjectDependencies) = postProject
	EndProjectSection
EndProject
Project("{8BC9CEB8-8B4A-11D0-8D11-00A0C91BC942}") = "PropertyEditor", "..\PropertyEditor\PropertyEditor.vcproj", "{98E3D39D-CE16-43F3-BF06-7A633264A1E8}"
	ProjectSection(ProjectDependencies) = postProject
	EndProjectSection
EndProject
Project("{8BC9CEB8-8B4A-11D0-8D11-00A0C91BC942}") = "Render", "..\..\Support\Render\Render.vcproj", "{1142A5B3-79DC-4AF3-BA11-74058E2FB601}"
	ProjectSection(ProjectDependencies) = postProject
	EndProjectSection
EndProject
Project("{8BC9CEB8-8B4A-11D0-8D11-00A0C91BC942}") = "ScriptVM", "..\..\Support\scriptvm\ScriptVM.vcproj", "{FD284BE4-3BAE-4406-9778-81E44E3304A9}"
	ProjectSection(ProjectDependencies) = postProject
	EndProjectSection
EndProject
Project("{8BC9CEB8-8B4A-11D0-8D11-00A0C91BC942}") = "StringMgr", "..\..\Support\StringMgr\StringMgr.vcproj", "{AEE5205E-BE6A-4146-A474-9E2009836539}"
	ProjectSection(ProjectDependencies) = postProject
	EndProjectSection
EndProject
Project("{8BC9CEB8-8B4A-11D0-8D11-00A0C91BC942}") = "WinControls", "..\WinControls\WinControls.vcproj", "{6B9B3CFC-15F0-4017-81B9-470F629BF6DC}"
	ProjectSection(ProjectDependencies) = postProject
	EndProjectSection
EndProject
Project("{8BC9CEB8-8B4A-11D0-8D11-00A0C91BC942}") = "WorldEditor", "..\WorldEditor\WorldEditor.vcproj", "{7176B5C2-38B2-4AD3-A540-826D121FF366}"
	ProjectSection(ProjectDependencies) = postProject
	EndProjectSection
EndProject
Project("{8BC9CEB8-8B4A-11D0-8D11-00A0C91BC942}") = "SMTP", "..\..\Support\SMTP\SMTP.vcproj", "{400DF6E5-DDEF-4668-A50B-C611A4F50538}"
	ProjectSection(ProjectDependencies) = postProject
	EndProjectSection
EndProject
Project("{8BC9CEB8-8B4A-11D0-8D11-00A0C91BC942}") = "PCRE", "..\..\xCore\Auxiliary\PCRE\PCRE.vcproj", "{0DD5FD4D-6244-4FF2-9630-F2A0595A05E1}"
	ProjectSection(ProjectDependencies) = postProject
	EndProjectSection
EndProject
Project("{8BC9CEB8-8B4A-11D0-8D11-00A0C91BC942}") = "FontEditor", "..\FontEditor\FontEditor.vcproj", "{B102DF11-8DAC-4275-B4C1-EBF15DB81AAE}"
	ProjectSection(ProjectDependencies) = postProject
	EndProjectSection
EndProject
Global
	GlobalSection(SourceCodeControl) = preSolution
		SccNumberOfProjects = 28
		SccProjectUniqueName0 = Editor.vcproj
		SccProjectName0 = Perforce\u0020Project
		SccLocalPath0 = ..\\..
		SccProvider0 = MSSCCI:Perforce\u0020SCM
		CanCheckoutShared = true
		SccProjectFilePathRelativizedFromConnection0 = Apps\\Editor\\
		SccProjectUniqueName1 = ..\\AudioEditor\\AudioEditor.vcproj
		SccProjectName1 = Perforce\u0020Project
		SccLocalPath1 = ..\\..
		SccProvider1 = MSSCCI:Perforce\u0020SCM
		CanCheckoutShared = true
		SccProjectFilePathRelativizedFromConnection1 = Apps\\AudioEditor\\
		SccProjectUniqueName2 = ..\\..\\xCore\\Auxiliary\\Bitmap\\aux_Bitmap.vcproj
		SccProjectName2 = Perforce\u0020Project
		SccLocalPath2 = ..\\..
		SccProvider2 = MSSCCI:Perforce\u0020SCM
		CanCheckoutShared = true
		SccProjectFilePathRelativizedFromConnection2 = xCore\\Auxiliary\\Bitmap\\
		SccProjectUniqueName3 = ..\\..\\xCore\\Auxiliary\\fx_RunTime\\fx_RunTime.vcproj
		SccProjectName3 = Perforce\u0020Project
		SccLocalPath3 = ..\\..
		SccProvider3 = MSSCCI:Perforce\u0020SCM
		CanCheckoutShared = true
		SccProjectFilePathRelativizedFromConnection3 = xCore\\Auxiliary\\fx_RunTime\\
		SccProjectUniqueName4 = ..\\..\\xCore\\Entropy\\Entropy.vcproj
		SccProjectName4 = Perforce\u0020Project
		SccLocalPath4 = ..\\..
		SccProvider4 = MSSCCI:Perforce\u0020SCM
		CanCheckoutShared = true
		SccProjectFilePathRelativizedFromConnection4 = xCore\\Entropy\\
		SccProjectUniqueName5 = ..\\..\\xCore\\x_files\\x_files.vcproj
		SccProjectName5 = Perforce\u0020Project
		SccLocalPath5 = ..\\..
		SccProvider5 = MSSCCI:Perforce\u0020SCM
		CanCheckoutShared = true
		SccProjectFilePathRelativizedFromConnection5 = xCore\\x_files\\
		SccProjectUniqueName6 = ..\\..\\xCore\\Parsing\\Parsing.vcproj
		SccProjectName6 = Perforce\u0020Project
		SccLocalPath6 = ..\\..
		SccProvider6 = MSSCCI:Perforce\u0020SCM
		CanCheckoutShared = true
		SccProjectFilePathRelativizedFromConnection6 = xCore\\Parsing\\
		SccProjectUniqueName7 = ..\\..\\xCore\\MeshUtil\\MeshUtil.vcproj
		SccProjectName7 = Perforce\u0020Project
		SccLocalPath7 = ..\\..
		SccProvider7 = MSSCCI:Perforce\u0020SCM
		CanCheckoutShared = true
		SccProjectFilePathRelativizedFromConnection7 = xCore\\MeshUtil\\
		SccProjectUniqueName8 = ..\\..\\Support\\GameLib\\Gamelib.vcproj
		SccProjectName8 = Perforce\u0020Project
		SccLocalPath8 = ..\\..
		SccProvider8 = MSSCCI:Perforce\u0020SCM
		CanCheckoutShared = true
		SccProjectFilePathRelativizedFromConnection8 = Support\\GameLib\\
		SccProjectUniqueName9 = ..\\..\\Support\\AudioMgr\\AudioMgr.vcproj
		SccProjectName9 = Perforce\u0020Project
		SccLocalPath9 = ..\\..
		SccProvider9 = MSSCCI:Perforce\u0020SCM
		CanCheckoutShared = true
		SccProjectFilePathRelativizedFromConnection9 = Support\\AudioMgr\\
		SccProjectUniqueName10 = ..\\BinaryString\\BinaryString.vcproj
		SccProjectName10 = Perforce\u0020Project
		SccLocalPath10 = ..\\..
		SccProvider10 = MSSCCI:Perforce\u0020SCM
		CanCheckoutShared = true
		SccProjectFilePathRelativizedFromConnection10 = Apps\\BinaryString\\
		SccProjectUniqueName11 = ..\\BitmapEditor\\BitmapEditor.vcproj
		SccProjectName11 = Perforce\u0020Project
		SccLocalPath11 = ..\\..
		SccProvider11 = MSSCCI:Perforce\u0020SCM
		CanCheckoutShared = true
		SccProjectFilePathRelativizedFromConnection11 = Apps\\BitmapEditor\\
		SccProjectUniqueName12 = ..\\..\\Support\\ConversationMgr\\ConversationMgr.vcproj
		SccProjectName12 = Perforce\u0020Project
		SccLocalPath12 = ..\\..
		SccProvider12 = MSSCCI:Perforce\u0020SCM
		CanCheckoutShared = true
		SccProjectFilePathRelativizedFromConnection12 = Support\\ConversationMgr\\
		SccProjectUniqueName13 = ..\\DecalEditor\\DecalEditor.vcproj
		SccProjectName13 = Perforce\u0020Project
		SccLocalPath13 = ..\\..
		SccProvider13 = MSSCCI:Perforce\u0020SCM
		CanCheckoutShared = true
		SccProjectFilePathRelativizedFromConnection13 = Apps\\DecalEditor\\
		SccProjectUniqueName14 = ..\\EDRscDesc\\EDRscDesc.vcproj
		SccProjectName14 = Perforce\u0020Project
		SccLocalPath14 = ..\\..
		SccProvider14 = MSSCCI:Perforce\u0020SCM
		CanCheckoutShared = true
		SccProjectFilePathRelativizedFromConnection14 = Apps\\EDRscDesc\\
		SccProjectUniqueName15 = ..\\..\\Support\\EventMgr\\EventMgr.vcproj
		SccProjectName15 = Perforce\u0020Project
		SccLocalPath15 = ..\\..
		SccProvider15 = MSSCCI:Perforce\u0020SCM
		CanCheckoutShared = true
		SccProjectFilePathRelativizedFromConnection15 = Support\\EventMgr\\
		SccProjectUniqueName16 = ..\\FxEditor\\FxEditor.vcproj
		SccProjectName16 = Perforce\u0020Project
		SccLocalPath16 = ..\\..
		SccProvider16 = MSSCCI:Perforce\u0020SCM
		CanCheckoutShared = true
		SccProjectFilePathRelativizedFromConnection16 = Apps\\FxEditor\\
		SccProjectUniqueName17 = ..\\LocoEditor\\LocoEditor.vcproj
		SccProjectName17 = Perforce\u0020Project
		SccLocalPath17 = ..\\..
		SccProvider17 = MSSCCI:Perforce\u0020SCM
		CanCheckoutShared = true
		SccProjectFilePathRelativizedFromConnection17 = Apps\\LocoEditor\\
		SccProjectUniqueName18 = ..\\MeshViewer\\MeshViewer.vcproj
		SccProjectName18 = Perforce\u0020Project
		SccLocalPath18 = ..\\..
		SccProvider18 = MSSCCI:Perforce\u0020SCM
		CanCheckoutShared = true
		SccProjectFilePathRelativizedFromConnection18 = Apps\\MeshViewer\\
		SccProjectUniqueName19 = ..\\..\\Support\\Music_mgr\\Music_mgr.vcproj
		SccProjectName19 = Perforce\u0020Project
		SccLocalPath19 = ..\\..
		SccProvider19 = MSSCCI:Perforce\u0020SCM
		CanCheckoutShared = true
		SccProjectFilePathRelativizedFromConnection19 = Support\\Music_mgr\\
		SccProjectUniqueName20 = ..\\PropertyEditor\\PropertyEditor.vcproj
		SccProjectName20 = Perforce\u0020Project
		SccLocalPath20 = ..\\..
		SccProvider20 = MSSCCI:Perforce\u0020SCM
		CanCheckoutShared = true
		SccProjectFilePathRelativizedFromConnection20 = Apps\\PropertyEditor\\
		SccProjectUniqueName21 = ..\\..\\Support\\Render\\Render.vcproj
		SccProjectName21 = Perforce\u0020Project
		SccLocalPath21 = ..\\..
		SccProvider21 = MSSCCI:Perforce\u0020SCM
		CanCheckoutShared = true
		SccProjectFilePathRelativizedFromConnection21 = Support\\Render\\
		SccProjectUniqueName22 = ..\\..\\Support\\scriptvm\\ScriptVM.vcproj
		SccProjectName22 = Perforce\u0020Project
		SccLocalPath22 = ..\\..
		SccProvider22 = MSSCCI:Perforce\u0020SCM
		CanCheckoutShared = true
		SccProjectFilePathRelativizedFromConnection22 = Support\\scriptvm\\
		SccProjectUniqueName23 = ..\\..\\Support\\StringMgr\\StringMgr.vcproj
		SccProjectName23 = Perforce\u0020Project
		SccLocalPath23 = ..\\..
		SccProvider23 = MSSCCI:Perforce\u0020SCM
		CanCheckoutShared = true
		SccProjectFilePathRelativizedFromConnection23 = Support\\StringMgr\\
		SccProjectUniqueName24 = ..\\WinControls\\WinControls.vcproj
		SccProjectName24 = Perforce\u0020Project
		SccLocalPath24 = ..\\..
		SccProvider24 = MSSCCI:Perforce\u0020SCM
		CanCheckoutShared = true
		SccProjectFilePathRelativizedFromConnection24 = Apps\\WinControls\\
		SccProjectUniqueName25 = ..\\WorldEditor\\WorldEditor.vcproj
		SccProjectName25 = Perforce\u0020Project
		SccLocalPath25 = ..\\..
		SccProvider25 = MSSCCI:Perforce\u0020SCM
		CanCheckoutShared = true
		SccProjectFilePathRelativizedFromConnection25 = Apps\\WorldEditor\\
		SccProjectUniqueName26 = ..\\..\\Support\\SMTP\\SMTP.vcproj
		SccProjectName26 = Perforce\u0020Project
		SccLocalPath26 = ..\\..
		SccProvider26 = MSSCCI:Perforce\u0020SCM
		CanCheckoutShared = true
		SccProjectFilePathRelativizedFromConnection26 = Support\\SMTP\\
		SccProjectUniqueName27 = ..\\FontEditor\\FontEditor.vcproj
		SccProjectName27 = Perforce\u0020Project
		SccLocalPath27 = ..\\FontEditor
		SccProvider27 = MSSCCI:Perforce\u0020SCM
		CanCheckoutShared = true
	EndGlobalSection
	GlobalSection(SolutionConfiguration) = preSolution
		Debug = Debug
		EDITOR-Debug = EDITOR-Debug
		EDITOR-OptDebug = EDITOR-OptDebug
		Release = Release
	EndGlobalSection
	GlobalSection(ProjectConfiguration) = postSolution
		{767E20A8-339C-4337-B4C7-61CD47F1C043}.Debug.ActiveCfg = EDITOR-Debug|Win32
		{767E20A8-339C-4337-B4C7-61CD47F1C043}.Debug.Build.0 = EDITOR-Debug|Win32
		{767E20A8-339C-4337-B4C7-61CD47F1C043}.EDITOR-Debug.ActiveCfg = EDITOR-Debug|Win32
		{767E20A8-339C-4337-B4C7-61CD47F1C043}.EDITOR-Debug.Build.0 = EDITOR-Debug|Win32
		{767E20A8-339C-4337-B4C7-61CD47F1C043}.EDITOR-OptDebug.ActiveCfg = EDITOR-OptDebug|Win32
		{767E20A8-339C-4337-B4C7-61CD47F1C043}.EDITOR-OptDebug.Build.0 = EDITOR-OptDebug|Win32
		{767E20A8-339C-4337-B4C7-61CD47F1C043}.Release.ActiveCfg = EDITOR-Debug|Win32
		{767E20A8-339C-4337-B4C7-61CD47F1C043}.Release.Build.0 = EDITOR-Debug|Win32
		{CA648961-227D-458F-AA34-74DB4F757000}.Debug.ActiveCfg = EDITOR-Debug|Win32
		{CA648961-227D-458F-AA34-74DB4F757000}.Debug.Build.0 = EDITOR-Debug|Win32
		{CA648961-227D-458F-AA34-74DB4F757000}.EDITOR-Debug.ActiveCfg = EDITOR-Debug|Win32
		{CA648961-227D-458F-AA34-74DB4F757000}.EDITOR-Debug.Build.0 = EDITOR-Debug|Win32
		{CA648961-227D-458F-AA34-74DB4F757000}.EDITOR-OptDebug.ActiveCfg = EDITOR-OptDebug|Win32
		{CA648961-227D-458F-AA34-74DB4F757000}.EDITOR-OptDebug.Build.0 = EDITOR-OptDebug|Win32
		{CA648961-227D-458F-AA34-74DB4F757000}.Release.ActiveCfg = EDITOR-Debug|Win32
		{CA648961-227D-458F-AA34-74DB4F757000}.Release.Build.0 = EDITOR-Debug|Win32
		{DD8AB240-8FA8-4E65-83EF-CB73E24E505E}.Debug.ActiveCfg = Debug|Win32
		{DD8AB240-8FA8-4E65-83EF-CB73E24E505E}.Debug.Build.0 = Debug|Win32
		{DD8AB240-8FA8-4E65-83EF-CB73E24E505E}.EDITOR-Debug.ActiveCfg = EDITOR-Debug|Win32
		{DD8AB240-8FA8-4E65-83EF-CB73E24E505E}.EDITOR-Debug.Build.0 = EDITOR-Debug|Win32
		{DD8AB240-8FA8-4E65-83EF-CB73E24E505E}.EDITOR-OptDebug.ActiveCfg = EDITOR-OptDebug|Win32
		{DD8AB240-8FA8-4E65-83EF-CB73E24E505E}.EDITOR-OptDebug.Build.0 = EDITOR-OptDebug|Win32
		{DD8AB240-8FA8-4E65-83EF-CB73E24E505E}.Release.ActiveCfg = Retail|Xbox
		{DD8AB240-8FA8-4E65-83EF-CB73E24E505E}.Release.Build.0 = Retail|Xbox
		{AD2AE851-ADF4-409A-876E-ED967ED9A835}.Debug.ActiveCfg = Debug|Win32
		{AD2AE851-ADF4-409A-876E-ED967ED9A835}.Debug.Build.0 = Debug|Win32
		{AD2AE851-ADF4-409A-876E-ED967ED9A835}.EDITOR-Debug.ActiveCfg = EDITOR-Debug|Win32
		{AD2AE851-ADF4-409A-876E-ED967ED9A835}.EDITOR-Debug.Build.0 = EDITOR-Debug|Win32
		{AD2AE851-ADF4-409A-876E-ED967ED9A835}.EDITOR-OptDebug.ActiveCfg = EDITOR-OptDebug|Win32
		{AD2AE851-ADF4-409A-876E-ED967ED9A835}.EDITOR-OptDebug.Build.0 = EDITOR-OptDebug|Win32
		{AD2AE851-ADF4-409A-876E-ED967ED9A835}.Release.ActiveCfg = Retail|Xbox
		{AD2AE851-ADF4-409A-876E-ED967ED9A835}.Release.Build.0 = Retail|Xbox
		{B6456700-4D59-4591-8227-2C6FD444CE4A}.Debug.ActiveCfg = Debug|Win32
		{B6456700-4D59-4591-8227-2C6FD444CE4A}.Debug.Build.0 = Debug|Win32
		{B6456700-4D59-4591-8227-2C6FD444CE4A}.EDITOR-Debug.ActiveCfg = EDITOR-Debug|Win32
		{B6456700-4D59-4591-8227-2C6FD444CE4A}.EDITOR-Debug.Build.0 = EDITOR-Debug|Win32
		{B6456700-4D59-4591-8227-2C6FD444CE4A}.EDITOR-OptDebug.ActiveCfg = EDITOR-OptDebug|Win32
		{B6456700-4D59-4591-8227-2C6FD444CE4A}.EDITOR-OptDebug.Build.0 = EDITOR-OptDebug|Win32
		{B6456700-4D59-4591-8227-2C6FD444CE4A}.Release.ActiveCfg = Retail|Xbox
		{B6456700-4D59-4591-8227-2C6FD444CE4A}.Release.Build.0 = Retail|Xbox
		{51F65302-640B-49E6-B711-585E20B79433}.Debug.ActiveCfg = Debug|Win32
		{51F65302-640B-49E6-B711-585E20B79433}.Debug.Build.0 = Debug|Win32
		{51F65302-640B-49E6-B711-585E20B79433}.EDITOR-Debug.ActiveCfg = EDITOR-Debug|Win32
		{51F65302-640B-49E6-B711-585E20B79433}.EDITOR-Debug.Build.0 = EDITOR-Debug|Win32
		{51F65302-640B-49E6-B711-585E20B79433}.EDITOR-OptDebug.ActiveCfg = EDITOR-OptDebug|Win32
		{51F65302-640B-49E6-B711-585E20B79433}.EDITOR-OptDebug.Build.0 = EDITOR-OptDebug|Win32
		{51F65302-640B-49E6-B711-585E20B79433}.Release.ActiveCfg = Retail|Xbox
		{51F65302-640B-49E6-B711-585E20B79433}.Release.Build.0 = Retail|Xbox
		{DB7E85B4-0652-4388-B13C-65AE449D104E}.Debug.ActiveCfg = Debug|Win32
		{DB7E85B4-0652-4388-B13C-65AE449D104E}.Debug.Build.0 = Debug|Win32
		{DB7E85B4-0652-4388-B13C-65AE449D104E}.EDITOR-Debug.ActiveCfg = EDITOR-Debug|Win32
		{DB7E85B4-0652-4388-B13C-65AE449D104E}.EDITOR-Debug.Build.0 = EDITOR-Debug|Win32
		{DB7E85B4-0652-4388-B13C-65AE449D104E}.EDITOR-OptDebug.ActiveCfg = EDITOR-OptDebug|Win32
		{DB7E85B4-0652-4388-B13C-65AE449D104E}.EDITOR-OptDebug.Build.0 = EDITOR-OptDebug|Win32
		{DB7E85B4-0652-4388-B13C-65AE449D104E}.Release.ActiveCfg = Retail|Xbox
		{DB7E85B4-0652-4388-B13C-65AE449D104E}.Release.Build.0 = Retail|Xbox
		{36FB18DE-FA6A-4093-9BAD-8A025A7F218D}.Debug.ActiveCfg = Debug|Win32
		{36FB18DE-FA6A-4093-9BAD-8A025A7F218D}.Debug.Build.0 = Debug|Win32
		{36FB18DE-FA6A-4093-9BAD-8A025A7F218D}.EDITOR-Debug.ActiveCfg = EDITOR-Debug|Win32
		{36FB18DE-FA6A-4093-9BAD-8A025A7F218D}.EDITOR-Debug.Build.0 = EDITOR-Debug|Win32
		{36FB18DE-FA6A-4093-9BAD-8A025A7F218D}.EDITOR-OptDebug.ActiveCfg = EDITOR-OptDebug|Win32
		{36FB18DE-FA6A-4093-9BAD-8A025A7F218D}.EDITOR-OptDebug.Build.0 = EDITOR-OptDebug|Win32
		{36FB18DE-FA6A-4093-9BAD-8A025A7F218D}.Release.ActiveCfg = Retail|Xbox
		{36FB18DE-FA6A-4093-9BAD-8A025A7F218D}.Release.Build.0 = Retail|Xbox
		{9474F95E-3931-4954-B84A-EDABB13BC587}.Debug.ActiveCfg = Debug|Win32
		{9474F95E-3931-4954-B84A-EDABB13BC587}.Debug.Build.0 = Debug|Win32
		{9474F95E-3931-4954-B84A-EDABB13BC587}.EDITOR-Debug.ActiveCfg = EDITOR-Debug|Win32
		{9474F95E-3931-4954-B84A-EDABB13BC587}.EDITOR-Debug.Build.0 = EDITOR-Debug|Win32
		{9474F95E-3931-4954-B84A-EDABB13BC587}.EDITOR-OptDebug.ActiveCfg = EDITOR-OptDebug|Win32
		{9474F95E-3931-4954-B84A-EDABB13BC587}.EDITOR-OptDebug.Build.0 = EDITOR-OptDebug|Win32
		{9474F95E-3931-4954-B84A-EDABB13BC587}.Release.ActiveCfg = Retail|Xbox
		{9474F95E-3931-4954-B84A-EDABB13BC587}.Release.Build.0 = Retail|Xbox
		{84933013-E312-454A-A4A8-6181B14166C4}.Debug.ActiveCfg = Debug|Win32
		{84933013-E312-454A-A4A8-6181B14166C4}.Debug.Build.0 = Debug|Win32
		{84933013-E312-454A-A4A8-6181B14166C4}.EDITOR-Debug.ActiveCfg = EDITOR-Debug|Win32
		{84933013-E312-454A-A4A8-6181B14166C4}.EDITOR-Debug.Build.0 = EDITOR-Debug|Win32
		{84933013-E312-454A-A4A8-6181B14166C4}.EDITOR-OptDebug.ActiveCfg = EDITOR-OptDebug|Win32
		{84933013-E312-454A-A4A8-6181B14166C4}.EDITOR-OptDebug.Build.0 = EDITOR-OptDebug|Win32
		{84933013-E312-454A-A4A8-6181B14166C4}.Release.ActiveCfg = Retail|Xbox
		{84933013-E312-454A-A4A8-6181B14166C4}.Release.Build.0 = Retail|Xbox
		{D9A7BF27-A357-48BA-AC37-A61E08EC9029}.Debug.ActiveCfg = EDITOR-Debug|Win32
		{D9A7BF27-A357-48BA-AC37-A61E08EC9029}.Debug.Build.0 = EDITOR-Debug|Win32
		{D9A7BF27-A357-48BA-AC37-A61E08EC9029}.EDITOR-Debug.ActiveCfg = EDITOR-Debug|Win32
		{D9A7BF27-A357-48BA-AC37-A61E08EC9029}.EDITOR-Debug.Build.0 = EDITOR-Debug|Win32
		{D9A7BF27-A357-48BA-AC37-A61E08EC9029}.EDITOR-OptDebug.ActiveCfg = EDITOR-OptDebug|Win32
		{D9A7BF27-A357-48BA-AC37-A61E08EC9029}.EDITOR-OptDebug.Build.0 = EDITOR-OptDebug|Win32
		{D9A7BF27-A357-48BA-AC37-A61E08EC9029}.Release.ActiveCfg = EDITOR-Debug|Win32
		{D9A7BF27-A357-48BA-AC37-A61E08EC9029}.Release.Build.0 = EDITOR-Debug|Win32
		{9237FDD6-2268-4DD0-8436-740D1C1C1A82}.Debug.ActiveCfg = EDITOR-Debug|Win32
		{9237FDD6-2268-4DD0-8436-740D1C1C1A82}.Debug.Build.0 = EDITOR-Debug|Win32
		{9237FDD6-2268-4DD0-8436-740D1C1C1A82}.EDITOR-Debug.ActiveCfg = EDITOR-Debug|Win32
		{9237FDD6-2268-4DD0-8436-740D1C1C1A82}.EDITOR-Debug.Build.0 = EDITOR-Debug|Win32
		{9237FDD6-2268-4DD0-8436-740D1C1C1A82}.EDITOR-OptDebug.ActiveCfg = EDITOR-OptDebug|Win32
		{9237FDD6-2268-4DD0-8436-740D1C1C1A82}.EDITOR-OptDebug.Build.0 = EDITOR-OptDebug|Win32
		{9237FDD6-2268-4DD0-8436-740D1C1C1A82}.Release.ActiveCfg = EDITOR-Debug|Win32
		{9237FDD6-2268-4DD0-8436-740D1C1C1A82}.Release.Build.0 = EDITOR-Debug|Win32
		{2C76F0E9-D6BF-4038-949A-92147DF4B81E}.Debug.ActiveCfg = Debug|Win32
		{2C76F0E9-D6BF-4038-949A-92147DF4B81E}.Debug.Build.0 = Debug|Win32
		{2C76F0E9-D6BF-4038-949A-92147DF4B81E}.EDITOR-Debug.ActiveCfg = EDITOR-Debug|Win32
		{2C76F0E9-D6BF-4038-949A-92147DF4B81E}.EDITOR-Debug.Build.0 = EDITOR-Debug|Win32
		{2C76F0E9-D6BF-4038-949A-92147DF4B81E}.EDITOR-OptDebug.ActiveCfg = EDITOR-OptDebug|Win32
		{2C76F0E9-D6BF-4038-949A-92147DF4B81E}.EDITOR-OptDebug.Build.0 = EDITOR-OptDebug|Win32
		{2C76F0E9-D6BF-4038-949A-92147DF4B81E}.Release.ActiveCfg = Retail|Xbox
		{2C76F0E9-D6BF-4038-949A-92147DF4B81E}.Release.Build.0 = Retail|Xbox
		{E8FC6B11-3006-4E00-A9EA-B7B89E5EC142}.Debug.ActiveCfg = EDITOR-Debug|Win32
		{E8FC6B11-3006-4E00-A9EA-B7B89E5EC142}.Debug.Build.0 = EDITOR-Debug|Win32
		{E8FC6B11-3006-4E00-A9EA-B7B89E5EC142}.EDITOR-Debug.ActiveCfg = EDITOR-Debug|Win32
		{E8FC6B11-3006-4E00-A9EA-B7B89E5EC142}.EDITOR-Debug.Build.0 = EDITOR-Debug|Win32
		{E8FC6B11-3006-4E00-A9EA-B7B89E5EC142}.EDITOR-OptDebug.ActiveCfg = EDITOR-OptDebug|Win32
		{E8FC6B11-3006-4E00-A9EA-B7B89E5EC142}.EDITOR-OptDebug.Build.0 = EDITOR-OptDebug|Win32
		{E8FC6B11-3006-4E00-A9EA-B7B89E5EC142}.Release.ActiveCfg = EDITOR-Debug|Win32
		{E8FC6B11-3006-4E00-A9EA-B7B89E5EC142}.Release.Build.0 = EDITOR-Debug|Win32
		{2679A684-1DCF-4930-ACB7-207D91F1C671}.Debug.ActiveCfg = Debug|Win32
		{2679A684-1DCF-4930-ACB7-207D91F1C671}.Debug.Build.0 = Debug|Win32
		{2679A684-1DCF-4930-ACB7-207D91F1C671}.EDITOR-Debug.ActiveCfg = EDITOR-Debug|Win32
		{2679A684-1DCF-4930-ACB7-207D91F1C671}.EDITOR-Debug.Build.0 = EDITOR-Debug|Win32
		{2679A684-1DCF-4930-ACB7-207D91F1C671}.EDITOR-OptDebug.ActiveCfg = EDITOR-OptDebug|Win32
		{2679A684-1DCF-4930-ACB7-207D91F1C671}.EDITOR-OptDebug.Build.0 = EDITOR-OptDebug|Win32
		{2679A684-1DCF-4930-ACB7-207D91F1C671}.Release.ActiveCfg = Retail|Win32
		{2679A684-1DCF-4930-ACB7-207D91F1C671}.Release.Build.0 = Retail|Win32
		{5917C80E-8EFA-46CF-A009-5DEB05EE8A3D}.Debug.ActiveCfg = Debug|Win32
		{5917C80E-8EFA-46CF-A009-5DEB05EE8A3D}.Debug.Build.0 = Debug|Win32
		{5917C80E-8EFA-46CF-A009-5DEB05EE8A3D}.EDITOR-Debug.ActiveCfg = EDITOR-Debug|Win32
		{5917C80E-8EFA-46CF-A009-5DEB05EE8A3D}.EDITOR-Debug.Build.0 = EDITOR-Debug|Win32
		{5917C80E-8EFA-46CF-A009-5DEB05EE8A3D}.EDITOR-OptDebug.ActiveCfg = EDITOR-OptDebug|Win32
		{5917C80E-8EFA-46CF-A009-5DEB05EE8A3D}.EDITOR-OptDebug.Build.0 = EDITOR-OptDebug|Win32
		{5917C80E-8EFA-46CF-A009-5DEB05EE8A3D}.Release.ActiveCfg = Retail|Xbox
		{5917C80E-8EFA-46CF-A009-5DEB05EE8A3D}.Release.Build.0 = Retail|Xbox
		{892DAF7E-44B1-4649-BB92-DF0D94905C56}.Debug.ActiveCfg = EDITOR-Debug|Win32
		{892DAF7E-44B1-4649-BB92-DF0D94905C56}.Debug.Build.0 = EDITOR-Debug|Win32
		{892DAF7E-44B1-4649-BB92-DF0D94905C56}.EDITOR-Debug.ActiveCfg = EDITOR-Debug|Win32
		{892DAF7E-44B1-4649-BB92-DF0D94905C56}.EDITOR-Debug.Build.0 = EDITOR-Debug|Win32
		{892DAF7E-44B1-4649-BB92-DF0D94905C56}.EDITOR-OptDebug.ActiveCfg = EDITOR-OptDebug|Win32
		{892DAF7E-44B1-4649-BB92-DF0D94905C56}.EDITOR-OptDebug.Build.0 = EDITOR-OptDebug|Win32
		{892DAF7E-44B1-4649-BB92-DF0D94905C56}.Release.ActiveCfg = EDITOR-Debug|Win32
		{892DAF7E-44B1-4649-BB92-DF0D94905C56}.Release.Build.0 = EDITOR-Debug|Win32
		{F37351C1-D999-4A45-A823-C5CA3605AD79}.Debug.ActiveCfg = EDITOR-Debug|Win32
		{F37351C1-D999-4A45-A823-C5CA3605AD79}.Debug.Build.0 = EDITOR-Debug|Win32
		{F37351C1-D999-4A45-A823-C5CA3605AD79}.EDITOR-Debug.ActiveCfg = EDITOR-Debug|Win32
		{F37351C1-D999-4A45-A823-C5CA3605AD79}.EDITOR-Debug.Build.0 = EDITOR-Debug|Win32
		{F37351C1-D999-4A45-A823-C5CA3605AD79}.EDITOR-OptDebug.ActiveCfg = EDITOR-OptDebug|Win32
		{F37351C1-D999-4A45-A823-C5CA3605AD79}.EDITOR-OptDebug.Build.0 = EDITOR-OptDebug|Win32
		{F37351C1-D999-4A45-A823-C5CA3605AD79}.Release.ActiveCfg = EDITOR-Debug|Win32
		{F37351C1-D999-4A45-A823-C5CA3605AD79}.Release.Build.0 = EDITOR-Debug|Win32
		{D6BCDD99-8AEE-4874-8EDF-D55FC3A4E407}.Debug.ActiveCfg = EDITOR-Debug|Win32
		{D6BCDD99-8AEE-4874-8EDF-D55FC3A4E407}.Debug.Build.0 = EDITOR-Debug|Win32
		{D6BCDD99-8AEE-4874-8EDF-D55FC3A4E407}.EDITOR-Debug.ActiveCfg = EDITOR-Debug|Win32
		{D6BCDD99-8AEE-4874-8EDF-D55FC3A4E407}.EDITOR-Debug.Build.0 = EDITOR-Debug|Win32
		{D6BCDD99-8AEE-4874-8EDF-D55FC3A4E407}.EDITOR-OptDebug.ActiveCfg = EDITOR-OptDebug|Win32
		{D6BCDD99-8AEE-4874-8EDF-D55FC3A4E407}.EDITOR-OptDebug.Build.0 = EDITOR-OptDebug|Win32
		{D6BCDD99-8AEE-4874-8EDF-D55FC3A4E407}.Release.ActiveCfg = EDITOR-Debug|Win32
		{D6BCDD99-8AEE-4874-8EDF-D55FC3A4E407}.Release.Build.0 = EDITOR-Debug|Win32
		{432DCFB5-2279-461F-98E3-A2997804CC5C}.Debug.ActiveCfg = Debug|Win32
		{432DCFB5-2279-461F-98E3-A2997804CC5C}.Debug.Build.0 = Debug|Win32
		{432DCFB5-2279-461F-98E3-A2997804CC5C}.EDITOR-Debug.ActiveCfg = EDITOR-Debug|Win32
		{432DCFB5-2279-461F-98E3-A2997804CC5C}.EDITOR-Debug.Build.0 = EDITOR-Debug|Win32
		{432DCFB5-2279-461F-98E3-A2997804CC5C}.EDITOR-OptDebug.ActiveCfg = EDITOR-OptDebug|Win32
		{432DCFB5-2279-461F-98E3-A2997804CC5C}.EDITOR-OptDebug.Build.0 = EDITOR-OptDebug|Win32
		{432DCFB5-2279-461F-98E3-A2997804CC5C}.Release.ActiveCfg = Retail|Xbox
		{432DCFB5-2279-461F-98E3-A2997804CC5C}.Release.Build.0 = Retail|Xbox
		{98E3D39D-CE16-43F3-BF06-7A633264A1E8}.Debug.ActiveCfg = EDITOR-Debug|Win32
		{98E3D39D-CE16-43F3-BF06-7A633264A1E8}.Debug.Build.0 = EDITOR-Debug|Win32
		{98E3D39D-CE16-43F3-BF06-7A633264A1E8}.EDITOR-Debug.ActiveCfg = EDITOR-Debug|Win32
		{98E3D39D-CE16-43F3-BF06-7A633264A1E8}.EDITOR-Debug.Build.0 = EDITOR-Debug|Win32
		{98E3D39D-CE16-43F3-BF06-7A633264A1E8}.EDITOR-OptDebug.ActiveCfg = EDITOR-OptDebug|Win32
		{98E3D39D-CE16-43F3-BF06-7A633264A1E8}.EDITOR-OptDebug.Build.0 = EDITOR-OptDebug|Win32
		{98E3D39D-CE16-43F3-BF06-7A633264A1E8}.Release.ActiveCfg = EDITOR-Debug|Win32
		{98E3D39D-CE16-43F3-BF06-7A633264A1E8}.Release.Build.0 = EDITOR-Debug|Win32
		{1142A5B3-79DC-4AF3-BA11-74058E2FB601}.Debug.ActiveCfg = Debug|Win32
		{1142A5B3-79DC-4AF3-BA11-74058E2FB601}.Debug.Build.0 = Debug|Win32
		{1142A5B3-79DC-4AF3-BA11-74058E2FB601}.EDITOR-Debug.ActiveCfg = EDITOR-Debug|Win32
		{1142A5B3-79DC-4AF3-BA11-74058E2FB601}.EDITOR-Debug.Build.0 = EDITOR-Debug|Win32
		{1142A5B3-79DC-4AF3-BA11-74058E2FB601}.EDITOR-OptDebug.ActiveCfg = EDITOR-OptDebug|Win32
		{1142A5B3-79DC-4AF3-BA11-74058E2FB601}.EDITOR-OptDebug.Build.0 = EDITOR-OptDebug|Win32
		{1142A5B3-79DC-4AF3-BA11-74058E2FB601}.Release.ActiveCfg = Retail|Xbox
		{1142A5B3-79DC-4AF3-BA11-74058E2FB601}.Release.Build.0 = Retail|Xbox
		{FD284BE4-3BAE-4406-9778-81E44E3304A9}.Debug.ActiveCfg = EDITOR-Debug|Win32
		{FD284BE4-3BAE-4406-9778-81E44E3304A9}.Debug.Build.0 = EDITOR-Debug|Win32
		{FD284BE4-3BAE-4406-9778-81E44E3304A9}.EDITOR-Debug.ActiveCfg = EDITOR-Debug|Win32
		{FD284BE4-3BAE-4406-9778-81E44E3304A9}.EDITOR-Debug.Build.0 = EDITOR-Debug|Win32
		{FD284BE4-3BAE-4406-9778-81E44E3304A9}.EDITOR-OptDebug.ActiveCfg = EDITOR-OptDebug|Win32
		{FD284BE4-3BAE-4406-9778-81E44E3304A9}.EDITOR-OptDebug.Build.0 = EDITOR-OptDebug|Win32
		{FD284BE4-3BAE-4406-9778-81E44E3304A9}.Release.ActiveCfg = EDITOR-Debug|Win32
		{FD284BE4-3BAE-4406-9778-81E44E3304A9}.Release.Build.0 = EDITOR-Debug|Win32
		{AEE5205E-BE6A-4146-A474-9E2009836539}.Debug.ActiveCfg = Debug|Win32
		{AEE5205E-BE6A-4146-A474-9E2009836539}.Debug.Build.0 = Debug|Win32
		{AEE5205E-BE6A-4146-A474-9E2009836539}.EDITOR-Debug.ActiveCfg = EDITOR-Debug|Win32
		{AEE5205E-BE6A-4146-A474-9E2009836539}.EDITOR-Debug.Build.0 = EDITOR-Debug|Win32
		{AEE5205E-BE6A-4146-A474-9E2009836539}.EDITOR-OptDebug.ActiveCfg = EDITOR-OptDebug|Win32
		{AEE5205E-BE6A-4146-A474-9E2009836539}.EDITOR-OptDebug.Build.0 = EDITOR-OptDebug|Win32
		{AEE5205E-BE6A-4146-A474-9E2009836539}.Release.ActiveCfg = Retail|Xbox
		{AEE5205E-BE6A-4146-A474-9E2009836539}.Release.Build.0 = Retail|Xbox
		{6B9B3CFC-15F0-4017-81B9-470F629BF6DC}.Debug.ActiveCfg = EDITOR-Debug|Win32
		{6B9B3CFC-15F0-4017-81B9-470F629BF6DC}.Debug.Build.0 = EDITOR-Debug|Win32
		{6B9B3CFC-15F0-4017-81B9-470F629BF6DC}.EDITOR-Debug.ActiveCfg = EDITOR-Debug|Win32
		{6B9B3CFC-15F0-4017-81B9-470F629BF6DC}.EDITOR-Debug.Build.0 = EDITOR-Debug|Win32
		{6B9B3CFC-15F0-4017-81B9-470F629BF6DC}.EDITOR-OptDebug.ActiveCfg = EDITOR-OptDebug|Win32
		{6B9B3CFC-15F0-4017-81B9-470F629BF6DC}.EDITOR-OptDebug.Build.0 = EDITOR-OptDebug|Win32
		{6B9B3CFC-15F0-4017-81B9-470F629BF6DC}.Release.ActiveCfg = EDITOR-Debug|Win32
		{6B9B3CFC-15F0-4017-81B9-470F629BF6DC}.Release.Build.0 = EDITOR-Debug|Win32
		{7176B5C2-38B2-4AD3-A540-826D121FF366}.Debug.ActiveCfg = EDITOR-Debug|Win32
		{7176B5C2-38B2-4AD3-A540-826D121FF366}.Debug.Build.0 = EDITOR-Debug|Win32
		{7176B5C2-38B2-4AD3-A540-826D121FF366}.EDITOR-Debug.ActiveCfg = EDITOR-Debug|Win32
		{7176B5C2-38B2-4AD3-A540-826D121FF366}.EDITOR-Debug.Build.0 = EDITOR-Debug|Win32
		{7176B5C2-38B2-4AD3-A540-826D121FF366}.EDITOR-OptDebug.ActiveCfg = EDITOR-OptDebug|Win32
		{7176B5C2-38B2-4AD3-A540-826D121FF366}.EDITOR-OptDebug.Build.0 = EDITOR-OptDebug|Win32
		{7176B5C2-38B2-4AD3-A540-826D121FF366}.Release.ActiveCfg = EDITOR-Debug|Win32
		{7176B5C2-38B2-4AD3-A540-826D121FF366}.Release.Build.0 = EDITOR-Debug|Win32
		{400DF6E5-DDEF-4668-A50B-C611A4F50538}.Debug.ActiveCfg = EDITOR-OptDebug|Win32
		{400DF6E5-DDEF-4668-A50B-C611A4F50538}.Debug.Build.0 = EDITOR-OptDebug|Win32
		{400DF6E5-DDEF-4668-A50B-C611A4F50538}.EDITOR-Debug.ActiveCfg = EDITOR-Debug|Win32
		{400DF6E5-DDEF-4668-A50B-C611A4F50538}.EDITOR-Debug.Build.0 = EDITOR-Debug|Win32
		{400DF6E5-DDEF-4668-A50B-C611A4F50538}.EDITOR-OptDebug.ActiveCfg = EDITOR-OptDebug|Win32
		{400DF6E5-DDEF-4668-A50B-C611A4F50538}.EDITOR-OptDebug.Build.0 = EDITOR-OptDebug|Win32
		{400DF6E5-DDEF-4668-A50B-C611A4F50538}.Release.ActiveCfg = EDITOR-OptDebug|Win32
		{400DF6E5-DDEF-4668-A50B-C611A4F50538}.Release.Build.0 = EDITOR-OptDebug|Win32
		{0DD5FD4D-6244-4FF2-9630-F2A0595A05E1}.Debug.ActiveCfg = Debug|Win32
		{0DD5FD4D-6244-4FF2-9630-F2A0595A05E1}.Debug.Build.0 = Debug|Win32
		{0DD5FD4D-6244-4FF2-9630-F2A0595A05E1}.EDITOR-Debug.ActiveCfg = Debug|Win32
		{0DD5FD4D-6244-4FF2-9630-F2A0595A05E1}.EDITOR-Debug.Build.0 = Debug|Win32
		{0DD5FD4D-6244-4FF2-9630-F2A0595A05E1}.EDITOR-OptDebug.ActiveCfg = OptDebug|Win32
		{0DD5FD4D-6244-4FF2-9630-F2A0595A05E1}.EDITOR-OptDebug.Build.0 = OptDebug|Win32
		{0DD5FD4D-6244-4FF2-9630-F2A0595A05E1}.Release.ActiveCfg = Retail|Win32
		{0DD5FD4D-6244-4FF2-9630-F2A0595A05E1}.Release.Build.0 = Retail|Win32
		{B102DF11-8DAC-4275-B4C1-EBF15DB81AAE}.Debug.ActiveCfg = Debug|Win32
		{B102DF11-8DAC-4275-B4C1-EBF15DB81AAE}.Debug.Build.0 = Debug|Win32
		{B102DF11-8DAC-4275-B4C1-EBF15DB81AAE}.EDITOR-Debug.ActiveCfg = EDITOR-Debug|Win32
		{B102DF11-8DAC-4275-B4C1-EBF15DB81AAE}.EDITOR-Debug.Build.0 = EDITOR-Debug|Win32
		{B102DF11-8DAC-4275-B4C1-EBF15DB81AAE}.EDITOR-OptDebug.ActiveCfg = EDITOR-OptDebug|Win32
		{B102DF11-8DAC-4275-B4C1-EBF15DB81AAE}.EDITOR-OptDebug.Build.0 = EDITOR-OptDebug|Win32
		{B102DF11-8DAC-4275-B4C1-EBF15DB81AAE}.Release.ActiveCfg = Release|Win32
		{B102DF11-8DAC-4275-B4C1-EBF15DB81AAE}.Release.Build.0 = Release|Win32
	EndGlobalSection
	GlobalSection(ExtensibilityGlobals) = postSolution
	EndGlobalSection
	GlobalSection(ExtensibilityAddIns) = postSolution
	EndGlobalSection
EndGlobal
