Microsoft Visual Studio Solution File, Format Version 8.00
Project("{8BC9CEB8-8B4A-11D0-8D11-00A0C91BC942}") = "Art2Code", "Art2Code.vcproj", "{F4E6FBE4-03A9-437C-92A7-6802C3D37E2B}"
	ProjectSection(ProjectDependencies) = postProject
		{51F65302-640B-49E6-B711-585E20B79433} = {51F65302-640B-49E6-B711-585E20B79433}
		{DD8AB240-8FA8-4E65-83EF-CB73E24E505E} = {DD8AB240-8FA8-4E65-83EF-CB73E24E505E}
		{DB7E85B4-0652-4388-B13C-65AE449D104E} = {DB7E85B4-0652-4388-B13C-65AE449D104E}
		{36FB18DE-FA6A-4093-9BAD-8A025A7F218D} = {36FB18DE-FA6A-4093-9BAD-8A025A7F218D}
		{7B3440E7-4B4E-4400-9CC7-03A109DEB88D} = {7B3440E7-4B4E-4400-9CC7-03A109DEB88D}
	EndProjectSection
EndProject
Project("{8BC9CEB8-8B4A-11D0-8D11-00A0C91BC942}") = "aux_Bitmap", "..\..\xCore\Auxiliary\Bitmap\aux_Bitmap.vcproj", "{DD8AB240-8FA8-4E65-83EF-CB73E24E505E}"
	ProjectSection(ProjectDependencies) = postProject
	EndProjectSection
EndProject
Project("{8BC9CEB8-8B4A-11D0-8D11-00A0C91BC942}") = "CommandLine", "..\..\xCore\Auxiliary\CommandLine\CommandLine.vcproj", "{7B3440E7-4B4E-4400-9CC7-03A109DEB88D}"
	ProjectSection(ProjectDependencies) = postProject
	EndProjectSection
EndProject
Project("{8BC9CEB8-8B4A-11D0-8D11-00A0C91BC942}") = "MeshUtil", "..\..\xCore\MeshUtil\MeshUtil.vcproj", "{36FB18DE-FA6A-4093-9BAD-8A025A7F218D}"
	ProjectSection(ProjectDependencies) = postProject
	EndProjectSection
EndProject
Project("{8BC9CEB8-8B4A-11D0-8D11-00A0C91BC942}") = "Parsing", "..\..\xCore\Parsing\Parsing.vcproj", "{DB7E85B4-0652-4388-B13C-65AE449D104E}"
	ProjectSection(ProjectDependencies) = postProject
	EndProjectSection
EndProject
Project("{8BC9CEB8-8B4A-11D0-8D11-00A0C91BC942}") = "x_files", "..\..\xCore\x_files\x_files.vcproj", "{51F65302-640B-49E6-B711-585E20B79433}"
	ProjectSection(ProjectDependencies) = postProject
	EndProjectSection
EndProject
Global
	GlobalSection(SolutionConfiguration) = preSolution
		Debug Win32 = Debug Win32
		Release Win32 = Release Win32
	EndGlobalSection
	GlobalSection(ProjectConfiguration) = postSolution
		{F4E6FBE4-03A9-437C-92A7-6802C3D37E2B}.Debug Win32.ActiveCfg = Debug|Win32
		{F4E6FBE4-03A9-437C-92A7-6802C3D37E2B}.Debug Win32.Build.0 = Debug|Win32
		{F4E6FBE4-03A9-437C-92A7-6802C3D37E2B}.Release Win32.ActiveCfg = Release|Win32
		{F4E6FBE4-03A9-437C-92A7-6802C3D37E2B}.Release Win32.Build.0 = Release|Win32
		{DD8AB240-8FA8-4E65-83EF-CB73E24E505E}.Debug Win32.ActiveCfg = Debug|Win32
		{DD8AB240-8FA8-4E65-83EF-CB73E24E505E}.Debug Win32.Build.0 = Debug|Win32
		{DD8AB240-8FA8-4E65-83EF-CB73E24E505E}.Release Win32.ActiveCfg = Release|Win32
		{DD8AB240-8FA8-4E65-83EF-CB73E24E505E}.Release Win32.Build.0 = Release|Win32
		{7B3440E7-4B4E-4400-9CC7-03A109DEB88D}.Debug Win32.ActiveCfg = Debug|Win32
		{7B3440E7-4B4E-4400-9CC7-03A109DEB88D}.Debug Win32.Build.0 = Debug|Win32
		{7B3440E7-4B4E-4400-9CC7-03A109DEB88D}.Release Win32.ActiveCfg = Release|Win32
		{7B3440E7-4B4E-4400-9CC7-03A109DEB88D}.Release Win32.Build.0 = Release|Win32
		{36FB18DE-FA6A-4093-9BAD-8A025A7F218D}.Debug Win32.ActiveCfg = Debug|Win32
		{36FB18DE-FA6A-4093-9BAD-8A025A7F218D}.Debug Win32.Build.0 = Debug|Win32
		{36FB18DE-FA6A-4093-9BAD-8A025A7F218D}.Release Win32.ActiveCfg = Release|Win32
		{36FB18DE-FA6A-4093-9BAD-8A025A7F218D}.Release Win32.Build.0 = Release|Win32
		{DB7E85B4-0652-4388-B13C-65AE449D104E}.Debug Win32.ActiveCfg = Debug|Win32
		{DB7E85B4-0652-4388-B13C-65AE449D104E}.Debug Win32.Build.0 = Debug|Win32
		{DB7E85B4-0652-4388-B13C-65AE449D104E}.Release Win32.ActiveCfg = Release|Win32
		{DB7E85B4-0652-4388-B13C-65AE449D104E}.Release Win32.Build.0 = Release|Win32
		{51F65302-640B-49E6-B711-585E20B79433}.Debug Win32.ActiveCfg = Debug|Win32
		{51F65302-640B-49E6-B711-585E20B79433}.Debug Win32.Build.0 = Debug|Win32
		{51F65302-640B-49E6-B711-585E20B79433}.Release Win32.ActiveCfg = Release|Win32
		{51F65302-640B-49E6-B711-585E20B79433}.Release Win32.Build.0 = Release|Win32
	EndGlobalSection
	GlobalSection(ExtensibilityGlobals) = postSolution
	EndGlobalSection
	GlobalSection(ExtensibilityAddIns) = postSolution
	EndGlobalSection
EndGlobal
