Microsoft Visual Studio Solution File, Format Version 8.00
Project("{8BC9CEB8-8B4A-11D0-8D11-00A0C91BC942}") = "StringMgr", "StringMgr.vcproj", "{7085C1E2-423D-4D4E-BC7D-1BA4B23F37C6}"
	ProjectSection(ProjectDependencies) = postProject
	EndProjectSection
EndProject
Global
	GlobalSection(SolutionConfiguration) = preSolution
		Debug Win32 = Debug Win32
		Debug Xbox = Debug Xbox
		EDITOR-Debug Win32 = EDITOR-Debug Win32
		OptDebug Xbox = OptDebug Xbox
		QA Xbox = QA Xbox
		Release Win32 = Release Win32
		Retail Xbox = Retail Xbox
	EndGlobalSection
	GlobalSection(ProjectConfiguration) = postSolution
		{7085C1E2-423D-4D4E-BC7D-1BA4B23F37C6}.Debug Win32.ActiveCfg = Debug|Win32
		{7085C1E2-423D-4D4E-BC7D-1BA4B23F37C6}.Debug Win32.Build.0 = Debug|Win32
		{7085C1E2-423D-4D4E-BC7D-1BA4B23F37C6}.Debug Xbox.ActiveCfg = Debug|Xbox
		{7085C1E2-423D-4D4E-BC7D-1BA4B23F37C6}.Debug Xbox.Build.0 = Debug|Xbox
		{7085C1E2-423D-4D4E-BC7D-1BA4B23F37C6}.EDITOR-Debug Win32.ActiveCfg = EDITOR-Debug|Win32
		{7085C1E2-423D-4D4E-BC7D-1BA4B23F37C6}.EDITOR-Debug Win32.Build.0 = EDITOR-Debug|Win32
		{7085C1E2-423D-4D4E-BC7D-1BA4B23F37C6}.OptDebug Xbox.ActiveCfg = OptDebug|Xbox
		{7085C1E2-423D-4D4E-BC7D-1BA4B23F37C6}.OptDebug Xbox.Build.0 = OptDebug|Xbox
		{7085C1E2-423D-4D4E-BC7D-1BA4B23F37C6}.QA Xbox.ActiveCfg = QA|Xbox
		{7085C1E2-423D-4D4E-BC7D-1BA4B23F37C6}.QA Xbox.Build.0 = QA|Xbox
		{7085C1E2-423D-4D4E-BC7D-1BA4B23F37C6}.Release Win32.ActiveCfg = Release|Win32
		{7085C1E2-423D-4D4E-BC7D-1BA4B23F37C6}.Release Win32.Build.0 = Release|Win32
		{7085C1E2-423D-4D4E-BC7D-1BA4B23F37C6}.Retail Xbox.ActiveCfg = Retail|Xbox
		{7085C1E2-423D-4D4E-BC7D-1BA4B23F37C6}.Retail Xbox.Build.0 = Retail|Xbox
	EndGlobalSection
	GlobalSection(ExtensibilityGlobals) = postSolution
	EndGlobalSection
	GlobalSection(ExtensibilityAddIns) = postSolution
	EndGlobalSection
EndGlobal
