<?xml version="1.0" encoding="utf-8"?>
<Project ToolsVersion="4.0" xmlns="http://schemas.microsoft.com/developer/msbuild/2003">
  <ItemGroup>
    <Filter Include="UI">
      <UniqueIdentifier>{f172c33b-e1a1-45d3-9b94-7115077a2abc}</UniqueIdentifier>
    </Filter>
    <Filter Include="XBOX">
      <UniqueIdentifier>{4f885971-3f94-438c-abcf-d303d7cd1e7b}</UniqueIdentifier>
    </Filter>
    <Filter Include="PS2">
      <UniqueIdentifier>{7d1b3e5d-d618-475f-9b79-4672fc527694}</UniqueIdentifier>
    </Filter>
  </ItemGroup>
  <ItemGroup>
    <ClCompile Include="..\Ui\ui_bitmap.cpp">
      <Filter>UI</Filter>
    </ClCompile>
    <ClCompile Include="..\Ui\ui_blankbox.cpp">
      <Filter>UI</Filter>
    </ClCompile>
    <ClCompile Include="..\Ui\ui_button.cpp">
      <Filter>UI</Filter>
    </ClCompile>
    <ClCompile Include="..\Ui\ui_check.cpp">
      <Filter>UI</Filter>
    </ClCompile>
    <ClCompile Include="..\Ui\ui_combo.cpp">
      <Filter>UI</Filter>
    </ClCompile>
    <ClCompile Include="..\Ui\ui_control.cpp">
      <Filter>UI</Filter>
    </ClCompile>
    <ClCompile Include="..\Ui\ui_dialog.cpp">
      <Filter>UI</Filter>
    </ClCompile>
    <ClCompile Include="..\Ui\ui_dlg_list.cpp">
      <Filter>UI</Filter>
    </ClCompile>
    <ClCompile Include="..\Ui\ui_dlg_vkeyboard.cpp">
      <Filter>UI</Filter>
    </ClCompile>
    <ClCompile Include="..\Ui\ui_edit.cpp">
      <Filter>UI</Filter>
    </ClCompile>
    <ClCompile Include="..\Ui\ui_font.cpp">
      <Filter>UI</Filter>
    </ClCompile>
    <ClCompile Include="..\Ui\ui_frame.cpp">
      <Filter>UI</Filter>
    </ClCompile>
    <ClCompile Include="..\Ui\ui_friendlist.cpp">
      <Filter>UI</Filter>
    </ClCompile>
    <ClCompile Include="..\Ui\ui_joinlist.cpp">
      <Filter>UI</Filter>
    </ClCompile>
    <ClCompile Include="..\Ui\ui_listbox.cpp">
      <Filter>UI</Filter>
    </ClCompile>
    <ClCompile Include="..\Ui\ui_manager.cpp">
      <Filter>UI</Filter>
    </ClCompile>
    <ClCompile Include="..\Ui\ui_maplist.cpp">
      <Filter>UI</Filter>
    </ClCompile>
    <ClCompile Include="..\Ui\ui_playerlist.cpp">
      <Filter>UI</Filter>
    </ClCompile>
    <ClCompile Include="..\Ui\ui_radio.cpp">
      <Filter>UI</Filter>
    </ClCompile>
    <ClCompile Include="..\Ui\ui_slider.cpp">
      <Filter>UI</Filter>
    </ClCompile>
    <ClCompile Include="..\Ui\ui_tabbed_dialog.cpp">
      <Filter>UI</Filter>
    </ClCompile>
    <ClCompile Include="..\Ui\ui_text.cpp">
      <Filter>UI</Filter>
    </ClCompile>
    <ClCompile Include="..\Ui\ui_textbox.cpp">
      <Filter>UI</Filter>
    </ClCompile>
    <ClCompile Include="..\Ui\ui_win.cpp">
      <Filter>UI</Filter>
    </ClCompile>
    <ClCompile Include="Xbox\dlg_MemcardSelectXBOX.cpp">
      <Filter>XBOX</Filter>
    </ClCompile>
    <ClCompile Include="Xbox\dlg_MultiPlayerXBOX.cpp">
      <Filter>XBOX</Filter>
    </ClCompile>
    <ClCompile Include="Xbox\dlg_OnlineConnectXBOX.cpp">
      <Filter>XBOX</Filter>
    </ClCompile>
    <ClCompile Include="Xbox\dlg_OnlineMainXBOX.cpp">
      <Filter>XBOX</Filter>
    </ClCompile>
    <ClCompile Include="Xbox\dlg_QuickMatch.cpp">
      <Filter>XBOX</Filter>
    </ClCompile>
    <ClCompile Include="dlg_COPA.cpp">
      <Filter>PS2</Filter>
    </ClCompile>
    <ClCompile Include="dlg_MemcardSelect.cpp">
      <Filter>PS2</Filter>
    </ClCompile>
    <ClCompile Include="dlg_MultiPlayer.cpp">
      <Filter>PS2</Filter>
    </ClCompile>
    <ClCompile Include="dlg_OnlineConnect.cpp">
      <Filter>PS2</Filter>
    </ClCompile>
    <ClCompile Include="dlg_OnlineMain.cpp">
      <Filter>PS2</Filter>
    </ClCompile>
    <ClCompile Include="dlg_Autosave.cpp" />
    <ClCompile Include="dlg_AvatarSelect.cpp" />
    <ClCompile Include="dlg_AVSettings.cpp" />
    <ClCompile Include="dlg_BigLeaderboard.cpp" />
    <ClCompile Include="dlg_CampaignMenu.cpp" />
    <ClCompile Include="dlg_ChangeMap.cpp" />
    <ClCompile Include="dlg_Credits.cpp" />
    <ClCompile Include="dlg_DemoMainMenu.cpp" />
    <ClCompile Include="dlg_Download.cpp" />
    <ClCompile Include="dlg_EndPause.cpp" />
    <ClCompile Include="dlg_ESRB.cpp" />
    <ClCompile Include="dlg_Extras.cpp" />
    <ClCompile Include="dlg_Feedback.cpp" />
    <ClCompile Include="dlg_Friends.cpp" />
    <ClCompile Include="dlg_Headset.cpp" />
    <ClCompile Include="dlg_JoinFilter.cpp" />
    <ClCompile Include="dlg_KickPlayer.cpp" />
    <ClCompile Include="dlg_Leaderboard.cpp" />
    <ClCompile Include="dlg_LevelDesc.cpp" />
    <ClCompile Include="dlg_LevelSelect.cpp" />
    <ClCompile Include="dlg_LoadGame.cpp" />
    <ClCompile Include="dlg_LoreMenu.cpp" />
    <ClCompile Include="dlg_MainMenu.cpp" />
    <ClCompile Include="dlg_MCMessage.cpp" />
    <ClCompile Include="dlg_MPScore.cpp" />
    <ClCompile Include="dlg_MultiOptions.cpp" />
    <ClCompile Include="dlg_OnlineEULA.cpp" />
    <ClCompile Include="dlg_OnlineHost.cpp" />
    <ClCompile Include="dlg_OnlineHostOptions.cpp" />
    <ClCompile Include="dlg_OnlineJoin.cpp" />
    <ClCompile Include="dlg_OnlineLevelSelect.cpp" />
    <ClCompile Include="dlg_OnlineLogin.cpp" />
    <ClCompile Include="dlg_OnlinePlayers.cpp" />
    <ClCompile Include="dlg_PauseMain.cpp" />
    <ClCompile Include="dlg_PauseMP.cpp" />
    <ClCompile Include="dlg_PauseOnline.cpp" />
    <ClCompile Include="dlg_Players.cpp" />
    <ClCompile Include="dlg_PopUp.cpp" />
    <ClCompile Include="dlg_PressStart.cpp" />
    <ClCompile Include="dlg_ProfileAV.cpp" />
    <ClCompile Include="dlg_ProfileControls.cpp" />
    <ClCompile Include="dlg_ProfileHeadset.cpp" />
    <ClCompile Include="dlg_ProfileName.cpp" />
    <ClCompile Include="dlg_ProfileOptions.cpp" />
    <ClCompile Include="dlg_ProfileSelect.cpp" />
    <ClCompile Include="dlg_ReportError.cpp" />
    <ClCompile Include="dlg_ResumeGame.cpp" />
    <ClCompile Include="dlg_SecretsMenu.cpp" />
    <ClCompile Include="dlg_ServerConfig.cpp" />
    <ClCompile Include="dlg_StartGame.cpp" />
    <ClCompile Include="dlg_Stats.cpp" />
    <ClCompile Include="dlg_SubMenu.cpp" />
    <ClCompile Include="dlg_TeamChange.cpp" />
    <ClCompile Include="dlg_TeamLeaderboard.cpp" />
    <ClCompile Include="dlg_VoteKick.cpp" />
    <ClCompile Include="dlg_VoteMap.cpp" />
  </ItemGroup>
  <ItemGroup>
    <ClInclude Include="..\Ui\ui_bitmap.hpp">
      <Filter>UI</Filter>
    </ClInclude>
    <ClInclude Include="..\Ui\ui_blankbox.hpp">
      <Filter>UI</Filter>
    </ClInclude>
    <ClInclude Include="..\Ui\ui_button.hpp">
      <Filter>UI</Filter>
    </ClInclude>
    <ClInclude Include="..\Ui\ui_check.hpp">
      <Filter>UI</Filter>
    </ClInclude>
    <ClInclude Include="..\Ui\ui_combo.hpp">
      <Filter>UI</Filter>
    </ClInclude>
    <ClInclude Include="..\Ui\ui_control.hpp">
      <Filter>UI</Filter>
    </ClInclude>
    <ClInclude Include="..\Ui\ui_dialog.hpp">
      <Filter>UI</Filter>
    </ClInclude>
    <ClInclude Include="..\Ui\ui_dlg_list.hpp">
      <Filter>UI</Filter>
    </ClInclude>
    <ClInclude Include="..\Ui\ui_dlg_vkeyboard.hpp">
      <Filter>UI</Filter>
    </ClInclude>
    <ClInclude Include="..\Ui\ui_edit.hpp">
      <Filter>UI</Filter>
    </ClInclude>
    <ClInclude Include="..\Ui\ui_font.hpp">
      <Filter>UI</Filter>
    </ClInclude>
    <ClInclude Include="..\Ui\ui_frame.hpp">
      <Filter>UI</Filter>
    </ClInclude>
    <ClInclude Include="..\Ui\ui_friendlist.hpp">
      <Filter>UI</Filter>
    </ClInclude>
    <ClInclude Include="..\Ui\ui_joinlist.hpp">
      <Filter>UI</Filter>
    </ClInclude>
    <ClInclude Include="..\Ui\ui_listbox.hpp">
      <Filter>UI</Filter>
    </ClInclude>
    <ClInclude Include="..\Ui\ui_manager.hpp">
      <Filter>UI</Filter>
    </ClInclude>
    <ClInclude Include="..\Ui\ui_maplist.hpp">
      <Filter>UI</Filter>
    </ClInclude>
    <ClInclude Include="..\Ui\ui_playerlist.hpp">
      <Filter>UI</Filter>
    </ClInclude>
    <ClInclude Include="..\Ui\ui_radio.hpp">
      <Filter>UI</Filter>
    </ClInclude>
    <ClInclude Include="..\Ui\ui_slider.hpp">
      <Filter>UI</Filter>
    </ClInclude>
    <ClInclude Include="..\Ui\ui_tabbed_dialog.hpp">
      <Filter>UI</Filter>
    </ClInclude>
    <ClInclude Include="..\Ui\ui_text.hpp">
      <Filter>UI</Filter>
    </ClInclude>
    <ClInclude Include="..\Ui\ui_textbox.hpp">
      <Filter>UI</Filter>
    </ClInclude>
    <ClInclude Include="..\Ui\ui_win.hpp">
      <Filter>UI</Filter>
    </ClInclude>
    <ClInclude Include="dlg_Autosave.hpp" />
    <ClInclude Include="dlg_AvatarSelect.hpp" />
    <ClInclude Include="dlg_AVSettings.hpp" />
    <ClInclude Include="dlg_BigLeaderboard.hpp" />
    <ClInclude Include="dlg_CampaignMenu.hpp" />
    <ClInclude Include="dlg_ChangeMap.hpp" />
    <ClInclude Include="dlg_Credits.hpp" />
    <ClInclude Include="dlg_DemoMainMenu.hpp" />
    <ClInclude Include="dlg_Download.hpp" />
    <ClInclude Include="dlg_EndPause.hpp" />
    <ClInclude Include="dlg_ESRB.hpp" />
    <ClInclude Include="dlg_Extras.hpp" />
    <ClInclude Include="dlg_Feedback.hpp" />
    <ClInclude Include="dlg_Friends.hpp" />
    <ClInclude Include="dlg_Headset.hpp" />
    <ClInclude Include="dlg_JoinFilter.hpp" />
    <ClInclude Include="dlg_KickPlayer.hpp" />
    <ClInclude Include="dlg_Leaderboard.hpp" />
    <ClInclude Include="dlg_LevelDesc.hpp" />
    <ClInclude Include="dlg_LevelSelect.hpp" />
    <ClInclude Include="dlg_LoadGame.hpp" />
    <ClInclude Include="dlg_LoreMenu.hpp" />
    <ClInclude Include="dlg_MainMenu.hpp" />
    <ClInclude Include="dlg_MCMessage.hpp" />
    <ClInclude Include="dlg_MPScore.hpp" />
    <ClInclude Include="dlg_MultiOptions.hpp" />
    <ClInclude Include="dlg_OnlineConnect.hpp" />
    <ClInclude Include="dlg_OnlineHost.hpp" />
    <ClInclude Include="dlg_OnlineHostOptions.hpp" />
    <ClInclude Include="dlg_OnlineJoin.hpp" />
    <ClInclude Include="dlg_OnlineLevelSelect.hpp" />
    <ClInclude Include="dlg_OnlineLogin.hpp" />
    <ClInclude Include="dlg_OnlinePlayers.hpp" />
    <ClInclude Include="dlg_PauseMain.hpp" />
    <ClInclude Include="dlg_PauseMP.hpp" />
    <ClInclude Include="dlg_PauseOnline.hpp" />
    <ClInclude Include="dlg_Players.hpp" />
    <ClInclude Include="dlg_PopUp.hpp" />
    <ClInclude Include="dlg_PressStart.hpp" />
    <ClInclude Include="dlg_ProfileAV.hpp" />
    <ClInclude Include="dlg_ProfileControls.hpp" />
    <ClInclude Include="dlg_ProfileHeadset.hpp" />
    <ClInclude Include="dlg_ProfileName.hpp" />
    <ClInclude Include="dlg_ProfileOptions.hpp" />
    <ClInclude Include="dlg_ProfileSelect.hpp" />
    <ClInclude Include="dlg_ReportError.hpp" />
    <ClInclude Include="dlg_ResumeGame.hpp" />
    <ClInclude Include="dlg_SecretsMenu.hpp" />
    <ClInclude Include="dlg_ServerConfig.hpp" />
    <ClInclude Include="dlg_StartGame.hpp" />
    <ClInclude Include="dlg_Stats.hpp" />
    <ClInclude Include="dlg_SubMenu.hpp" />
    <ClInclude Include="dlg_TeamChange.hpp" />
    <ClInclude Include="dlg_TeamLeaderboard.hpp" />
    <ClInclude Include="dlg_Template.hpp" />
    <ClInclude Include="dlg_VoteKick.hpp" />
    <ClInclude Include="dlg_VoteMap.hpp" />
  </ItemGroup>
  <ItemGroup>
    <CustomBuild Include="Xbox\dlg_MemcardSelectXBOX.hpp">
      <Filter>XBOX</Filter>
    </CustomBuild>
    <CustomBuild Include="Xbox\dlg_MultiPlayerXBOX.hpp">
      <Filter>XBOX</Filter>
    </CustomBuild>
    <CustomBuild Include="Xbox\dlg_OnlineMainXBOX.hpp">
      <Filter>XBOX</Filter>
    </CustomBuild>
    <CustomBuild Include="Xbox\dlg_QuickMatch.hpp">
      <Filter>XBOX</Filter>
    </CustomBuild>
    <CustomBuild Include="dlg_COPA.hpp">
      <Filter>PS2</Filter>
    </CustomBuild>
    <CustomBuild Include="dlg_MemcardSelect.hpp">
      <Filter>PS2</Filter>
    </CustomBuild>
    <CustomBuild Include="dlg_MultiPlayer.hpp">
      <Filter>PS2</Filter>
    </CustomBuild>
    <CustomBuild Include="dlg_OnlineMain.hpp">
      <Filter>PS2</Filter>
    </CustomBuild>
    <CustomBuild Include="dlg_OnlineEULA.hpp" />
  </ItemGroup>
</Project>