Microsoft Visual Studio Solution File, Format Version 8.00
Project("{8BC9CEB8-8B4A-11D0-8D11-00A0C91BC942}") = "ConversationMgr", "..\..\Support\ConversationMgr\ConversationMgr.vcproj", "{A8DE301A-F8D2-43CF-9C09-71B852CFACAD}"
	ProjectSection(ProjectDependencies) = postProject
	EndProjectSection
EndProject
Project("{8BC9CEB8-8B4A-11D0-8D11-00A0C91BC942}") = "Entropy", "..\..\xCore\Entropy\Entropy.vcproj", "{4DA6A6FD-18DE-4694-91F8-8C100FE35023}"
	ProjectSection(ProjectDependencies) = postProject
	EndProjectSection
EndProject
Project("{8BC9CEB8-8B4A-11D0-8D11-00A0C91BC942}") = "EventMgr", "..\..\Support\EventMgr\EventMgr.vcproj", "{7E538E57-CA55-4166-A0AB-F485F6CFCB9A}"
	ProjectSection(ProjectDependencies) = postProject
	EndProjectSection
EndProject
Project("{8BC9CEB8-8B4A-11D0-8D11-00A0C91BC942}") = "GameLib", "..\..\Support\GameLib\GameLib.vcproj", "{7730D625-694C-4A7E-A20E-E331EC844120}"
	ProjectSection(ProjectDependencies) = postProject
	EndProjectSection
EndProject
Project("{8BC9CEB8-8B4A-11D0-8D11-00A0C91BC942}") = "MeshUtil", "..\..\xCore\MeshUtil\MeshUtil.vcproj", "{1AAB3DC4-AFDE-422E-B796-25E928554E17}"
	ProjectSection(ProjectDependencies) = postProject
	EndProjectSection
EndProject
Project("{8BC9CEB8-8B4A-11D0-8D11-00A0C91BC942}") = "Music_mgr", "..\..\Support\Music_mgr\Music_mgr.vcproj", "{70355245-C307-4CB5-9C0C-C2E7000D7D07}"
	ProjectSection(ProjectDependencies) = postProject
	EndProjectSection
EndProject
Project("{8BC9CEB8-8B4A-11D0-8D11-00A0C91BC942}") = "NetworkMgr", "..\..\Support\NetworkMgr\NetworkMgr.vcproj", "{598F1AA3-C254-4DF4-B9D9-6EF8647B4692}"
	ProjectSection(ProjectDependencies) = postProject
	EndProjectSection
EndProject
Project("{8BC9CEB8-8B4A-11D0-8D11-00A0C91BC942}") = "Parsing", "..\..\xCore\Parsing\Parsing.vcproj", "{F2DA68D8-32C5-416B-BC10-F30DAB0D0C65}"
	ProjectSection(ProjectDependencies) = postProject
	EndProjectSection
EndProject
Project("{8BC9CEB8-8B4A-11D0-8D11-00A0C91BC942}") = "Render", "..\..\Support\Render\Render.vcproj", "{F918999B-BBC1-43FD-ADA8-838619A69157}"
	ProjectSection(ProjectDependencies) = postProject
	EndProjectSection
EndProject
Project("{8BC9CEB8-8B4A-11D0-8D11-00A0C91BC942}") = "ScriptVM", "..\..\Support\scriptvm\ScriptVM.vcproj", "{BDC4009B-D52D-43B3-9DC9-2BE3F4EB618C}"
	ProjectSection(ProjectDependencies) = postProject
	EndProjectSection
EndProject
Project("{8BC9CEB8-8B4A-11D0-8D11-00A0C91BC942}") = "StringMgr", "..\..\Support\StringMgr\StringMgr.vcproj", "{44076A34-4795-4CF8-967E-084C1D414EB1}"
	ProjectSection(ProjectDependencies) = postProject
	EndProjectSection
EndProject
Project("{8BC9CEB8-8B4A-11D0-8D11-00A0C91BC942}") = "UI", "..\..\Support\UI\UI.vcproj", "{2D58D13A-D397-4867-8A4C-D146C59E7F36}"
	ProjectSection(ProjectDependencies) = postProject
	EndProjectSection
EndProject
Project("{8BC9CEB8-8B4A-11D0-8D11-00A0C91BC942}") = "audiomgr", "..\..\Support\AudioMgr\audiomgr.vcproj", "{AE838052-4063-463C-AB8F-C447136F5181}"
	ProjectSection(ProjectDependencies) = postProject
	EndProjectSection
EndProject
Project("{8BC9CEB8-8B4A-11D0-8D11-00A0C91BC942}") = "aux_Bitmap", "..\..\xCore\Auxiliary\Bitmap\aux_Bitmap.vcproj", "{5BCF9200-D6EB-48C9-A60F-BB2946B59FD3}"
	ProjectSection(ProjectDependencies) = postProject
	EndProjectSection
EndProject
Project("{8BC9CEB8-8B4A-11D0-8D11-00A0C91BC942}") = "fx_RunTime", "..\..\xcore\auxiliary\fx_RunTime\fx_RunTime.vcproj", "{987399ED-2B90-481A-95B6-5789BBEC4C56}"
	ProjectSection(ProjectDependencies) = postProject
	EndProjectSection
EndProject
Project("{8BC9CEB8-8B4A-11D0-8D11-00A0C91BC942}") = "x_files", "..\..\xCore\x_files\x_files.vcproj", "{5D63A2F1-8E8F-485C-9F4C-99DC3A66D17C}"
	ProjectSection(ProjectDependencies) = postProject
	EndProjectSection
EndProject
Global
	GlobalSection(SolutionConfiguration) = preSolution
		Debug = Debug
		GCN DevKit Debug = GCN DevKit Debug
		GCN DevKit Release = GCN DevKit Release
		GCN DVD Debug = GCN DVD Debug
		GCN DVD Release = GCN DVD Release
		PS2 Client Debug = PS2 Client Debug
		PS2 Client Release = PS2 Client Release
		PS2 DevKit Debug = PS2 DevKit Debug
		PS2 DevKit Release = PS2 DevKit Release
		PS2 DVD Debug = PS2 DVD Debug
		PS2 DVD Release = PS2 DVD Release
		Release = Release
		Xbox Debug = Xbox Debug
		Xbox Release = Xbox Release
	EndGlobalSection
	GlobalSection(ProjectConfiguration) = postSolution
		{A8DE301A-F8D2-43CF-9C09-71B852CFACAD}.Debug.ActiveCfg = Debug|Win32
		{A8DE301A-F8D2-43CF-9C09-71B852CFACAD}.Debug.Build.0 = Debug|Win32
		{A8DE301A-F8D2-43CF-9C09-71B852CFACAD}.GCN DevKit Debug.ActiveCfg = Debug|Win32
		{A8DE301A-F8D2-43CF-9C09-71B852CFACAD}.GCN DevKit Debug.Build.0 = Debug|Win32
		{A8DE301A-F8D2-43CF-9C09-71B852CFACAD}.GCN DevKit Release.ActiveCfg = Release|Win32
		{A8DE301A-F8D2-43CF-9C09-71B852CFACAD}.GCN DevKit Release.Build.0 = Release|Win32
		{A8DE301A-F8D2-43CF-9C09-71B852CFACAD}.GCN DVD Debug.ActiveCfg = Debug|Win32
		{A8DE301A-F8D2-43CF-9C09-71B852CFACAD}.GCN DVD Debug.Build.0 = Debug|Win32
		{A8DE301A-F8D2-43CF-9C09-71B852CFACAD}.GCN DVD Release.ActiveCfg = Release|Win32
		{A8DE301A-F8D2-43CF-9C09-71B852CFACAD}.GCN DVD Release.Build.0 = Release|Win32
		{A8DE301A-F8D2-43CF-9C09-71B852CFACAD}.PS2 Client Debug.ActiveCfg = PS2 Client Debug|Win32
		{A8DE301A-F8D2-43CF-9C09-71B852CFACAD}.PS2 Client Debug.Build.0 = PS2 Client Debug|Win32
		{A8DE301A-F8D2-43CF-9C09-71B852CFACAD}.PS2 Client Release.ActiveCfg = PS2 Client Release|Win32
		{A8DE301A-F8D2-43CF-9C09-71B852CFACAD}.PS2 Client Release.Build.0 = PS2 Client Release|Win32
		{A8DE301A-F8D2-43CF-9C09-71B852CFACAD}.PS2 DevKit Debug.ActiveCfg = PS2 DevKit Debug|Win32
		{A8DE301A-F8D2-43CF-9C09-71B852CFACAD}.PS2 DevKit Debug.Build.0 = PS2 DevKit Debug|Win32
		{A8DE301A-F8D2-43CF-9C09-71B852CFACAD}.PS2 DevKit Release.ActiveCfg = PS2 DevKit Release|Win32
		{A8DE301A-F8D2-43CF-9C09-71B852CFACAD}.PS2 DevKit Release.Build.0 = PS2 DevKit Release|Win32
		{A8DE301A-F8D2-43CF-9C09-71B852CFACAD}.PS2 DVD Debug.ActiveCfg = PS2 DVD Debug|Win32
		{A8DE301A-F8D2-43CF-9C09-71B852CFACAD}.PS2 DVD Debug.Build.0 = PS2 DVD Debug|Win32
		{A8DE301A-F8D2-43CF-9C09-71B852CFACAD}.PS2 DVD Release.ActiveCfg = PS2 DVD Release|Win32
		{A8DE301A-F8D2-43CF-9C09-71B852CFACAD}.PS2 DVD Release.Build.0 = PS2 DVD Release|Win32
		{A8DE301A-F8D2-43CF-9C09-71B852CFACAD}.Release.ActiveCfg = Release|Win32
		{A8DE301A-F8D2-43CF-9C09-71B852CFACAD}.Release.Build.0 = Release|Win32
		{A8DE301A-F8D2-43CF-9C09-71B852CFACAD}.Xbox Debug.ActiveCfg = Xbox Debug|Win32
		{A8DE301A-F8D2-43CF-9C09-71B852CFACAD}.Xbox Debug.Build.0 = Xbox Debug|Win32
		{A8DE301A-F8D2-43CF-9C09-71B852CFACAD}.Xbox Release.ActiveCfg = Xbox Release|Win32
		{A8DE301A-F8D2-43CF-9C09-71B852CFACAD}.Xbox Release.Build.0 = Xbox Release|Win32
		{4DA6A6FD-18DE-4694-91F8-8C100FE35023}.Debug.ActiveCfg = Debug|Win32
		{4DA6A6FD-18DE-4694-91F8-8C100FE35023}.Debug.Build.0 = Debug|Win32
		{4DA6A6FD-18DE-4694-91F8-8C100FE35023}.GCN DevKit Debug.ActiveCfg = Debug|Win32
		{4DA6A6FD-18DE-4694-91F8-8C100FE35023}.GCN DevKit Debug.Build.0 = Debug|Win32
		{4DA6A6FD-18DE-4694-91F8-8C100FE35023}.GCN DevKit Release.ActiveCfg = Release|Win32
		{4DA6A6FD-18DE-4694-91F8-8C100FE35023}.GCN DevKit Release.Build.0 = Release|Win32
		{4DA6A6FD-18DE-4694-91F8-8C100FE35023}.GCN DVD Debug.ActiveCfg = Debug|Win32
		{4DA6A6FD-18DE-4694-91F8-8C100FE35023}.GCN DVD Debug.Build.0 = Debug|Win32
		{4DA6A6FD-18DE-4694-91F8-8C100FE35023}.GCN DVD Release.ActiveCfg = Release|Win32
		{4DA6A6FD-18DE-4694-91F8-8C100FE35023}.GCN DVD Release.Build.0 = Release|Win32
		{4DA6A6FD-18DE-4694-91F8-8C100FE35023}.PS2 Client Debug.ActiveCfg = PS2 Client Debug|Win32
		{4DA6A6FD-18DE-4694-91F8-8C100FE35023}.PS2 Client Debug.Build.0 = PS2 Client Debug|Win32
		{4DA6A6FD-18DE-4694-91F8-8C100FE35023}.PS2 Client Release.ActiveCfg = PS2 Client Release|Win32
		{4DA6A6FD-18DE-4694-91F8-8C100FE35023}.PS2 Client Release.Build.0 = PS2 Client Release|Win32
		{4DA6A6FD-18DE-4694-91F8-8C100FE35023}.PS2 DevKit Debug.ActiveCfg = PS2 DevKit Debug|Win32
		{4DA6A6FD-18DE-4694-91F8-8C100FE35023}.PS2 DevKit Debug.Build.0 = PS2 DevKit Debug|Win32
		{4DA6A6FD-18DE-4694-91F8-8C100FE35023}.PS2 DevKit Release.ActiveCfg = PS2 DevKit Release|Win32
		{4DA6A6FD-18DE-4694-91F8-8C100FE35023}.PS2 DevKit Release.Build.0 = PS2 DevKit Release|Win32
		{4DA6A6FD-18DE-4694-91F8-8C100FE35023}.PS2 DVD Debug.ActiveCfg = PS2 DVD Debug|Win32
		{4DA6A6FD-18DE-4694-91F8-8C100FE35023}.PS2 DVD Debug.Build.0 = PS2 DVD Debug|Win32
		{4DA6A6FD-18DE-4694-91F8-8C100FE35023}.PS2 DVD Release.ActiveCfg = PS2 DVD Release|Win32
		{4DA6A6FD-18DE-4694-91F8-8C100FE35023}.PS2 DVD Release.Build.0 = PS2 DVD Release|Win32
		{4DA6A6FD-18DE-4694-91F8-8C100FE35023}.Release.ActiveCfg = Release|Win32
		{4DA6A6FD-18DE-4694-91F8-8C100FE35023}.Release.Build.0 = Release|Win32
		{4DA6A6FD-18DE-4694-91F8-8C100FE35023}.Xbox Debug.ActiveCfg = Xbox Debug|Win32
		{4DA6A6FD-18DE-4694-91F8-8C100FE35023}.Xbox Debug.Build.0 = Xbox Debug|Win32
		{4DA6A6FD-18DE-4694-91F8-8C100FE35023}.Xbox Release.ActiveCfg = Xbox Release|Win32
		{4DA6A6FD-18DE-4694-91F8-8C100FE35023}.Xbox Release.Build.0 = Xbox Release|Win32
		{7E538E57-CA55-4166-A0AB-F485F6CFCB9A}.Debug.ActiveCfg = Debug|Win32
		{7E538E57-CA55-4166-A0AB-F485F6CFCB9A}.Debug.Build.0 = Debug|Win32
		{7E538E57-CA55-4166-A0AB-F485F6CFCB9A}.GCN DevKit Debug.ActiveCfg = Debug|Win32
		{7E538E57-CA55-4166-A0AB-F485F6CFCB9A}.GCN DevKit Debug.Build.0 = Debug|Win32
		{7E538E57-CA55-4166-A0AB-F485F6CFCB9A}.GCN DevKit Release.ActiveCfg = Release|Win32
		{7E538E57-CA55-4166-A0AB-F485F6CFCB9A}.GCN DevKit Release.Build.0 = Release|Win32
		{7E538E57-CA55-4166-A0AB-F485F6CFCB9A}.GCN DVD Debug.ActiveCfg = Debug|Win32
		{7E538E57-CA55-4166-A0AB-F485F6CFCB9A}.GCN DVD Debug.Build.0 = Debug|Win32
		{7E538E57-CA55-4166-A0AB-F485F6CFCB9A}.GCN DVD Release.ActiveCfg = Release|Win32
		{7E538E57-CA55-4166-A0AB-F485F6CFCB9A}.GCN DVD Release.Build.0 = Release|Win32
		{7E538E57-CA55-4166-A0AB-F485F6CFCB9A}.PS2 Client Debug.ActiveCfg = PS2 Client Debug|Win32
		{7E538E57-CA55-4166-A0AB-F485F6CFCB9A}.PS2 Client Debug.Build.0 = PS2 Client Debug|Win32
		{7E538E57-CA55-4166-A0AB-F485F6CFCB9A}.PS2 Client Release.ActiveCfg = PS2 Client Release|Win32
		{7E538E57-CA55-4166-A0AB-F485F6CFCB9A}.PS2 Client Release.Build.0 = PS2 Client Release|Win32
		{7E538E57-CA55-4166-A0AB-F485F6CFCB9A}.PS2 DevKit Debug.ActiveCfg = PS2 DevKit Debug|Win32
		{7E538E57-CA55-4166-A0AB-F485F6CFCB9A}.PS2 DevKit Debug.Build.0 = PS2 DevKit Debug|Win32
		{7E538E57-CA55-4166-A0AB-F485F6CFCB9A}.PS2 DevKit Release.ActiveCfg = PS2 DevKit Release|Win32
		{7E538E57-CA55-4166-A0AB-F485F6CFCB9A}.PS2 DevKit Release.Build.0 = PS2 DevKit Release|Win32
		{7E538E57-CA55-4166-A0AB-F485F6CFCB9A}.PS2 DVD Debug.ActiveCfg = PS2 DVD Debug|Win32
		{7E538E57-CA55-4166-A0AB-F485F6CFCB9A}.PS2 DVD Debug.Build.0 = PS2 DVD Debug|Win32
		{7E538E57-CA55-4166-A0AB-F485F6CFCB9A}.PS2 DVD Release.ActiveCfg = PS2 DVD Release|Win32
		{7E538E57-CA55-4166-A0AB-F485F6CFCB9A}.PS2 DVD Release.Build.0 = PS2 DVD Release|Win32
		{7E538E57-CA55-4166-A0AB-F485F6CFCB9A}.Release.ActiveCfg = Release|Win32
		{7E538E57-CA55-4166-A0AB-F485F6CFCB9A}.Release.Build.0 = Release|Win32
		{7E538E57-CA55-4166-A0AB-F485F6CFCB9A}.Xbox Debug.ActiveCfg = Xbox Debug|Win32
		{7E538E57-CA55-4166-A0AB-F485F6CFCB9A}.Xbox Debug.Build.0 = Xbox Debug|Win32
		{7E538E57-CA55-4166-A0AB-F485F6CFCB9A}.Xbox Release.ActiveCfg = Xbox Release|Win32
		{7E538E57-CA55-4166-A0AB-F485F6CFCB9A}.Xbox Release.Build.0 = Xbox Release|Win32
		{7730D625-694C-4A7E-A20E-E331EC844120}.Debug.ActiveCfg = Debug|Win32
		{7730D625-694C-4A7E-A20E-E331EC844120}.Debug.Build.0 = Debug|Win32
		{7730D625-694C-4A7E-A20E-E331EC844120}.GCN DevKit Debug.ActiveCfg = Debug|Win32
		{7730D625-694C-4A7E-A20E-E331EC844120}.GCN DevKit Debug.Build.0 = Debug|Win32
		{7730D625-694C-4A7E-A20E-E331EC844120}.GCN DevKit Release.ActiveCfg = Release|Win32
		{7730D625-694C-4A7E-A20E-E331EC844120}.GCN DevKit Release.Build.0 = Release|Win32
		{7730D625-694C-4A7E-A20E-E331EC844120}.GCN DVD Debug.ActiveCfg = Debug|Win32
		{7730D625-694C-4A7E-A20E-E331EC844120}.GCN DVD Debug.Build.0 = Debug|Win32
		{7730D625-694C-4A7E-A20E-E331EC844120}.GCN DVD Release.ActiveCfg = Release|Win32
		{7730D625-694C-4A7E-A20E-E331EC844120}.GCN DVD Release.Build.0 = Release|Win32
		{7730D625-694C-4A7E-A20E-E331EC844120}.PS2 Client Debug.ActiveCfg = PS2 Client Debug|Win32
		{7730D625-694C-4A7E-A20E-E331EC844120}.PS2 Client Debug.Build.0 = PS2 Client Debug|Win32
		{7730D625-694C-4A7E-A20E-E331EC844120}.PS2 Client Release.ActiveCfg = PS2 Client Release|Win32
		{7730D625-694C-4A7E-A20E-E331EC844120}.PS2 Client Release.Build.0 = PS2 Client Release|Win32
		{7730D625-694C-4A7E-A20E-E331EC844120}.PS2 DevKit Debug.ActiveCfg = PS2 DevKit Debug|Win32
		{7730D625-694C-4A7E-A20E-E331EC844120}.PS2 DevKit Debug.Build.0 = PS2 DevKit Debug|Win32
		{7730D625-694C-4A7E-A20E-E331EC844120}.PS2 DevKit Release.ActiveCfg = PS2 DevKit Release|Win32
		{7730D625-694C-4A7E-A20E-E331EC844120}.PS2 DevKit Release.Build.0 = PS2 DevKit Release|Win32
		{7730D625-694C-4A7E-A20E-E331EC844120}.PS2 DVD Debug.ActiveCfg = PS2 DVD Debug|Win32
		{7730D625-694C-4A7E-A20E-E331EC844120}.PS2 DVD Debug.Build.0 = PS2 DVD Debug|Win32
		{7730D625-694C-4A7E-A20E-E331EC844120}.PS2 DVD Release.ActiveCfg = PS2 DVD Release|Win32
		{7730D625-694C-4A7E-A20E-E331EC844120}.PS2 DVD Release.Build.0 = PS2 DVD Release|Win32
		{7730D625-694C-4A7E-A20E-E331EC844120}.Release.ActiveCfg = Release|Win32
		{7730D625-694C-4A7E-A20E-E331EC844120}.Release.Build.0 = Release|Win32
		{7730D625-694C-4A7E-A20E-E331EC844120}.Xbox Debug.ActiveCfg = Debug|Win32
		{7730D625-694C-4A7E-A20E-E331EC844120}.Xbox Debug.Build.0 = Debug|Win32
		{7730D625-694C-4A7E-A20E-E331EC844120}.Xbox Release.ActiveCfg = Release|Win32
		{7730D625-694C-4A7E-A20E-E331EC844120}.Xbox Release.Build.0 = Release|Win32
		{1AAB3DC4-AFDE-422E-B796-25E928554E17}.Debug.ActiveCfg = Debug|Win32
		{1AAB3DC4-AFDE-422E-B796-25E928554E17}.Debug.Build.0 = Debug|Win32
		{1AAB3DC4-AFDE-422E-B796-25E928554E17}.GCN DevKit Debug.ActiveCfg = GCN DevKit Debug|Win32
		{1AAB3DC4-AFDE-422E-B796-25E928554E17}.GCN DevKit Debug.Build.0 = GCN DevKit Debug|Win32
		{1AAB3DC4-AFDE-422E-B796-25E928554E17}.GCN DevKit Release.ActiveCfg = GCN DevKit Release|Win32
		{1AAB3DC4-AFDE-422E-B796-25E928554E17}.GCN DevKit Release.Build.0 = GCN DevKit Release|Win32
		{1AAB3DC4-AFDE-422E-B796-25E928554E17}.GCN DVD Debug.ActiveCfg = GCN DVD Debug|Win32
		{1AAB3DC4-AFDE-422E-B796-25E928554E17}.GCN DVD Debug.Build.0 = GCN DVD Debug|Win32
		{1AAB3DC4-AFDE-422E-B796-25E928554E17}.GCN DVD Release.ActiveCfg = GCN DVD Release|Win32
		{1AAB3DC4-AFDE-422E-B796-25E928554E17}.GCN DVD Release.Build.0 = GCN DVD Release|Win32
		{1AAB3DC4-AFDE-422E-B796-25E928554E17}.PS2 Client Debug.ActiveCfg = PS2 Client Debug|Win32
		{1AAB3DC4-AFDE-422E-B796-25E928554E17}.PS2 Client Debug.Build.0 = PS2 Client Debug|Win32
		{1AAB3DC4-AFDE-422E-B796-25E928554E17}.PS2 Client Release.ActiveCfg = PS2 Client Release|Win32
		{1AAB3DC4-AFDE-422E-B796-25E928554E17}.PS2 Client Release.Build.0 = PS2 Client Release|Win32
		{1AAB3DC4-AFDE-422E-B796-25E928554E17}.PS2 DevKit Debug.ActiveCfg = PS2 DevKit Debug|Win32
		{1AAB3DC4-AFDE-422E-B796-25E928554E17}.PS2 DevKit Debug.Build.0 = PS2 DevKit Debug|Win32
		{1AAB3DC4-AFDE-422E-B796-25E928554E17}.PS2 DevKit Release.ActiveCfg = PS2 DevKit Release|Win32
		{1AAB3DC4-AFDE-422E-B796-25E928554E17}.PS2 DevKit Release.Build.0 = PS2 DevKit Release|Win32
		{1AAB3DC4-AFDE-422E-B796-25E928554E17}.PS2 DVD Debug.ActiveCfg = PS2 DVD Debug|Win32
		{1AAB3DC4-AFDE-422E-B796-25E928554E17}.PS2 DVD Debug.Build.0 = PS2 DVD Debug|Win32
		{1AAB3DC4-AFDE-422E-B796-25E928554E17}.PS2 DVD Release.ActiveCfg = PS2 DVD Release|Win32
		{1AAB3DC4-AFDE-422E-B796-25E928554E17}.PS2 DVD Release.Build.0 = PS2 DVD Release|Win32
		{1AAB3DC4-AFDE-422E-B796-25E928554E17}.Release.ActiveCfg = Release|Win32
		{1AAB3DC4-AFDE-422E-B796-25E928554E17}.Release.Build.0 = Release|Win32
		{1AAB3DC4-AFDE-422E-B796-25E928554E17}.Xbox Debug.ActiveCfg = Xbox Debug|Win32
		{1AAB3DC4-AFDE-422E-B796-25E928554E17}.Xbox Debug.Build.0 = Xbox Debug|Win32
		{1AAB3DC4-AFDE-422E-B796-25E928554E17}.Xbox Release.ActiveCfg = Xbox Release|Win32
		{1AAB3DC4-AFDE-422E-B796-25E928554E17}.Xbox Release.Build.0 = Xbox Release|Win32
		{70355245-C307-4CB5-9C0C-C2E7000D7D07}.Debug.ActiveCfg = Debug|Win32
		{70355245-C307-4CB5-9C0C-C2E7000D7D07}.Debug.Build.0 = Debug|Win32
		{70355245-C307-4CB5-9C0C-C2E7000D7D07}.GCN DevKit Debug.ActiveCfg = Debug|Win32
		{70355245-C307-4CB5-9C0C-C2E7000D7D07}.GCN DevKit Debug.Build.0 = Debug|Win32
		{70355245-C307-4CB5-9C0C-C2E7000D7D07}.GCN DevKit Release.ActiveCfg = Release|Win32
		{70355245-C307-4CB5-9C0C-C2E7000D7D07}.GCN DevKit Release.Build.0 = Release|Win32
		{70355245-C307-4CB5-9C0C-C2E7000D7D07}.GCN DVD Debug.ActiveCfg = Debug|Win32
		{70355245-C307-4CB5-9C0C-C2E7000D7D07}.GCN DVD Debug.Build.0 = Debug|Win32
		{70355245-C307-4CB5-9C0C-C2E7000D7D07}.GCN DVD Release.ActiveCfg = Release|Win32
		{70355245-C307-4CB5-9C0C-C2E7000D7D07}.GCN DVD Release.Build.0 = Release|Win32
		{70355245-C307-4CB5-9C0C-C2E7000D7D07}.PS2 Client Debug.ActiveCfg = PS2 Client Debug|Win32
		{70355245-C307-4CB5-9C0C-C2E7000D7D07}.PS2 Client Debug.Build.0 = PS2 Client Debug|Win32
		{70355245-C307-4CB5-9C0C-C2E7000D7D07}.PS2 Client Release.ActiveCfg = PS2 Client Release|Win32
		{70355245-C307-4CB5-9C0C-C2E7000D7D07}.PS2 Client Release.Build.0 = PS2 Client Release|Win32
		{70355245-C307-4CB5-9C0C-C2E7000D7D07}.PS2 DevKit Debug.ActiveCfg = PS2 DevKit Debug|Win32
		{70355245-C307-4CB5-9C0C-C2E7000D7D07}.PS2 DevKit Debug.Build.0 = PS2 DevKit Debug|Win32
		{70355245-C307-4CB5-9C0C-C2E7000D7D07}.PS2 DevKit Release.ActiveCfg = PS2 DevKit Release|Win32
		{70355245-C307-4CB5-9C0C-C2E7000D7D07}.PS2 DevKit Release.Build.0 = PS2 DevKit Release|Win32
		{70355245-C307-4CB5-9C0C-C2E7000D7D07}.PS2 DVD Debug.ActiveCfg = PS2 DVD Debug|Win32
		{70355245-C307-4CB5-9C0C-C2E7000D7D07}.PS2 DVD Debug.Build.0 = PS2 DVD Debug|Win32
		{70355245-C307-4CB5-9C0C-C2E7000D7D07}.PS2 DVD Release.ActiveCfg = PS2 DVD Release|Win32
		{70355245-C307-4CB5-9C0C-C2E7000D7D07}.PS2 DVD Release.Build.0 = PS2 DVD Release|Win32
		{70355245-C307-4CB5-9C0C-C2E7000D7D07}.Release.ActiveCfg = Release|Win32
		{70355245-C307-4CB5-9C0C-C2E7000D7D07}.Release.Build.0 = Release|Win32
		{70355245-C307-4CB5-9C0C-C2E7000D7D07}.Xbox Debug.ActiveCfg = Xbox Debug|Win32
		{70355245-C307-4CB5-9C0C-C2E7000D7D07}.Xbox Debug.Build.0 = Xbox Debug|Win32
		{70355245-C307-4CB5-9C0C-C2E7000D7D07}.Xbox Release.ActiveCfg = Xbox Release|Win32
		{70355245-C307-4CB5-9C0C-C2E7000D7D07}.Xbox Release.Build.0 = Xbox Release|Win32
		{598F1AA3-C254-4DF4-B9D9-6EF8647B4692}.Debug.ActiveCfg = Debug|Win32
		{598F1AA3-C254-4DF4-B9D9-6EF8647B4692}.Debug.Build.0 = Debug|Win32
		{598F1AA3-C254-4DF4-B9D9-6EF8647B4692}.GCN DevKit Debug.ActiveCfg = Debug|Win32
		{598F1AA3-C254-4DF4-B9D9-6EF8647B4692}.GCN DevKit Debug.Build.0 = Debug|Win32
		{598F1AA3-C254-4DF4-B9D9-6EF8647B4692}.GCN DevKit Release.ActiveCfg = Release|Win32
		{598F1AA3-C254-4DF4-B9D9-6EF8647B4692}.GCN DevKit Release.Build.0 = Release|Win32
		{598F1AA3-C254-4DF4-B9D9-6EF8647B4692}.GCN DVD Debug.ActiveCfg = Debug|Win32
		{598F1AA3-C254-4DF4-B9D9-6EF8647B4692}.GCN DVD Debug.Build.0 = Debug|Win32
		{598F1AA3-C254-4DF4-B9D9-6EF8647B4692}.GCN DVD Release.ActiveCfg = Release|Win32
		{598F1AA3-C254-4DF4-B9D9-6EF8647B4692}.GCN DVD Release.Build.0 = Release|Win32
		{598F1AA3-C254-4DF4-B9D9-6EF8647B4692}.PS2 Client Debug.ActiveCfg = PS2 Client Debug|Win32
		{598F1AA3-C254-4DF4-B9D9-6EF8647B4692}.PS2 Client Debug.Build.0 = PS2 Client Debug|Win32
		{598F1AA3-C254-4DF4-B9D9-6EF8647B4692}.PS2 Client Release.ActiveCfg = PS2 Client Release|Win32
		{598F1AA3-C254-4DF4-B9D9-6EF8647B4692}.PS2 Client Release.Build.0 = PS2 Client Release|Win32
		{598F1AA3-C254-4DF4-B9D9-6EF8647B4692}.PS2 DevKit Debug.ActiveCfg = PS2 DevKit Debug|Win32
		{598F1AA3-C254-4DF4-B9D9-6EF8647B4692}.PS2 DevKit Debug.Build.0 = PS2 DevKit Debug|Win32
		{598F1AA3-C254-4DF4-B9D9-6EF8647B4692}.PS2 DevKit Release.ActiveCfg = PS2 DevKit Release|Win32
		{598F1AA3-C254-4DF4-B9D9-6EF8647B4692}.PS2 DevKit Release.Build.0 = PS2 DevKit Release|Win32
		{598F1AA3-C254-4DF4-B9D9-6EF8647B4692}.PS2 DVD Debug.ActiveCfg = PS2 DVD Debug|Win32
		{598F1AA3-C254-4DF4-B9D9-6EF8647B4692}.PS2 DVD Debug.Build.0 = PS2 DVD Debug|Win32
		{598F1AA3-C254-4DF4-B9D9-6EF8647B4692}.PS2 DVD Release.ActiveCfg = PS2 DVD Release|Win32
		{598F1AA3-C254-4DF4-B9D9-6EF8647B4692}.PS2 DVD Release.Build.0 = PS2 DVD Release|Win32
		{598F1AA3-C254-4DF4-B9D9-6EF8647B4692}.Release.ActiveCfg = Release|Win32
		{598F1AA3-C254-4DF4-B9D9-6EF8647B4692}.Release.Build.0 = Release|Win32
		{598F1AA3-C254-4DF4-B9D9-6EF8647B4692}.Xbox Debug.ActiveCfg = Debug|Win32
		{598F1AA3-C254-4DF4-B9D9-6EF8647B4692}.Xbox Debug.Build.0 = Debug|Win32
		{598F1AA3-C254-4DF4-B9D9-6EF8647B4692}.Xbox Release.ActiveCfg = Release|Win32
		{598F1AA3-C254-4DF4-B9D9-6EF8647B4692}.Xbox Release.Build.0 = Release|Win32
		{F2DA68D8-32C5-416B-BC10-F30DAB0D0C65}.Debug.ActiveCfg = Debug|Win32
		{F2DA68D8-32C5-416B-BC10-F30DAB0D0C65}.Debug.Build.0 = Debug|Win32
		{F2DA68D8-32C5-416B-BC10-F30DAB0D0C65}.GCN DevKit Debug.ActiveCfg = GCN DevKit Debug|Win32
		{F2DA68D8-32C5-416B-BC10-F30DAB0D0C65}.GCN DevKit Debug.Build.0 = GCN DevKit Debug|Win32
		{F2DA68D8-32C5-416B-BC10-F30DAB0D0C65}.GCN DevKit Release.ActiveCfg = GCN DevKit Release|Win32
		{F2DA68D8-32C5-416B-BC10-F30DAB0D0C65}.GCN DevKit Release.Build.0 = GCN DevKit Release|Win32
		{F2DA68D8-32C5-416B-BC10-F30DAB0D0C65}.GCN DVD Debug.ActiveCfg = GCN DVD Debug|Win32
		{F2DA68D8-32C5-416B-BC10-F30DAB0D0C65}.GCN DVD Debug.Build.0 = GCN DVD Debug|Win32
		{F2DA68D8-32C5-416B-BC10-F30DAB0D0C65}.GCN DVD Release.ActiveCfg = GCN DVD Release|Win32
		{F2DA68D8-32C5-416B-BC10-F30DAB0D0C65}.GCN DVD Release.Build.0 = GCN DVD Release|Win32
		{F2DA68D8-32C5-416B-BC10-F30DAB0D0C65}.PS2 Client Debug.ActiveCfg = PS2 Client Debug|Win32
		{F2DA68D8-32C5-416B-BC10-F30DAB0D0C65}.PS2 Client Debug.Build.0 = PS2 Client Debug|Win32
		{F2DA68D8-32C5-416B-BC10-F30DAB0D0C65}.PS2 Client Release.ActiveCfg = PS2 Client Release|Win32
		{F2DA68D8-32C5-416B-BC10-F30DAB0D0C65}.PS2 Client Release.Build.0 = PS2 Client Release|Win32
		{F2DA68D8-32C5-416B-BC10-F30DAB0D0C65}.PS2 DevKit Debug.ActiveCfg = PS2 DevKit Debug|Win32
		{F2DA68D8-32C5-416B-BC10-F30DAB0D0C65}.PS2 DevKit Debug.Build.0 = PS2 DevKit Debug|Win32
		{F2DA68D8-32C5-416B-BC10-F30DAB0D0C65}.PS2 DevKit Release.ActiveCfg = PS2 DevKit Release|Win32
		{F2DA68D8-32C5-416B-BC10-F30DAB0D0C65}.PS2 DevKit Release.Build.0 = PS2 DevKit Release|Win32
		{F2DA68D8-32C5-416B-BC10-F30DAB0D0C65}.PS2 DVD Debug.ActiveCfg = PS2 DVD Debug|Win32
		{F2DA68D8-32C5-416B-BC10-F30DAB0D0C65}.PS2 DVD Debug.Build.0 = PS2 DVD Debug|Win32
		{F2DA68D8-32C5-416B-BC10-F30DAB0D0C65}.PS2 DVD Release.ActiveCfg = PS2 DVD Release|Win32
		{F2DA68D8-32C5-416B-BC10-F30DAB0D0C65}.PS2 DVD Release.Build.0 = PS2 DVD Release|Win32
		{F2DA68D8-32C5-416B-BC10-F30DAB0D0C65}.Release.ActiveCfg = Release|Win32
		{F2DA68D8-32C5-416B-BC10-F30DAB0D0C65}.Release.Build.0 = Release|Win32
		{F2DA68D8-32C5-416B-BC10-F30DAB0D0C65}.Xbox Debug.ActiveCfg = Xbox Debug|Win32
		{F2DA68D8-32C5-416B-BC10-F30DAB0D0C65}.Xbox Debug.Build.0 = Xbox Debug|Win32
		{F2DA68D8-32C5-416B-BC10-F30DAB0D0C65}.Xbox Release.ActiveCfg = Xbox Release|Win32
		{F2DA68D8-32C5-416B-BC10-F30DAB0D0C65}.Xbox Release.Build.0 = Xbox Release|Win32
		{F918999B-BBC1-43FD-ADA8-838619A69157}.Debug.ActiveCfg = Debug|Win32
		{F918999B-BBC1-43FD-ADA8-838619A69157}.Debug.Build.0 = Debug|Win32
		{F918999B-BBC1-43FD-ADA8-838619A69157}.GCN DevKit Debug.ActiveCfg = Debug|Win32
		{F918999B-BBC1-43FD-ADA8-838619A69157}.GCN DevKit Debug.Build.0 = Debug|Win32
		{F918999B-BBC1-43FD-ADA8-838619A69157}.GCN DevKit Release.ActiveCfg = Release|Win32
		{F918999B-BBC1-43FD-ADA8-838619A69157}.GCN DevKit Release.Build.0 = Release|Win32
		{F918999B-BBC1-43FD-ADA8-838619A69157}.GCN DVD Debug.ActiveCfg = Debug|Win32
		{F918999B-BBC1-43FD-ADA8-838619A69157}.GCN DVD Debug.Build.0 = Debug|Win32
		{F918999B-BBC1-43FD-ADA8-838619A69157}.GCN DVD Release.ActiveCfg = Release|Win32
		{F918999B-BBC1-43FD-ADA8-838619A69157}.GCN DVD Release.Build.0 = Release|Win32
		{F918999B-BBC1-43FD-ADA8-838619A69157}.PS2 Client Debug.ActiveCfg = PS2 Client Debug|Win32
		{F918999B-BBC1-43FD-ADA8-838619A69157}.PS2 Client Debug.Build.0 = PS2 Client Debug|Win32
		{F918999B-BBC1-43FD-ADA8-838619A69157}.PS2 Client Release.ActiveCfg = PS2 Client Release|Win32
		{F918999B-BBC1-43FD-ADA8-838619A69157}.PS2 Client Release.Build.0 = PS2 Client Release|Win32
		{F918999B-BBC1-43FD-ADA8-838619A69157}.PS2 DevKit Debug.ActiveCfg = PS2 DevKit Debug|Win32
		{F918999B-BBC1-43FD-ADA8-838619A69157}.PS2 DevKit Debug.Build.0 = PS2 DevKit Debug|Win32
		{F918999B-BBC1-43FD-ADA8-838619A69157}.PS2 DevKit Release.ActiveCfg = PS2 DevKit Release|Win32
		{F918999B-BBC1-43FD-ADA8-838619A69157}.PS2 DevKit Release.Build.0 = PS2 DevKit Release|Win32
		{F918999B-BBC1-43FD-ADA8-838619A69157}.PS2 DVD Debug.ActiveCfg = PS2 DVD Debug|Win32
		{F918999B-BBC1-43FD-ADA8-838619A69157}.PS2 DVD Debug.Build.0 = PS2 DVD Debug|Win32
		{F918999B-BBC1-43FD-ADA8-838619A69157}.PS2 DVD Release.ActiveCfg = PS2 DVD Release|Win32
		{F918999B-BBC1-43FD-ADA8-838619A69157}.PS2 DVD Release.Build.0 = PS2 DVD Release|Win32
		{F918999B-BBC1-43FD-ADA8-838619A69157}.Release.ActiveCfg = Release|Win32
		{F918999B-BBC1-43FD-ADA8-838619A69157}.Release.Build.0 = Release|Win32
		{F918999B-BBC1-43FD-ADA8-838619A69157}.Xbox Debug.ActiveCfg = Xbox Debug|Win32
		{F918999B-BBC1-43FD-ADA8-838619A69157}.Xbox Debug.Build.0 = Xbox Debug|Win32
		{F918999B-BBC1-43FD-ADA8-838619A69157}.Xbox Release.ActiveCfg = Xbox Release|Win32
		{F918999B-BBC1-43FD-ADA8-838619A69157}.Xbox Release.Build.0 = Xbox Release|Win32
		{BDC4009B-D52D-43B3-9DC9-2BE3F4EB618C}.Debug.ActiveCfg = Debug|Win32
		{BDC4009B-D52D-43B3-9DC9-2BE3F4EB618C}.Debug.Build.0 = Debug|Win32
		{BDC4009B-D52D-43B3-9DC9-2BE3F4EB618C}.GCN DevKit Debug.ActiveCfg = GCN DevKit Debug|Win32
		{BDC4009B-D52D-43B3-9DC9-2BE3F4EB618C}.GCN DevKit Debug.Build.0 = GCN DevKit Debug|Win32
		{BDC4009B-D52D-43B3-9DC9-2BE3F4EB618C}.GCN DevKit Release.ActiveCfg = GCN DevKit Release|Win32
		{BDC4009B-D52D-43B3-9DC9-2BE3F4EB618C}.GCN DevKit Release.Build.0 = GCN DevKit Release|Win32
		{BDC4009B-D52D-43B3-9DC9-2BE3F4EB618C}.GCN DVD Debug.ActiveCfg = GCN DVD Debug|Win32
		{BDC4009B-D52D-43B3-9DC9-2BE3F4EB618C}.GCN DVD Debug.Build.0 = GCN DVD Debug|Win32
		{BDC4009B-D52D-43B3-9DC9-2BE3F4EB618C}.GCN DVD Release.ActiveCfg = GCN DVD Release|Win32
		{BDC4009B-D52D-43B3-9DC9-2BE3F4EB618C}.GCN DVD Release.Build.0 = GCN DVD Release|Win32
		{BDC4009B-D52D-43B3-9DC9-2BE3F4EB618C}.PS2 Client Debug.ActiveCfg = PS2 Client Debug|Win32
		{BDC4009B-D52D-43B3-9DC9-2BE3F4EB618C}.PS2 Client Debug.Build.0 = PS2 Client Debug|Win32
		{BDC4009B-D52D-43B3-9DC9-2BE3F4EB618C}.PS2 Client Release.ActiveCfg = PS2 Client Release|Win32
		{BDC4009B-D52D-43B3-9DC9-2BE3F4EB618C}.PS2 Client Release.Build.0 = PS2 Client Release|Win32
		{BDC4009B-D52D-43B3-9DC9-2BE3F4EB618C}.PS2 DevKit Debug.ActiveCfg = PS2 DevKit Debug|Win32
		{BDC4009B-D52D-43B3-9DC9-2BE3F4EB618C}.PS2 DevKit Debug.Build.0 = PS2 DevKit Debug|Win32
		{BDC4009B-D52D-43B3-9DC9-2BE3F4EB618C}.PS2 DevKit Release.ActiveCfg = PS2 DevKit Release|Win32
		{BDC4009B-D52D-43B3-9DC9-2BE3F4EB618C}.PS2 DevKit Release.Build.0 = PS2 DevKit Release|Win32
		{BDC4009B-D52D-43B3-9DC9-2BE3F4EB618C}.PS2 DVD Debug.ActiveCfg = PS2 DVD Debug|Win32
		{BDC4009B-D52D-43B3-9DC9-2BE3F4EB618C}.PS2 DVD Debug.Build.0 = PS2 DVD Debug|Win32
		{BDC4009B-D52D-43B3-9DC9-2BE3F4EB618C}.PS2 DVD Release.ActiveCfg = PS2 DVD Release|Win32
		{BDC4009B-D52D-43B3-9DC9-2BE3F4EB618C}.PS2 DVD Release.Build.0 = PS2 DVD Release|Win32
		{BDC4009B-D52D-43B3-9DC9-2BE3F4EB618C}.Release.ActiveCfg = Release|Win32
		{BDC4009B-D52D-43B3-9DC9-2BE3F4EB618C}.Release.Build.0 = Release|Win32
		{BDC4009B-D52D-43B3-9DC9-2BE3F4EB618C}.Xbox Debug.ActiveCfg = Xbox Debug|Win32
		{BDC4009B-D52D-43B3-9DC9-2BE3F4EB618C}.Xbox Debug.Build.0 = Xbox Debug|Win32
		{BDC4009B-D52D-43B3-9DC9-2BE3F4EB618C}.Xbox Release.ActiveCfg = Xbox Release|Win32
		{BDC4009B-D52D-43B3-9DC9-2BE3F4EB618C}.Xbox Release.Build.0 = Xbox Release|Win32
		{44076A34-4795-4CF8-967E-084C1D414EB1}.Debug.ActiveCfg = Debug|Win32
		{44076A34-4795-4CF8-967E-084C1D414EB1}.Debug.Build.0 = Debug|Win32
		{44076A34-4795-4CF8-967E-084C1D414EB1}.GCN DevKit Debug.ActiveCfg = Debug|Win32
		{44076A34-4795-4CF8-967E-084C1D414EB1}.GCN DevKit Debug.Build.0 = Debug|Win32
		{44076A34-4795-4CF8-967E-084C1D414EB1}.GCN DevKit Release.ActiveCfg = Release|Win32
		{44076A34-4795-4CF8-967E-084C1D414EB1}.GCN DevKit Release.Build.0 = Release|Win32
		{44076A34-4795-4CF8-967E-084C1D414EB1}.GCN DVD Debug.ActiveCfg = Debug|Win32
		{44076A34-4795-4CF8-967E-084C1D414EB1}.GCN DVD Debug.Build.0 = Debug|Win32
		{44076A34-4795-4CF8-967E-084C1D414EB1}.GCN DVD Release.ActiveCfg = Release|Win32
		{44076A34-4795-4CF8-967E-084C1D414EB1}.GCN DVD Release.Build.0 = Release|Win32
		{44076A34-4795-4CF8-967E-084C1D414EB1}.PS2 Client Debug.ActiveCfg = PS2 Client Debug|Win32
		{44076A34-4795-4CF8-967E-084C1D414EB1}.PS2 Client Debug.Build.0 = PS2 Client Debug|Win32
		{44076A34-4795-4CF8-967E-084C1D414EB1}.PS2 Client Release.ActiveCfg = PS2 Client Release|Win32
		{44076A34-4795-4CF8-967E-084C1D414EB1}.PS2 Client Release.Build.0 = PS2 Client Release|Win32
		{44076A34-4795-4CF8-967E-084C1D414EB1}.PS2 DevKit Debug.ActiveCfg = PS2 DevKit Debug|Win32
		{44076A34-4795-4CF8-967E-084C1D414EB1}.PS2 DevKit Debug.Build.0 = PS2 DevKit Debug|Win32
		{44076A34-4795-4CF8-967E-084C1D414EB1}.PS2 DevKit Release.ActiveCfg = PS2 DevKit Release|Win32
		{44076A34-4795-4CF8-967E-084C1D414EB1}.PS2 DevKit Release.Build.0 = PS2 DevKit Release|Win32
		{44076A34-4795-4CF8-967E-084C1D414EB1}.PS2 DVD Debug.ActiveCfg = PS2 DVD Debug|Win32
		{44076A34-4795-4CF8-967E-084C1D414EB1}.PS2 DVD Debug.Build.0 = PS2 DVD Debug|Win32
		{44076A34-4795-4CF8-967E-084C1D414EB1}.PS2 DVD Release.ActiveCfg = PS2 DVD Release|Win32
		{44076A34-4795-4CF8-967E-084C1D414EB1}.PS2 DVD Release.Build.0 = PS2 DVD Release|Win32
		{44076A34-4795-4CF8-967E-084C1D414EB1}.Release.ActiveCfg = Release|Win32
		{44076A34-4795-4CF8-967E-084C1D414EB1}.Release.Build.0 = Release|Win32
		{44076A34-4795-4CF8-967E-084C1D414EB1}.Xbox Debug.ActiveCfg = Xbox Debug|Win32
		{44076A34-4795-4CF8-967E-084C1D414EB1}.Xbox Debug.Build.0 = Xbox Debug|Win32
		{44076A34-4795-4CF8-967E-084C1D414EB1}.Xbox Release.ActiveCfg = Xbox Release|Win32
		{44076A34-4795-4CF8-967E-084C1D414EB1}.Xbox Release.Build.0 = Xbox Release|Win32
		{2D58D13A-D397-4867-8A4C-D146C59E7F36}.Debug.ActiveCfg = Debug|Win32
		{2D58D13A-D397-4867-8A4C-D146C59E7F36}.Debug.Build.0 = Debug|Win32
		{2D58D13A-D397-4867-8A4C-D146C59E7F36}.GCN DevKit Debug.ActiveCfg = GCN DevKit Debug|Win32
		{2D58D13A-D397-4867-8A4C-D146C59E7F36}.GCN DevKit Debug.Build.0 = GCN DevKit Debug|Win32
		{2D58D13A-D397-4867-8A4C-D146C59E7F36}.GCN DevKit Release.ActiveCfg = GCN DevKit Release|Win32
		{2D58D13A-D397-4867-8A4C-D146C59E7F36}.GCN DevKit Release.Build.0 = GCN DevKit Release|Win32
		{2D58D13A-D397-4867-8A4C-D146C59E7F36}.GCN DVD Debug.ActiveCfg = GCN DVD Debug|Win32
		{2D58D13A-D397-4867-8A4C-D146C59E7F36}.GCN DVD Debug.Build.0 = GCN DVD Debug|Win32
		{2D58D13A-D397-4867-8A4C-D146C59E7F36}.GCN DVD Release.ActiveCfg = GCN DVD Release|Win32
		{2D58D13A-D397-4867-8A4C-D146C59E7F36}.GCN DVD Release.Build.0 = GCN DVD Release|Win32
		{2D58D13A-D397-4867-8A4C-D146C59E7F36}.PS2 Client Debug.ActiveCfg = PS2 Client Debug|Win32
		{2D58D13A-D397-4867-8A4C-D146C59E7F36}.PS2 Client Debug.Build.0 = PS2 Client Debug|Win32
		{2D58D13A-D397-4867-8A4C-D146C59E7F36}.PS2 Client Release.ActiveCfg = PS2 Client Release|Win32
		{2D58D13A-D397-4867-8A4C-D146C59E7F36}.PS2 Client Release.Build.0 = PS2 Client Release|Win32
		{2D58D13A-D397-4867-8A4C-D146C59E7F36}.PS2 DevKit Debug.ActiveCfg = PS2 DevKit Debug|Win32
		{2D58D13A-D397-4867-8A4C-D146C59E7F36}.PS2 DevKit Debug.Build.0 = PS2 DevKit Debug|Win32
		{2D58D13A-D397-4867-8A4C-D146C59E7F36}.PS2 DevKit Release.ActiveCfg = PS2 DevKit Release|Win32
		{2D58D13A-D397-4867-8A4C-D146C59E7F36}.PS2 DevKit Release.Build.0 = PS2 DevKit Release|Win32
		{2D58D13A-D397-4867-8A4C-D146C59E7F36}.PS2 DVD Debug.ActiveCfg = PS2 DVD Debug|Win32
		{2D58D13A-D397-4867-8A4C-D146C59E7F36}.PS2 DVD Debug.Build.0 = PS2 DVD Debug|Win32
		{2D58D13A-D397-4867-8A4C-D146C59E7F36}.PS2 DVD Release.ActiveCfg = PS2 DVD Release|Win32
		{2D58D13A-D397-4867-8A4C-D146C59E7F36}.PS2 DVD Release.Build.0 = PS2 DVD Release|Win32
		{2D58D13A-D397-4867-8A4C-D146C59E7F36}.Release.ActiveCfg = Release|Win32
		{2D58D13A-D397-4867-8A4C-D146C59E7F36}.Release.Build.0 = Release|Win32
		{2D58D13A-D397-4867-8A4C-D146C59E7F36}.Xbox Debug.ActiveCfg = Debug|Win32
		{2D58D13A-D397-4867-8A4C-D146C59E7F36}.Xbox Debug.Build.0 = Debug|Win32
		{2D58D13A-D397-4867-8A4C-D146C59E7F36}.Xbox Release.ActiveCfg = Release|Win32
		{2D58D13A-D397-4867-8A4C-D146C59E7F36}.Xbox Release.Build.0 = Release|Win32
		{AE838052-4063-463C-AB8F-C447136F5181}.Debug.ActiveCfg = Debug|Win32
		{AE838052-4063-463C-AB8F-C447136F5181}.Debug.Build.0 = Debug|Win32
		{AE838052-4063-463C-AB8F-C447136F5181}.GCN DevKit Debug.ActiveCfg = Debug|Win32
		{AE838052-4063-463C-AB8F-C447136F5181}.GCN DevKit Debug.Build.0 = Debug|Win32
		{AE838052-4063-463C-AB8F-C447136F5181}.GCN DevKit Release.ActiveCfg = Release|Win32
		{AE838052-4063-463C-AB8F-C447136F5181}.GCN DevKit Release.Build.0 = Release|Win32
		{AE838052-4063-463C-AB8F-C447136F5181}.GCN DVD Debug.ActiveCfg = Debug|Win32
		{AE838052-4063-463C-AB8F-C447136F5181}.GCN DVD Debug.Build.0 = Debug|Win32
		{AE838052-4063-463C-AB8F-C447136F5181}.GCN DVD Release.ActiveCfg = Release|Win32
		{AE838052-4063-463C-AB8F-C447136F5181}.GCN DVD Release.Build.0 = Release|Win32
		{AE838052-4063-463C-AB8F-C447136F5181}.PS2 Client Debug.ActiveCfg = PS2 Client Debug|Win32
		{AE838052-4063-463C-AB8F-C447136F5181}.PS2 Client Debug.Build.0 = PS2 Client Debug|Win32
		{AE838052-4063-463C-AB8F-C447136F5181}.PS2 Client Release.ActiveCfg = PS2 Client Release|Win32
		{AE838052-4063-463C-AB8F-C447136F5181}.PS2 Client Release.Build.0 = PS2 Client Release|Win32
		{AE838052-4063-463C-AB8F-C447136F5181}.PS2 DevKit Debug.ActiveCfg = PS2 DevKit Debug|Win32
		{AE838052-4063-463C-AB8F-C447136F5181}.PS2 DevKit Debug.Build.0 = PS2 DevKit Debug|Win32
		{AE838052-4063-463C-AB8F-C447136F5181}.PS2 DevKit Release.ActiveCfg = PS2 DevKit Release|Win32
		{AE838052-4063-463C-AB8F-C447136F5181}.PS2 DevKit Release.Build.0 = PS2 DevKit Release|Win32
		{AE838052-4063-463C-AB8F-C447136F5181}.PS2 DVD Debug.ActiveCfg = PS2 DVD Debug|Win32
		{AE838052-4063-463C-AB8F-C447136F5181}.PS2 DVD Debug.Build.0 = PS2 DVD Debug|Win32
		{AE838052-4063-463C-AB8F-C447136F5181}.PS2 DVD Release.ActiveCfg = PS2 DVD Release|Win32
		{AE838052-4063-463C-AB8F-C447136F5181}.PS2 DVD Release.Build.0 = PS2 DVD Release|Win32
		{AE838052-4063-463C-AB8F-C447136F5181}.Release.ActiveCfg = Release|Win32
		{AE838052-4063-463C-AB8F-C447136F5181}.Release.Build.0 = Release|Win32
		{AE838052-4063-463C-AB8F-C447136F5181}.Xbox Debug.ActiveCfg = Xbox Debug|Win32
		{AE838052-4063-463C-AB8F-C447136F5181}.Xbox Debug.Build.0 = Xbox Debug|Win32
		{AE838052-4063-463C-AB8F-C447136F5181}.Xbox Release.ActiveCfg = Xbox Release|Win32
		{AE838052-4063-463C-AB8F-C447136F5181}.Xbox Release.Build.0 = Xbox Release|Win32
		{5BCF9200-D6EB-48C9-A60F-BB2946B59FD3}.Debug.ActiveCfg = Debug|Win32
		{5BCF9200-D6EB-48C9-A60F-BB2946B59FD3}.Debug.Build.0 = Debug|Win32
		{5BCF9200-D6EB-48C9-A60F-BB2946B59FD3}.GCN DevKit Debug.ActiveCfg = Debug|Win32
		{5BCF9200-D6EB-48C9-A60F-BB2946B59FD3}.GCN DevKit Debug.Build.0 = Debug|Win32
		{5BCF9200-D6EB-48C9-A60F-BB2946B59FD3}.GCN DevKit Release.ActiveCfg = Release|Win32
		{5BCF9200-D6EB-48C9-A60F-BB2946B59FD3}.GCN DevKit Release.Build.0 = Release|Win32
		{5BCF9200-D6EB-48C9-A60F-BB2946B59FD3}.GCN DVD Debug.ActiveCfg = Debug|Win32
		{5BCF9200-D6EB-48C9-A60F-BB2946B59FD3}.GCN DVD Debug.Build.0 = Debug|Win32
		{5BCF9200-D6EB-48C9-A60F-BB2946B59FD3}.GCN DVD Release.ActiveCfg = Release|Win32
		{5BCF9200-D6EB-48C9-A60F-BB2946B59FD3}.GCN DVD Release.Build.0 = Release|Win32
		{5BCF9200-D6EB-48C9-A60F-BB2946B59FD3}.PS2 Client Debug.ActiveCfg = PS2 Client Debug|Win32
		{5BCF9200-D6EB-48C9-A60F-BB2946B59FD3}.PS2 Client Debug.Build.0 = PS2 Client Debug|Win32
		{5BCF9200-D6EB-48C9-A60F-BB2946B59FD3}.PS2 Client Release.ActiveCfg = PS2 Client Release|Win32
		{5BCF9200-D6EB-48C9-A60F-BB2946B59FD3}.PS2 Client Release.Build.0 = PS2 Client Release|Win32
		{5BCF9200-D6EB-48C9-A60F-BB2946B59FD3}.PS2 DevKit Debug.ActiveCfg = PS2 DevKit Debug|Win32
		{5BCF9200-D6EB-48C9-A60F-BB2946B59FD3}.PS2 DevKit Debug.Build.0 = PS2 DevKit Debug|Win32
		{5BCF9200-D6EB-48C9-A60F-BB2946B59FD3}.PS2 DevKit Release.ActiveCfg = PS2 DevKit Release|Win32
		{5BCF9200-D6EB-48C9-A60F-BB2946B59FD3}.PS2 DevKit Release.Build.0 = PS2 DevKit Release|Win32
		{5BCF9200-D6EB-48C9-A60F-BB2946B59FD3}.PS2 DVD Debug.ActiveCfg = PS2 DVD Debug|Win32
		{5BCF9200-D6EB-48C9-A60F-BB2946B59FD3}.PS2 DVD Debug.Build.0 = PS2 DVD Debug|Win32
		{5BCF9200-D6EB-48C9-A60F-BB2946B59FD3}.PS2 DVD Release.ActiveCfg = PS2 DVD Release|Win32
		{5BCF9200-D6EB-48C9-A60F-BB2946B59FD3}.PS2 DVD Release.Build.0 = PS2 DVD Release|Win32
		{5BCF9200-D6EB-48C9-A60F-BB2946B59FD3}.Release.ActiveCfg = Release|Win32
		{5BCF9200-D6EB-48C9-A60F-BB2946B59FD3}.Release.Build.0 = Release|Win32
		{5BCF9200-D6EB-48C9-A60F-BB2946B59FD3}.Xbox Debug.ActiveCfg = Xbox Debug|Win32
		{5BCF9200-D6EB-48C9-A60F-BB2946B59FD3}.Xbox Debug.Build.0 = Xbox Debug|Win32
		{5BCF9200-D6EB-48C9-A60F-BB2946B59FD3}.Xbox Release.ActiveCfg = Xbox Release|Win32
		{5BCF9200-D6EB-48C9-A60F-BB2946B59FD3}.Xbox Release.Build.0 = Xbox Release|Win32
		{987399ED-2B90-481A-95B6-5789BBEC4C56}.Debug.ActiveCfg = Debug|Win32
		{987399ED-2B90-481A-95B6-5789BBEC4C56}.Debug.Build.0 = Debug|Win32
		{987399ED-2B90-481A-95B6-5789BBEC4C56}.GCN DevKit Debug.ActiveCfg = GCN DevKit Debug|Win32
		{987399ED-2B90-481A-95B6-5789BBEC4C56}.GCN DevKit Debug.Build.0 = GCN DevKit Debug|Win32
		{987399ED-2B90-481A-95B6-5789BBEC4C56}.GCN DevKit Release.ActiveCfg = GCN DevKit Release|Win32
		{987399ED-2B90-481A-95B6-5789BBEC4C56}.GCN DevKit Release.Build.0 = GCN DevKit Release|Win32
		{987399ED-2B90-481A-95B6-5789BBEC4C56}.GCN DVD Debug.ActiveCfg = GCN DVD Debug|Win32
		{987399ED-2B90-481A-95B6-5789BBEC4C56}.GCN DVD Debug.Build.0 = GCN DVD Debug|Win32
		{987399ED-2B90-481A-95B6-5789BBEC4C56}.GCN DVD Release.ActiveCfg = GCN DVD Release|Win32
		{987399ED-2B90-481A-95B6-5789BBEC4C56}.GCN DVD Release.Build.0 = GCN DVD Release|Win32
		{987399ED-2B90-481A-95B6-5789BBEC4C56}.PS2 Client Debug.ActiveCfg = PS2 Client Debug|Win32
		{987399ED-2B90-481A-95B6-5789BBEC4C56}.PS2 Client Debug.Build.0 = PS2 Client Debug|Win32
		{987399ED-2B90-481A-95B6-5789BBEC4C56}.PS2 Client Release.ActiveCfg = PS2 Client Release|Win32
		{987399ED-2B90-481A-95B6-5789BBEC4C56}.PS2 Client Release.Build.0 = PS2 Client Release|Win32
		{987399ED-2B90-481A-95B6-5789BBEC4C56}.PS2 DevKit Debug.ActiveCfg = PS2 DevKit Debug|Win32
		{987399ED-2B90-481A-95B6-5789BBEC4C56}.PS2 DevKit Debug.Build.0 = PS2 DevKit Debug|Win32
		{987399ED-2B90-481A-95B6-5789BBEC4C56}.PS2 DevKit Release.ActiveCfg = PS2 DevKit Release|Win32
		{987399ED-2B90-481A-95B6-5789BBEC4C56}.PS2 DevKit Release.Build.0 = PS2 DevKit Release|Win32
		{987399ED-2B90-481A-95B6-5789BBEC4C56}.PS2 DVD Debug.ActiveCfg = PS2 DVD Debug|Win32
		{987399ED-2B90-481A-95B6-5789BBEC4C56}.PS2 DVD Debug.Build.0 = PS2 DVD Debug|Win32
		{987399ED-2B90-481A-95B6-5789BBEC4C56}.PS2 DVD Release.ActiveCfg = PS2 DVD Release|Win32
		{987399ED-2B90-481A-95B6-5789BBEC4C56}.PS2 DVD Release.Build.0 = PS2 DVD Release|Win32
		{987399ED-2B90-481A-95B6-5789BBEC4C56}.Release.ActiveCfg = Release|Win32
		{987399ED-2B90-481A-95B6-5789BBEC4C56}.Release.Build.0 = Release|Win32
		{987399ED-2B90-481A-95B6-5789BBEC4C56}.Xbox Debug.ActiveCfg = Xbox Debug|Win32
		{987399ED-2B90-481A-95B6-5789BBEC4C56}.Xbox Debug.Build.0 = Xbox Debug|Win32
		{987399ED-2B90-481A-95B6-5789BBEC4C56}.Xbox Release.ActiveCfg = Xbox Release|Win32
		{987399ED-2B90-481A-95B6-5789BBEC4C56}.Xbox Release.Build.0 = Xbox Release|Win32
		{5D63A2F1-8E8F-485C-9F4C-99DC3A66D17C}.Debug.ActiveCfg = Debug|Win32
		{5D63A2F1-8E8F-485C-9F4C-99DC3A66D17C}.Debug.Build.0 = Debug|Win32
		{5D63A2F1-8E8F-485C-9F4C-99DC3A66D17C}.GCN DevKit Debug.ActiveCfg = Debug|Win32
		{5D63A2F1-8E8F-485C-9F4C-99DC3A66D17C}.GCN DevKit Debug.Build.0 = Debug|Win32
		{5D63A2F1-8E8F-485C-9F4C-99DC3A66D17C}.GCN DevKit Release.ActiveCfg = Release|Win32
		{5D63A2F1-8E8F-485C-9F4C-99DC3A66D17C}.GCN DevKit Release.Build.0 = Release|Win32
		{5D63A2F1-8E8F-485C-9F4C-99DC3A66D17C}.GCN DVD Debug.ActiveCfg = Debug|Win32
		{5D63A2F1-8E8F-485C-9F4C-99DC3A66D17C}.GCN DVD Debug.Build.0 = Debug|Win32
		{5D63A2F1-8E8F-485C-9F4C-99DC3A66D17C}.GCN DVD Release.ActiveCfg = Release|Win32
		{5D63A2F1-8E8F-485C-9F4C-99DC3A66D17C}.GCN DVD Release.Build.0 = Release|Win32
		{5D63A2F1-8E8F-485C-9F4C-99DC3A66D17C}.PS2 Client Debug.ActiveCfg = PS2 Client Debug|Win32
		{5D63A2F1-8E8F-485C-9F4C-99DC3A66D17C}.PS2 Client Debug.Build.0 = PS2 Client Debug|Win32
		{5D63A2F1-8E8F-485C-9F4C-99DC3A66D17C}.PS2 Client Release.ActiveCfg = PS2 Client Release|Win32
		{5D63A2F1-8E8F-485C-9F4C-99DC3A66D17C}.PS2 Client Release.Build.0 = PS2 Client Release|Win32
		{5D63A2F1-8E8F-485C-9F4C-99DC3A66D17C}.PS2 DevKit Debug.ActiveCfg = PS2 DevKit Debug|Win32
		{5D63A2F1-8E8F-485C-9F4C-99DC3A66D17C}.PS2 DevKit Debug.Build.0 = PS2 DevKit Debug|Win32
		{5D63A2F1-8E8F-485C-9F4C-99DC3A66D17C}.PS2 DevKit Release.ActiveCfg = PS2 DevKit Release|Win32
		{5D63A2F1-8E8F-485C-9F4C-99DC3A66D17C}.PS2 DevKit Release.Build.0 = PS2 DevKit Release|Win32
		{5D63A2F1-8E8F-485C-9F4C-99DC3A66D17C}.PS2 DVD Debug.ActiveCfg = PS2 DVD Debug|Win32
		{5D63A2F1-8E8F-485C-9F4C-99DC3A66D17C}.PS2 DVD Debug.Build.0 = PS2 DVD Debug|Win32
		{5D63A2F1-8E8F-485C-9F4C-99DC3A66D17C}.PS2 DVD Release.ActiveCfg = PS2 DVD Release|Win32
		{5D63A2F1-8E8F-485C-9F4C-99DC3A66D17C}.PS2 DVD Release.Build.0 = PS2 DVD Release|Win32
		{5D63A2F1-8E8F-485C-9F4C-99DC3A66D17C}.Release.ActiveCfg = Release|Win32
		{5D63A2F1-8E8F-485C-9F4C-99DC3A66D17C}.Release.Build.0 = Release|Win32
		{5D63A2F1-8E8F-485C-9F4C-99DC3A66D17C}.Xbox Debug.ActiveCfg = Xbox Debug|Win32
		{5D63A2F1-8E8F-485C-9F4C-99DC3A66D17C}.Xbox Debug.Build.0 = Xbox Debug|Win32
		{5D63A2F1-8E8F-485C-9F4C-99DC3A66D17C}.Xbox Release.ActiveCfg = Xbox Release|Win32
		{5D63A2F1-8E8F-485C-9F4C-99DC3A66D17C}.Xbox Release.Build.0 = Xbox Release|Win32
	EndGlobalSection
	GlobalSection(ExtensibilityGlobals) = postSolution
	EndGlobalSection
	GlobalSection(ExtensibilityAddIns) = postSolution
	EndGlobalSection
EndGlobal
