Microsoft Visual Studio Solution File, Format Version 8.00
Project("{8BC9CEB8-8B4A-11D0-8D11-00A0C91BC942}") = "xTool", "xTool.vcproj", "{11CAA66D-D48F-4066-9523-BB88A08CAA7B}"
	ProjectSection(ProjectDependencies) = postProject
		{51F65302-640B-49E6-B711-585E20B79433} = {51F65302-640B-49E6-B711-585E20B79433}
		{DD8AB240-8FA8-4E65-83EF-CB73E24E505E} = {DD8AB240-8FA8-4E65-83EF-CB73E24E505E}
	EndProjectSection
EndProject
Project("{8BC9CEB8-8B4A-11D0-8D11-00A0C91BC942}") = "x_files", "..\..\xCore\x_files\x_files.vcproj", "{51F65302-640B-49E6-B711-585E20B79433}"
	ProjectSection(ProjectDependencies) = postProject
	EndProjectSection
EndProject
Project("{8BC9CEB8-8B4A-11D0-8D11-00A0C91BC942}") = "aux_Bitmap", "..\..\xCore\Auxiliary\Bitmap\aux_Bitmap.vcproj", "{DD8AB240-8FA8-4E65-83EF-CB73E24E505E}"
	ProjectSection(ProjectDependencies) = postProject
	EndProjectSection
EndProject
Global
	GlobalSection(SolutionConfiguration) = preSolution
		EDITOR-Debug = EDITOR-Debug
		EDITOR-OptDebug = EDITOR-OptDebug
		EDITOR-Retail = EDITOR-Retail
	EndGlobalSection
	GlobalSection(ProjectConfiguration) = postSolution
		{11CAA66D-D48F-4066-9523-BB88A08CAA7B}.EDITOR-Debug.ActiveCfg = EDITOR-Debug|Win32
		{11CAA66D-D48F-4066-9523-BB88A08CAA7B}.EDITOR-Debug.Build.0 = EDITOR-Debug|Win32
		{11CAA66D-D48F-4066-9523-BB88A08CAA7B}.EDITOR-OptDebug.ActiveCfg = EDITOR-OptDebug|Win32
		{11CAA66D-D48F-4066-9523-BB88A08CAA7B}.EDITOR-OptDebug.Build.0 = EDITOR-OptDebug|Win32
		{11CAA66D-D48F-4066-9523-BB88A08CAA7B}.EDITOR-Retail.ActiveCfg = EDITOR-Retail|Win32
		{11CAA66D-D48F-4066-9523-BB88A08CAA7B}.EDITOR-Retail.Build.0 = EDITOR-Retail|Win32
		{51F65302-640B-49E6-B711-585E20B79433}.EDITOR-Debug.ActiveCfg = EDITOR-Debug|Win32
		{51F65302-640B-49E6-B711-585E20B79433}.EDITOR-Debug.Build.0 = EDITOR-Debug|Win32
		{51F65302-640B-49E6-B711-585E20B79433}.EDITOR-OptDebug.ActiveCfg = EDITOR-OptDebug|Win32
		{51F65302-640B-49E6-B711-585E20B79433}.EDITOR-OptDebug.Build.0 = EDITOR-OptDebug|Win32
		{51F65302-640B-49E6-B711-585E20B79433}.EDITOR-Retail.ActiveCfg = EDITOR-Retail|Win32
		{51F65302-640B-49E6-B711-585E20B79433}.EDITOR-Retail.Build.0 = EDITOR-Retail|Win32
		{DD8AB240-8FA8-4E65-83EF-CB73E24E505E}.EDITOR-Debug.ActiveCfg = Debug|Win32
		{DD8AB240-8FA8-4E65-83EF-CB73E24E505E}.EDITOR-Debug.Build.0 = Debug|Win32
		{DD8AB240-8FA8-4E65-83EF-CB73E24E505E}.EDITOR-OptDebug.ActiveCfg = OptDebug|Xbox
		{DD8AB240-8FA8-4E65-83EF-CB73E24E505E}.EDITOR-OptDebug.Build.0 = OptDebug|Xbox
		{DD8AB240-8FA8-4E65-83EF-CB73E24E505E}.EDITOR-Retail.ActiveCfg = Retail|Xbox
		{DD8AB240-8FA8-4E65-83EF-CB73E24E505E}.EDITOR-Retail.Build.0 = Retail|Xbox
	EndGlobalSection
	GlobalSection(ExtensibilityGlobals) = postSolution
	EndGlobalSection
	GlobalSection(ExtensibilityAddIns) = postSolution
	EndGlobalSection
EndGlobal
