<?xml version="1.0" encoding="utf-8"?>
<Project ToolsVersion="4.0" xmlns="http://schemas.microsoft.com/developer/msbuild/2003">
  <ItemGroup>
    <Filter Include="Implementation">
      <UniqueIdentifier>{235e2983-f070-49ca-8267-da6b7c111ade}</UniqueIdentifier>
    </Filter>
    <Filter Include="Implementation\Inline">
      <UniqueIdentifier>{68f7efb0-1c1a-4eb4-9d27-af0bfa732f5f}</UniqueIdentifier>
    </Filter>
    <Filter Include="Implementation\Private">
      <UniqueIdentifier>{9d0e6bb3-05c4-4674-a720-53e27f7db1e4}</UniqueIdentifier>
    </Filter>
    <Filter Include="Implementation\External">
      <UniqueIdentifier>{39fa2ba5-4b97-41a3-8a56-10ad7ac79075}</UniqueIdentifier>
    </Filter>
    <Filter Include="Under Construction">
      <UniqueIdentifier>{25435abb-c37c-4253-88d2-9074293a467c}</UniqueIdentifier>
    </Filter>
  </ItemGroup>
  <ItemGroup>
    <ClCompile Include="Implementation\x_bitmap.cpp">
      <Filter>Implementation</Filter>
    </ClCompile>
    <ClCompile Include="Implementation\x_bitmap_cmap.cpp">
      <Filter>Implementation</Filter>
    </ClCompile>
    <ClCompile Include="Implementation\x_bitmap_convert.cpp">
      <Filter>Implementation</Filter>
    </ClCompile>
    <ClCompile Include="Implementation\x_bitmap_dxtc.cpp">
      <Filter>Implementation</Filter>
    </ClCompile>
    <ClCompile Include="Implementation\x_bitmap_io.cpp">
      <Filter>Implementation</Filter>
    </ClCompile>
    <ClCompile Include="Implementation\x_bitmap_quant.cpp">
      <Filter>Implementation</Filter>
    </ClCompile>
    <ClCompile Include="Implementation\x_bitstream.cpp">
      <Filter>Implementation</Filter>
    </ClCompile>
    <ClCompile Include="Implementation\x_bytestream.cpp">
      <Filter>Implementation</Filter>
    </ClCompile>
    <ClCompile Include="Implementation\x_context.cpp">
      <Filter>Implementation</Filter>
    </ClCompile>
    <ClCompile Include="Implementation\x_debug.cpp">
      <Filter>Implementation</Filter>
    </ClCompile>
    <ClCompile Include="Implementation\x_files.cpp">
      <Filter>Implementation</Filter>
    </ClCompile>
    <ClCompile Include="Implementation\x_log.cpp">
      <Filter>Implementation</Filter>
    </ClCompile>
    <ClCompile Include="Implementation\x_malloc.cpp">
      <Filter>Implementation</Filter>
    </ClCompile>
    <ClCompile Include="Implementation\x_math.cpp">
      <Filter>Implementation</Filter>
    </ClCompile>
    <ClCompile Include="Implementation\x_math_basic.cpp">
      <Filter>Implementation</Filter>
    </ClCompile>
    <ClCompile Include="Implementation\x_math_misc.cpp">
      <Filter>Implementation</Filter>
    </ClCompile>
    <ClCompile Include="Implementation\x_math_sphere.cpp">
      <Filter>Implementation</Filter>
    </ClCompile>
    <ClCompile Include="Implementation\x_memfile.cpp">
      <Filter>Implementation</Filter>
    </ClCompile>
    <ClCompile Include="Implementation\x_memory.cpp">
      <Filter>Implementation</Filter>
    </ClCompile>
    <ClCompile Include="Implementation\x_mqueue.cpp">
      <Filter>Implementation</Filter>
    </ClCompile>
    <ClCompile Include="Implementation\x_mutex.cpp">
      <Filter>Implementation</Filter>
    </ClCompile>
    <ClCompile Include="Implementation\x_plus.cpp">
      <Filter>Implementation</Filter>
    </ClCompile>
    <ClCompile Include="Implementation\x_stdio.cpp">
      <Filter>Implementation</Filter>
    </ClCompile>
    <ClCompile Include="Implementation\x_string.cpp">
      <Filter>Implementation</Filter>
    </ClCompile>
    <ClCompile Include="Implementation\x_threads.cpp">
      <Filter>Implementation</Filter>
    </ClCompile>
    <ClCompile Include="Implementation\x_threads_pc.cpp">
      <Filter>Implementation</Filter>
    </ClCompile>
    <ClCompile Include="Implementation\x_threads_ps2.cpp">
      <Filter>Implementation</Filter>
    </ClCompile>
    <ClCompile Include="Implementation\x_time.cpp">
      <Filter>Implementation</Filter>
    </ClCompile>
    <ClCompile Include="Implementation\x_tool.cpp">
      <Filter>Implementation</Filter>
    </ClCompile>
    <ClCompile Include="Implementation\x_vsprintf.cpp">
      <Filter>Implementation</Filter>
    </ClCompile>
    <ClCompile Include="Implementation\x_flare.cpp">
      <Filter>Under Construction</Filter>
    </ClCompile>
  </ItemGroup>
  <ItemGroup>
    <ClInclude Include="Implementation\x_bitmap_inline.hpp">
      <Filter>Implementation\Inline</Filter>
    </ClInclude>
    <ClInclude Include="Implementation\x_color_inline.hpp">
      <Filter>Implementation\Inline</Filter>
    </ClInclude>
    <ClInclude Include="Implementation\x_math_bb_inline.hpp">
      <Filter>Implementation\Inline</Filter>
    </ClInclude>
    <ClInclude Include="Implementation\x_math_inline.hpp">
      <Filter>Implementation\Inline</Filter>
    </ClInclude>
    <ClInclude Include="Implementation\x_math_m3_inline.hpp">
      <Filter>Implementation\Inline</Filter>
    </ClInclude>
    <ClInclude Include="Implementation\x_math_m4_inline.hpp">
      <Filter>Implementation\Inline</Filter>
    </ClInclude>
    <ClInclude Include="Implementation\x_math_p_inline.hpp">
      <Filter>Implementation\Inline</Filter>
    </ClInclude>
    <ClInclude Include="Implementation\x_math_q_inline.hpp">
      <Filter>Implementation\Inline</Filter>
    </ClInclude>
    <ClInclude Include="Implementation\x_math_r3_inline.hpp">
      <Filter>Implementation\Inline</Filter>
    </ClInclude>
    <ClInclude Include="Implementation\x_math_rect_inline.hpp">
      <Filter>Implementation\Inline</Filter>
    </ClInclude>
    <ClInclude Include="Implementation\x_math_sph_inline.hpp">
      <Filter>Implementation\Inline</Filter>
    </ClInclude>
    <ClInclude Include="Implementation\x_math_v2_inline.hpp">
      <Filter>Implementation\Inline</Filter>
    </ClInclude>
    <ClInclude Include="Implementation\x_math_v3_inline.hpp">
      <Filter>Implementation\Inline</Filter>
    </ClInclude>
    <ClInclude Include="Implementation\x_math_v4_inline.hpp">
      <Filter>Implementation\Inline</Filter>
    </ClInclude>
    <ClInclude Include="Implementation\x_string_inline.hpp">
      <Filter>Implementation\Inline</Filter>
    </ClInclude>
    <ClInclude Include="Implementation\x_array_private.hpp">
      <Filter>Implementation\Private</Filter>
    </ClInclude>
    <ClInclude Include="Implementation\x_files_private.hpp">
      <Filter>Implementation\Private</Filter>
    </ClInclude>
    <ClInclude Include="Implementation\x_log_private.hpp">
      <Filter>Implementation\Private</Filter>
    </ClInclude>
    <ClInclude Include="Implementation\x_memory_private.hpp">
      <Filter>Implementation\Private</Filter>
    </ClInclude>
    <ClInclude Include="Implementation\x_mqueue_private.hpp">
      <Filter>Implementation\Private</Filter>
    </ClInclude>
    <ClInclude Include="Implementation\x_mutex_private.hpp">
      <Filter>Implementation\Private</Filter>
    </ClInclude>
    <ClInclude Include="Implementation\x_semaphore_private.hpp">
      <Filter>Implementation\Private</Filter>
    </ClInclude>
    <ClInclude Include="Implementation\x_stdio_private.hpp">
      <Filter>Implementation\Private</Filter>
    </ClInclude>
    <ClInclude Include="Implementation\x_threads_private.hpp">
      <Filter>Implementation\Private</Filter>
    </ClInclude>
    <ClInclude Include="Implementation\x_tool_private.hpp">
      <Filter>Implementation\Private</Filter>
    </ClInclude>
    <ClInclude Include="..\3rdParty\PS2\Sony\sce\ee\gcc\ee\include\_ansi.h">
      <Filter>Implementation\External</Filter>
    </ClInclude>
    <ClInclude Include="PS2-DevKit-Debug\_SN_in_VC.h">
      <Filter>Implementation\External</Filter>
    </ClInclude>
    <ClInclude Include="..\3rdParty\PS2\Sony\sce\ee\gcc\ee\include\sys\config.h">
      <Filter>Implementation\External</Filter>
    </ClInclude>
    <ClInclude Include="..\3rdParty\PS2\Sony\sce\ee\gcc\ee\include\machine\ieeefp.h">
      <Filter>Implementation\External</Filter>
    </ClInclude>
    <ClInclude Include="..\3rdParty\PS2\Sony\sce\ee\gcc\ee\include\sys\reent.h">
      <Filter>Implementation\External</Filter>
    </ClInclude>
    <ClInclude Include="..\3rdParty\PS2\Sony\sce\ee\include\sifdev.h">
      <Filter>Implementation\External</Filter>
    </ClInclude>
    <ClInclude Include="x_array.hpp" />
    <ClInclude Include="x_bitmap.hpp" />
    <ClInclude Include="x_bitstream.hpp" />
    <ClInclude Include="x_bytestream.hpp" />
    <ClInclude Include="x_color.hpp" />
    <ClInclude Include="x_context.hpp" />
    <ClInclude Include="x_debug.hpp" />
    <ClInclude Include="x_files.hpp" />
    <ClInclude Include="x_log.hpp" />
    <ClInclude Include="x_math.hpp" />
    <ClInclude Include="x_math_misc.hpp" />
    <ClInclude Include="x_memfile.hpp" />
    <ClInclude Include="x_memory.hpp" />
    <ClInclude Include="x_plus.hpp" />
    <ClInclude Include="x_stdio.hpp" />
    <ClInclude Include="x_string.hpp" />
    <ClInclude Include="x_target.hpp" />
    <ClInclude Include="x_threads.hpp" />
    <ClInclude Include="x_time.hpp" />
    <ClInclude Include="x_types.hpp" />
  </ItemGroup>
  <ItemGroup>
    <CustomBuild Include="x_flare.hpp">
      <Filter>Under Construction</Filter>
    </CustomBuild>
  </ItemGroup>
</Project>