Microsoft Visual Studio Solution File, Format Version 8.00
Project("{8BC9CEB8-8B4A-11D0-8D11-00A0C91BC942}") = "pcreTest", "pcreTest.vcproj", "{03793B29-8B03-4306-9807-5BD57D56E1AA}"
	ProjectSection(ProjectDependencies) = postProject
		{51F65302-640B-49E6-B711-585E20B79433} = {51F65302-640B-49E6-B711-585E20B79433}
		{0DD5FD4D-6244-4FF2-9630-F2A0595A05E1} = {0DD5FD4D-6244-4FF2-9630-F2A0595A05E1}
	EndProjectSection
EndProject
Project("{8BC9CEB8-8B4A-11D0-8D11-00A0C91BC942}") = "PCRE", "..\..\..\xCore\Auxiliary\PCRE\PCRE.vcproj", "{0DD5FD4D-6244-4FF2-9630-F2A0595A05E1}"
	ProjectSection(ProjectDependencies) = postProject
	EndProjectSection
EndProject
Project("{8BC9CEB8-8B4A-11D0-8D11-00A0C91BC942}") = "x_files", "..\..\..\xCore\x_files\x_files.vcproj", "{51F65302-640B-49E6-B711-585E20B79433}"
	ProjectSection(ProjectDependencies) = postProject
	EndProjectSection
EndProject
Global
	GlobalSection(SolutionConfiguration) = preSolution
		Debug Win32 = Debug Win32
		Debug Xbox = Debug Xbox
		EDITOR-Debug Win32 = EDITOR-Debug Win32
		EDITOR-Debug Xbox = EDITOR-Debug Xbox
		EDITOR-OptDebug Win32 = EDITOR-OptDebug Win32
		EDITOR-OptDebug Xbox = EDITOR-OptDebug Xbox
		EDITOR-Retail Win32 = EDITOR-Retail Win32
		EDITOR-Retail Xbox = EDITOR-Retail Xbox
		OptDebug Win32 = OptDebug Win32
		OptDebug Xbox = OptDebug Xbox
		PS2-Debug Win32 = PS2-Debug Win32
		PS2-Debug Xbox = PS2-Debug Xbox
		PS2-OptDebug Win32 = PS2-OptDebug Win32
		PS2-OptDebug Xbox = PS2-OptDebug Xbox
		PS2-Profile Win32 = PS2-Profile Win32
		PS2-Profile Xbox = PS2-Profile Xbox
		PS2-QA Win32 = PS2-QA Win32
		PS2-QA Xbox = PS2-QA Xbox
		PS2-Retail Win32 = PS2-Retail Win32
		PS2-Retail Xbox = PS2-Retail Xbox
		PS2-Viewer Win32 = PS2-Viewer Win32
		PS2-Viewer Xbox = PS2-Viewer Xbox
		QA Win32 = QA Win32
		QA Xbox = QA Xbox
		Release = Release
		Retail Win32 = Retail Win32
		Retail Xbox = Retail Xbox
	EndGlobalSection
	GlobalSection(ProjectConfiguration) = postSolution
		{03793B29-8B03-4306-9807-5BD57D56E1AA}.Debug Win32.ActiveCfg = Debug|Win32
		{03793B29-8B03-4306-9807-5BD57D56E1AA}.Debug Win32.Build.0 = Debug|Win32
		{03793B29-8B03-4306-9807-5BD57D56E1AA}.Debug Xbox.ActiveCfg = Debug|Win32
		{03793B29-8B03-4306-9807-5BD57D56E1AA}.Debug Xbox.Build.0 = Debug|Win32
		{03793B29-8B03-4306-9807-5BD57D56E1AA}.EDITOR-Debug Win32.ActiveCfg = Debug|Win32
		{03793B29-8B03-4306-9807-5BD57D56E1AA}.EDITOR-Debug Win32.Build.0 = Debug|Win32
		{03793B29-8B03-4306-9807-5BD57D56E1AA}.EDITOR-Debug Xbox.ActiveCfg = Debug|Win32
		{03793B29-8B03-4306-9807-5BD57D56E1AA}.EDITOR-Debug Xbox.Build.0 = Debug|Win32
		{03793B29-8B03-4306-9807-5BD57D56E1AA}.EDITOR-OptDebug Win32.ActiveCfg = Debug|Win32
		{03793B29-8B03-4306-9807-5BD57D56E1AA}.EDITOR-OptDebug Win32.Build.0 = Debug|Win32
		{03793B29-8B03-4306-9807-5BD57D56E1AA}.EDITOR-OptDebug Xbox.ActiveCfg = Debug|Win32
		{03793B29-8B03-4306-9807-5BD57D56E1AA}.EDITOR-OptDebug Xbox.Build.0 = Debug|Win32
		{03793B29-8B03-4306-9807-5BD57D56E1AA}.EDITOR-Retail Win32.ActiveCfg = Release|Win32
		{03793B29-8B03-4306-9807-5BD57D56E1AA}.EDITOR-Retail Win32.Build.0 = Release|Win32
		{03793B29-8B03-4306-9807-5BD57D56E1AA}.EDITOR-Retail Xbox.ActiveCfg = Release|Win32
		{03793B29-8B03-4306-9807-5BD57D56E1AA}.EDITOR-Retail Xbox.Build.0 = Release|Win32
		{03793B29-8B03-4306-9807-5BD57D56E1AA}.OptDebug Win32.ActiveCfg = Debug|Win32
		{03793B29-8B03-4306-9807-5BD57D56E1AA}.OptDebug Win32.Build.0 = Debug|Win32
		{03793B29-8B03-4306-9807-5BD57D56E1AA}.OptDebug Xbox.ActiveCfg = Debug|Win32
		{03793B29-8B03-4306-9807-5BD57D56E1AA}.OptDebug Xbox.Build.0 = Debug|Win32
		{03793B29-8B03-4306-9807-5BD57D56E1AA}.PS2-Debug Win32.ActiveCfg = Debug|Win32
		{03793B29-8B03-4306-9807-5BD57D56E1AA}.PS2-Debug Win32.Build.0 = Debug|Win32
		{03793B29-8B03-4306-9807-5BD57D56E1AA}.PS2-Debug Xbox.ActiveCfg = Debug|Win32
		{03793B29-8B03-4306-9807-5BD57D56E1AA}.PS2-Debug Xbox.Build.0 = Debug|Win32
		{03793B29-8B03-4306-9807-5BD57D56E1AA}.PS2-OptDebug Win32.ActiveCfg = Debug|Win32
		{03793B29-8B03-4306-9807-5BD57D56E1AA}.PS2-OptDebug Win32.Build.0 = Debug|Win32
		{03793B29-8B03-4306-9807-5BD57D56E1AA}.PS2-OptDebug Xbox.ActiveCfg = Debug|Win32
		{03793B29-8B03-4306-9807-5BD57D56E1AA}.PS2-OptDebug Xbox.Build.0 = Debug|Win32
		{03793B29-8B03-4306-9807-5BD57D56E1AA}.PS2-Profile Win32.ActiveCfg = Release|Win32
		{03793B29-8B03-4306-9807-5BD57D56E1AA}.PS2-Profile Win32.Build.0 = Release|Win32
		{03793B29-8B03-4306-9807-5BD57D56E1AA}.PS2-Profile Xbox.ActiveCfg = Release|Win32
		{03793B29-8B03-4306-9807-5BD57D56E1AA}.PS2-Profile Xbox.Build.0 = Release|Win32
		{03793B29-8B03-4306-9807-5BD57D56E1AA}.PS2-QA Win32.ActiveCfg = Release|Win32
		{03793B29-8B03-4306-9807-5BD57D56E1AA}.PS2-QA Win32.Build.0 = Release|Win32
		{03793B29-8B03-4306-9807-5BD57D56E1AA}.PS2-QA Xbox.ActiveCfg = Release|Win32
		{03793B29-8B03-4306-9807-5BD57D56E1AA}.PS2-QA Xbox.Build.0 = Release|Win32
		{03793B29-8B03-4306-9807-5BD57D56E1AA}.PS2-Retail Win32.ActiveCfg = Release|Win32
		{03793B29-8B03-4306-9807-5BD57D56E1AA}.PS2-Retail Win32.Build.0 = Release|Win32
		{03793B29-8B03-4306-9807-5BD57D56E1AA}.PS2-Retail Xbox.ActiveCfg = Release|Win32
		{03793B29-8B03-4306-9807-5BD57D56E1AA}.PS2-Retail Xbox.Build.0 = Release|Win32
		{03793B29-8B03-4306-9807-5BD57D56E1AA}.PS2-Viewer Win32.ActiveCfg = Release|Win32
		{03793B29-8B03-4306-9807-5BD57D56E1AA}.PS2-Viewer Win32.Build.0 = Release|Win32
		{03793B29-8B03-4306-9807-5BD57D56E1AA}.PS2-Viewer Xbox.ActiveCfg = Release|Win32
		{03793B29-8B03-4306-9807-5BD57D56E1AA}.PS2-Viewer Xbox.Build.0 = Release|Win32
		{03793B29-8B03-4306-9807-5BD57D56E1AA}.QA Win32.ActiveCfg = Release|Win32
		{03793B29-8B03-4306-9807-5BD57D56E1AA}.QA Win32.Build.0 = Release|Win32
		{03793B29-8B03-4306-9807-5BD57D56E1AA}.QA Xbox.ActiveCfg = Release|Win32
		{03793B29-8B03-4306-9807-5BD57D56E1AA}.QA Xbox.Build.0 = Release|Win32
		{03793B29-8B03-4306-9807-5BD57D56E1AA}.Release.ActiveCfg = Release|Win32
		{03793B29-8B03-4306-9807-5BD57D56E1AA}.Release.Build.0 = Release|Win32
		{03793B29-8B03-4306-9807-5BD57D56E1AA}.Retail Win32.ActiveCfg = Release|Win32
		{03793B29-8B03-4306-9807-5BD57D56E1AA}.Retail Win32.Build.0 = Release|Win32
		{03793B29-8B03-4306-9807-5BD57D56E1AA}.Retail Xbox.ActiveCfg = Release|Win32
		{03793B29-8B03-4306-9807-5BD57D56E1AA}.Retail Xbox.Build.0 = Release|Win32
		{0DD5FD4D-6244-4FF2-9630-F2A0595A05E1}.Debug Win32.ActiveCfg = Debug|Win32
		{0DD5FD4D-6244-4FF2-9630-F2A0595A05E1}.Debug Win32.Build.0 = Debug|Win32
		{0DD5FD4D-6244-4FF2-9630-F2A0595A05E1}.Debug Xbox.ActiveCfg = Debug|Win32
		{0DD5FD4D-6244-4FF2-9630-F2A0595A05E1}.Debug Xbox.Build.0 = Debug|Win32
		{0DD5FD4D-6244-4FF2-9630-F2A0595A05E1}.EDITOR-Debug Win32.ActiveCfg = Debug|Win32
		{0DD5FD4D-6244-4FF2-9630-F2A0595A05E1}.EDITOR-Debug Win32.Build.0 = Debug|Win32
		{0DD5FD4D-6244-4FF2-9630-F2A0595A05E1}.EDITOR-Debug Xbox.ActiveCfg = Debug|Win32
		{0DD5FD4D-6244-4FF2-9630-F2A0595A05E1}.EDITOR-Debug Xbox.Build.0 = Debug|Win32
		{0DD5FD4D-6244-4FF2-9630-F2A0595A05E1}.EDITOR-OptDebug Win32.ActiveCfg = Debug|Win32
		{0DD5FD4D-6244-4FF2-9630-F2A0595A05E1}.EDITOR-OptDebug Win32.Build.0 = Debug|Win32
		{0DD5FD4D-6244-4FF2-9630-F2A0595A05E1}.EDITOR-OptDebug Xbox.ActiveCfg = Debug|Win32
		{0DD5FD4D-6244-4FF2-9630-F2A0595A05E1}.EDITOR-OptDebug Xbox.Build.0 = Debug|Win32
		{0DD5FD4D-6244-4FF2-9630-F2A0595A05E1}.EDITOR-Retail Win32.ActiveCfg = Release|Win32
		{0DD5FD4D-6244-4FF2-9630-F2A0595A05E1}.EDITOR-Retail Win32.Build.0 = Release|Win32
		{0DD5FD4D-6244-4FF2-9630-F2A0595A05E1}.EDITOR-Retail Xbox.ActiveCfg = Release|Win32
		{0DD5FD4D-6244-4FF2-9630-F2A0595A05E1}.EDITOR-Retail Xbox.Build.0 = Release|Win32
		{0DD5FD4D-6244-4FF2-9630-F2A0595A05E1}.OptDebug Win32.ActiveCfg = Debug|Win32
		{0DD5FD4D-6244-4FF2-9630-F2A0595A05E1}.OptDebug Win32.Build.0 = Debug|Win32
		{0DD5FD4D-6244-4FF2-9630-F2A0595A05E1}.OptDebug Xbox.ActiveCfg = Debug|Win32
		{0DD5FD4D-6244-4FF2-9630-F2A0595A05E1}.OptDebug Xbox.Build.0 = Debug|Win32
		{0DD5FD4D-6244-4FF2-9630-F2A0595A05E1}.PS2-Debug Win32.ActiveCfg = Debug|Win32
		{0DD5FD4D-6244-4FF2-9630-F2A0595A05E1}.PS2-Debug Win32.Build.0 = Debug|Win32
		{0DD5FD4D-6244-4FF2-9630-F2A0595A05E1}.PS2-Debug Xbox.ActiveCfg = Debug|Win32
		{0DD5FD4D-6244-4FF2-9630-F2A0595A05E1}.PS2-Debug Xbox.Build.0 = Debug|Win32
		{0DD5FD4D-6244-4FF2-9630-F2A0595A05E1}.PS2-OptDebug Win32.ActiveCfg = Debug|Win32
		{0DD5FD4D-6244-4FF2-9630-F2A0595A05E1}.PS2-OptDebug Win32.Build.0 = Debug|Win32
		{0DD5FD4D-6244-4FF2-9630-F2A0595A05E1}.PS2-OptDebug Xbox.ActiveCfg = Debug|Win32
		{0DD5FD4D-6244-4FF2-9630-F2A0595A05E1}.PS2-OptDebug Xbox.Build.0 = Debug|Win32
		{0DD5FD4D-6244-4FF2-9630-F2A0595A05E1}.PS2-Profile Win32.ActiveCfg = Release|Win32
		{0DD5FD4D-6244-4FF2-9630-F2A0595A05E1}.PS2-Profile Win32.Build.0 = Release|Win32
		{0DD5FD4D-6244-4FF2-9630-F2A0595A05E1}.PS2-Profile Xbox.ActiveCfg = Release|Win32
		{0DD5FD4D-6244-4FF2-9630-F2A0595A05E1}.PS2-Profile Xbox.Build.0 = Release|Win32
		{0DD5FD4D-6244-4FF2-9630-F2A0595A05E1}.PS2-QA Win32.ActiveCfg = Release|Win32
		{0DD5FD4D-6244-4FF2-9630-F2A0595A05E1}.PS2-QA Win32.Build.0 = Release|Win32
		{0DD5FD4D-6244-4FF2-9630-F2A0595A05E1}.PS2-QA Xbox.ActiveCfg = Release|Win32
		{0DD5FD4D-6244-4FF2-9630-F2A0595A05E1}.PS2-QA Xbox.Build.0 = Release|Win32
		{0DD5FD4D-6244-4FF2-9630-F2A0595A05E1}.PS2-Retail Win32.ActiveCfg = Release|Win32
		{0DD5FD4D-6244-4FF2-9630-F2A0595A05E1}.PS2-Retail Win32.Build.0 = Release|Win32
		{0DD5FD4D-6244-4FF2-9630-F2A0595A05E1}.PS2-Retail Xbox.ActiveCfg = Release|Win32
		{0DD5FD4D-6244-4FF2-9630-F2A0595A05E1}.PS2-Retail Xbox.Build.0 = Release|Win32
		{0DD5FD4D-6244-4FF2-9630-F2A0595A05E1}.PS2-Viewer Win32.ActiveCfg = Release|Win32
		{0DD5FD4D-6244-4FF2-9630-F2A0595A05E1}.PS2-Viewer Win32.Build.0 = Release|Win32
		{0DD5FD4D-6244-4FF2-9630-F2A0595A05E1}.PS2-Viewer Xbox.ActiveCfg = Release|Win32
		{0DD5FD4D-6244-4FF2-9630-F2A0595A05E1}.PS2-Viewer Xbox.Build.0 = Release|Win32
		{0DD5FD4D-6244-4FF2-9630-F2A0595A05E1}.QA Win32.ActiveCfg = Release|Win32
		{0DD5FD4D-6244-4FF2-9630-F2A0595A05E1}.QA Win32.Build.0 = Release|Win32
		{0DD5FD4D-6244-4FF2-9630-F2A0595A05E1}.QA Xbox.ActiveCfg = Release|Win32
		{0DD5FD4D-6244-4FF2-9630-F2A0595A05E1}.QA Xbox.Build.0 = Release|Win32
		{0DD5FD4D-6244-4FF2-9630-F2A0595A05E1}.Release.ActiveCfg = Release|Win32
		{0DD5FD4D-6244-4FF2-9630-F2A0595A05E1}.Release.Build.0 = Release|Win32
		{0DD5FD4D-6244-4FF2-9630-F2A0595A05E1}.Retail Win32.ActiveCfg = Release|Win32
		{0DD5FD4D-6244-4FF2-9630-F2A0595A05E1}.Retail Win32.Build.0 = Release|Win32
		{0DD5FD4D-6244-4FF2-9630-F2A0595A05E1}.Retail Xbox.ActiveCfg = Release|Win32
		{0DD5FD4D-6244-4FF2-9630-F2A0595A05E1}.Retail Xbox.Build.0 = Release|Win32
		{51F65302-640B-49E6-B711-585E20B79433}.Debug Win32.ActiveCfg = Debug|Win32
		{51F65302-640B-49E6-B711-585E20B79433}.Debug Win32.Build.0 = Debug|Win32
		{51F65302-640B-49E6-B711-585E20B79433}.Debug Xbox.ActiveCfg = Debug|Xbox
		{51F65302-640B-49E6-B711-585E20B79433}.Debug Xbox.Build.0 = Debug|Xbox
		{51F65302-640B-49E6-B711-585E20B79433}.EDITOR-Debug Win32.ActiveCfg = EDITOR-Debug|Win32
		{51F65302-640B-49E6-B711-585E20B79433}.EDITOR-Debug Win32.Build.0 = EDITOR-Debug|Win32
		{51F65302-640B-49E6-B711-585E20B79433}.EDITOR-Debug Xbox.ActiveCfg = EDITOR-Debug|Xbox
		{51F65302-640B-49E6-B711-585E20B79433}.EDITOR-Debug Xbox.Build.0 = EDITOR-Debug|Xbox
		{51F65302-640B-49E6-B711-585E20B79433}.EDITOR-OptDebug Win32.ActiveCfg = EDITOR-OptDebug|Win32
		{51F65302-640B-49E6-B711-585E20B79433}.EDITOR-OptDebug Win32.Build.0 = EDITOR-OptDebug|Win32
		{51F65302-640B-49E6-B711-585E20B79433}.EDITOR-OptDebug Xbox.ActiveCfg = EDITOR-OptDebug|Xbox
		{51F65302-640B-49E6-B711-585E20B79433}.EDITOR-OptDebug Xbox.Build.0 = EDITOR-OptDebug|Xbox
		{51F65302-640B-49E6-B711-585E20B79433}.EDITOR-Retail Win32.ActiveCfg = EDITOR-Retail|Win32
		{51F65302-640B-49E6-B711-585E20B79433}.EDITOR-Retail Win32.Build.0 = EDITOR-Retail|Win32
		{51F65302-640B-49E6-B711-585E20B79433}.EDITOR-Retail Xbox.ActiveCfg = EDITOR-Retail|Xbox
		{51F65302-640B-49E6-B711-585E20B79433}.EDITOR-Retail Xbox.Build.0 = EDITOR-Retail|Xbox
		{51F65302-640B-49E6-B711-585E20B79433}.OptDebug Win32.ActiveCfg = OptDebug|Win32
		{51F65302-640B-49E6-B711-585E20B79433}.OptDebug Win32.Build.0 = OptDebug|Win32
		{51F65302-640B-49E6-B711-585E20B79433}.OptDebug Xbox.ActiveCfg = OptDebug|Xbox
		{51F65302-640B-49E6-B711-585E20B79433}.OptDebug Xbox.Build.0 = OptDebug|Xbox
		{51F65302-640B-49E6-B711-585E20B79433}.PS2-Debug Win32.ActiveCfg = PS2-Debug|Win32
		{51F65302-640B-49E6-B711-585E20B79433}.PS2-Debug Win32.Build.0 = PS2-Debug|Win32
		{51F65302-640B-49E6-B711-585E20B79433}.PS2-Debug Xbox.ActiveCfg = PS2-Debug|Xbox
		{51F65302-640B-49E6-B711-585E20B79433}.PS2-Debug Xbox.Build.0 = PS2-Debug|Xbox
		{51F65302-640B-49E6-B711-585E20B79433}.PS2-OptDebug Win32.ActiveCfg = PS2-OptDebug|Win32
		{51F65302-640B-49E6-B711-585E20B79433}.PS2-OptDebug Win32.Build.0 = PS2-OptDebug|Win32
		{51F65302-640B-49E6-B711-585E20B79433}.PS2-OptDebug Xbox.ActiveCfg = PS2-OptDebug|Xbox
		{51F65302-640B-49E6-B711-585E20B79433}.PS2-OptDebug Xbox.Build.0 = PS2-OptDebug|Xbox
		{51F65302-640B-49E6-B711-585E20B79433}.PS2-Profile Win32.ActiveCfg = PS2-Profile|Win32
		{51F65302-640B-49E6-B711-585E20B79433}.PS2-Profile Win32.Build.0 = PS2-Profile|Win32
		{51F65302-640B-49E6-B711-585E20B79433}.PS2-Profile Xbox.ActiveCfg = PS2-Profile|Xbox
		{51F65302-640B-49E6-B711-585E20B79433}.PS2-Profile Xbox.Build.0 = PS2-Profile|Xbox
		{51F65302-640B-49E6-B711-585E20B79433}.PS2-QA Win32.ActiveCfg = PS2-QA|Win32
		{51F65302-640B-49E6-B711-585E20B79433}.PS2-QA Win32.Build.0 = PS2-QA|Win32
		{51F65302-640B-49E6-B711-585E20B79433}.PS2-QA Xbox.ActiveCfg = PS2-QA|Xbox
		{51F65302-640B-49E6-B711-585E20B79433}.PS2-QA Xbox.Build.0 = PS2-QA|Xbox
		{51F65302-640B-49E6-B711-585E20B79433}.PS2-Retail Win32.ActiveCfg = PS2-Retail|Win32
		{51F65302-640B-49E6-B711-585E20B79433}.PS2-Retail Win32.Build.0 = PS2-Retail|Win32
		{51F65302-640B-49E6-B711-585E20B79433}.PS2-Retail Xbox.ActiveCfg = PS2-Retail|Xbox
		{51F65302-640B-49E6-B711-585E20B79433}.PS2-Retail Xbox.Build.0 = PS2-Retail|Xbox
		{51F65302-640B-49E6-B711-585E20B79433}.PS2-Viewer Win32.ActiveCfg = PS2-Viewer|Win32
		{51F65302-640B-49E6-B711-585E20B79433}.PS2-Viewer Win32.Build.0 = PS2-Viewer|Win32
		{51F65302-640B-49E6-B711-585E20B79433}.PS2-Viewer Xbox.ActiveCfg = PS2-Viewer|Xbox
		{51F65302-640B-49E6-B711-585E20B79433}.PS2-Viewer Xbox.Build.0 = PS2-Viewer|Xbox
		{51F65302-640B-49E6-B711-585E20B79433}.QA Win32.ActiveCfg = QA|Win32
		{51F65302-640B-49E6-B711-585E20B79433}.QA Win32.Build.0 = QA|Win32
		{51F65302-640B-49E6-B711-585E20B79433}.QA Xbox.ActiveCfg = QA|Xbox
		{51F65302-640B-49E6-B711-585E20B79433}.QA Xbox.Build.0 = QA|Xbox
		{51F65302-640B-49E6-B711-585E20B79433}.Release.ActiveCfg = Retail|Xbox
		{51F65302-640B-49E6-B711-585E20B79433}.Release.Build.0 = Retail|Xbox
		{51F65302-640B-49E6-B711-585E20B79433}.Retail Win32.ActiveCfg = Retail|Win32
		{51F65302-640B-49E6-B711-585E20B79433}.Retail Win32.Build.0 = Retail|Win32
		{51F65302-640B-49E6-B711-585E20B79433}.Retail Xbox.ActiveCfg = Retail|Xbox
		{51F65302-640B-49E6-B711-585E20B79433}.Retail Xbox.Build.0 = Retail|Xbox
	EndGlobalSection
	GlobalSection(ExtensibilityGlobals) = postSolution
	EndGlobalSection
	GlobalSection(ExtensibilityAddIns) = postSolution
	EndGlobalSection
EndGlobal
