Microsoft Visual Studio Solution File, Format Version 8.00
Project("{8BC9CEB8-8B4A-11D0-8D11-00A0C91BC942}") = "Lighting", "Lighting.vcproj", "{BC1BD632-3C81-4711-B20E-D40AE7F0FEC6}"
	ProjectSection(ProjectDependencies) = postProject
		{B6456700-4D59-4591-8227-2C6FD444CE4A} = {B6456700-4D59-4591-8227-2C6FD444CE4A}
		{51F65302-640B-49E6-B711-585E20B79433} = {51F65302-640B-49E6-B711-585E20B79433}
		{DD8AB240-8FA8-4E65-83EF-CB73E24E505E} = {DD8AB240-8FA8-4E65-83EF-CB73E24E505E}
	EndProjectSection
EndProject
Project("{8BC9CEB8-8B4A-11D0-8D11-00A0C91BC942}") = "aux_Bitmap", "..\..\..\xCore\Auxiliary\Bitmap\aux_Bitmap.vcproj", "{DD8AB240-8FA8-4E65-83EF-CB73E24E505E}"
	ProjectSection(ProjectDependencies) = postProject
	EndProjectSection
EndProject
Project("{8BC9CEB8-8B4A-11D0-8D11-00A0C91BC942}") = "Entropy", "..\..\..\xCore\Entropy\Entropy.vcproj", "{B6456700-4D59-4591-8227-2C6FD444CE4A}"
	ProjectSection(ProjectDependencies) = postProject
	EndProjectSection
EndProject
Project("{8BC9CEB8-8B4A-11D0-8D11-00A0C91BC942}") = "x_files", "..\..\..\xCore\x_files\x_files.vcproj", "{51F65302-640B-49E6-B711-585E20B79433}"
	ProjectSection(ProjectDependencies) = postProject
	EndProjectSection
EndProject
Global
	GlobalSection(SourceCodeControl) = preSolution
		SccNumberOfProjects = 4
		SccProjectUniqueName0 = Lighting.vcproj
		SccProjectName0 = Perforce\u0020Project
		SccLocalPath0 = .
		SccProvider0 = MSSCCI:Perforce\u0020SCM
		SccProjectUniqueName1 = ..\\..\\..\\xCore\\Auxiliary\\Bitmap\\aux_Bitmap.vcproj
		SccProjectName1 = Perforce\u0020Project
		SccLocalPath1 = ..\\..\\..
		SccProvider1 = MSSCCI:Perforce\u0020SCM
		SccProjectFilePathRelativizedFromConnection1 = xCore\\Auxiliary\\Bitmap\\
		SccProjectUniqueName2 = ..\\..\\..\\xCore\\Entropy\\Entropy.vcproj
		SccProjectName2 = Perforce\u0020Project
		SccLocalPath2 = ..\\..\\..
		SccProvider2 = MSSCCI:Perforce\u0020SCM
		SccProjectFilePathRelativizedFromConnection2 = xCore\\Entropy\\
		SccProjectUniqueName3 = ..\\..\\..\\xCore\\x_files\\x_files.vcproj
		SccProjectName3 = Perforce\u0020Project
		SccLocalPath3 = ..\\..\\..
		SccProvider3 = MSSCCI:Perforce\u0020SCM
		SccProjectFilePathRelativizedFromConnection3 = xCore\\x_files\\
	EndGlobalSection
	GlobalSection(SolutionConfiguration) = preSolution
		Debug Win32 = Debug Win32
		Debug Xbox = Debug Xbox
		EDITOR-Debug Win32 = EDITOR-Debug Win32
		EDITOR-Debug Xbox = EDITOR-Debug Xbox
		EDITOR-OptDebug Win32 = EDITOR-OptDebug Win32
		EDITOR-OptDebug Xbox = EDITOR-OptDebug Xbox
		EDITOR-Retail Win32 = EDITOR-Retail Win32
		EDITOR-Retail Xbox = EDITOR-Retail Xbox
		OptDebug Win32 = OptDebug Win32
		OptDebug Xbox = OptDebug Xbox
		PS2-Debug Win32 = PS2-Debug Win32
		PS2-Debug Xbox = PS2-Debug Xbox
		PS2-OptDebug Win32 = PS2-OptDebug Win32
		PS2-OptDebug Xbox = PS2-OptDebug Xbox
		PS2-Profile Win32 = PS2-Profile Win32
		PS2-Profile Xbox = PS2-Profile Xbox
		PS2-QA Win32 = PS2-QA Win32
		PS2-QA Xbox = PS2-QA Xbox
		PS2-Retail Win32 = PS2-Retail Win32
		PS2-Retail Xbox = PS2-Retail Xbox
		PS2-Viewer Win32 = PS2-Viewer Win32
		PS2-Viewer Xbox = PS2-Viewer Xbox
		QA Win32 = QA Win32
		QA Xbox = QA Xbox
		Retail Win32 = Retail Win32
		Retail Xbox = Retail Xbox
	EndGlobalSection
	GlobalSection(ProjectConfiguration) = postSolution
		{BC1BD632-3C81-4711-B20E-D40AE7F0FEC6}.Debug Win32.ActiveCfg = Debug|Win32
		{BC1BD632-3C81-4711-B20E-D40AE7F0FEC6}.Debug Win32.Build.0 = Debug|Win32
		{BC1BD632-3C81-4711-B20E-D40AE7F0FEC6}.Debug Xbox.ActiveCfg = Debug|Xbox
		{BC1BD632-3C81-4711-B20E-D40AE7F0FEC6}.Debug Xbox.Build.0 = Debug|Xbox
		{BC1BD632-3C81-4711-B20E-D40AE7F0FEC6}.EDITOR-Debug Win32.ActiveCfg = Debug|Win32
		{BC1BD632-3C81-4711-B20E-D40AE7F0FEC6}.EDITOR-Debug Win32.Build.0 = Debug|Win32
		{BC1BD632-3C81-4711-B20E-D40AE7F0FEC6}.EDITOR-Debug Xbox.ActiveCfg = Debug|Xbox
		{BC1BD632-3C81-4711-B20E-D40AE7F0FEC6}.EDITOR-Debug Xbox.Build.0 = Debug|Xbox
		{BC1BD632-3C81-4711-B20E-D40AE7F0FEC6}.EDITOR-OptDebug Win32.ActiveCfg = OptDebug|Win32
		{BC1BD632-3C81-4711-B20E-D40AE7F0FEC6}.EDITOR-OptDebug Win32.Build.0 = OptDebug|Win32
		{BC1BD632-3C81-4711-B20E-D40AE7F0FEC6}.EDITOR-OptDebug Xbox.ActiveCfg = OptDebug|Xbox
		{BC1BD632-3C81-4711-B20E-D40AE7F0FEC6}.EDITOR-OptDebug Xbox.Build.0 = OptDebug|Xbox
		{BC1BD632-3C81-4711-B20E-D40AE7F0FEC6}.EDITOR-Retail Win32.ActiveCfg = Retail|Win32
		{BC1BD632-3C81-4711-B20E-D40AE7F0FEC6}.EDITOR-Retail Win32.Build.0 = Retail|Win32
		{BC1BD632-3C81-4711-B20E-D40AE7F0FEC6}.EDITOR-Retail Xbox.ActiveCfg = Retail|Xbox
		{BC1BD632-3C81-4711-B20E-D40AE7F0FEC6}.EDITOR-Retail Xbox.Build.0 = Retail|Xbox
		{BC1BD632-3C81-4711-B20E-D40AE7F0FEC6}.OptDebug Win32.ActiveCfg = OptDebug|Win32
		{BC1BD632-3C81-4711-B20E-D40AE7F0FEC6}.OptDebug Win32.Build.0 = OptDebug|Win32
		{BC1BD632-3C81-4711-B20E-D40AE7F0FEC6}.OptDebug Xbox.ActiveCfg = OptDebug|Xbox
		{BC1BD632-3C81-4711-B20E-D40AE7F0FEC6}.OptDebug Xbox.Build.0 = OptDebug|Xbox
		{BC1BD632-3C81-4711-B20E-D40AE7F0FEC6}.PS2-Debug Win32.ActiveCfg = PS2-Debug|Win32
		{BC1BD632-3C81-4711-B20E-D40AE7F0FEC6}.PS2-Debug Win32.Build.0 = PS2-Debug|Win32
		{BC1BD632-3C81-4711-B20E-D40AE7F0FEC6}.PS2-Debug Xbox.ActiveCfg = PS2-Debug|Xbox
		{BC1BD632-3C81-4711-B20E-D40AE7F0FEC6}.PS2-Debug Xbox.Build.0 = PS2-Debug|Xbox
		{BC1BD632-3C81-4711-B20E-D40AE7F0FEC6}.PS2-OptDebug Win32.ActiveCfg = PS2-OptDebug|Win32
		{BC1BD632-3C81-4711-B20E-D40AE7F0FEC6}.PS2-OptDebug Win32.Build.0 = PS2-OptDebug|Win32
		{BC1BD632-3C81-4711-B20E-D40AE7F0FEC6}.PS2-OptDebug Xbox.ActiveCfg = PS2-OptDebug|Xbox
		{BC1BD632-3C81-4711-B20E-D40AE7F0FEC6}.PS2-OptDebug Xbox.Build.0 = PS2-OptDebug|Xbox
		{BC1BD632-3C81-4711-B20E-D40AE7F0FEC6}.PS2-Profile Win32.ActiveCfg = PS2-Profile|Win32
		{BC1BD632-3C81-4711-B20E-D40AE7F0FEC6}.PS2-Profile Win32.Build.0 = PS2-Profile|Win32
		{BC1BD632-3C81-4711-B20E-D40AE7F0FEC6}.PS2-Profile Xbox.ActiveCfg = PS2-Profile|Xbox
		{BC1BD632-3C81-4711-B20E-D40AE7F0FEC6}.PS2-Profile Xbox.Build.0 = PS2-Profile|Xbox
		{BC1BD632-3C81-4711-B20E-D40AE7F0FEC6}.PS2-QA Win32.ActiveCfg = PS2-QA|Win32
		{BC1BD632-3C81-4711-B20E-D40AE7F0FEC6}.PS2-QA Win32.Build.0 = PS2-QA|Win32
		{BC1BD632-3C81-4711-B20E-D40AE7F0FEC6}.PS2-QA Xbox.ActiveCfg = PS2-QA|Xbox
		{BC1BD632-3C81-4711-B20E-D40AE7F0FEC6}.PS2-QA Xbox.Build.0 = PS2-QA|Xbox
		{BC1BD632-3C81-4711-B20E-D40AE7F0FEC6}.PS2-Retail Win32.ActiveCfg = PS2-Retail|Win32
		{BC1BD632-3C81-4711-B20E-D40AE7F0FEC6}.PS2-Retail Win32.Build.0 = PS2-Retail|Win32
		{BC1BD632-3C81-4711-B20E-D40AE7F0FEC6}.PS2-Retail Xbox.ActiveCfg = PS2-Retail|Xbox
		{BC1BD632-3C81-4711-B20E-D40AE7F0FEC6}.PS2-Retail Xbox.Build.0 = PS2-Retail|Xbox
		{BC1BD632-3C81-4711-B20E-D40AE7F0FEC6}.PS2-Viewer Win32.ActiveCfg = PS2-Viewer|Win32
		{BC1BD632-3C81-4711-B20E-D40AE7F0FEC6}.PS2-Viewer Win32.Build.0 = PS2-Viewer|Win32
		{BC1BD632-3C81-4711-B20E-D40AE7F0FEC6}.PS2-Viewer Xbox.ActiveCfg = PS2-Viewer|Xbox
		{BC1BD632-3C81-4711-B20E-D40AE7F0FEC6}.PS2-Viewer Xbox.Build.0 = PS2-Viewer|Xbox
		{BC1BD632-3C81-4711-B20E-D40AE7F0FEC6}.QA Win32.ActiveCfg = QA|Win32
		{BC1BD632-3C81-4711-B20E-D40AE7F0FEC6}.QA Win32.Build.0 = QA|Win32
		{BC1BD632-3C81-4711-B20E-D40AE7F0FEC6}.QA Xbox.ActiveCfg = QA|Xbox
		{BC1BD632-3C81-4711-B20E-D40AE7F0FEC6}.QA Xbox.Build.0 = QA|Xbox
		{BC1BD632-3C81-4711-B20E-D40AE7F0FEC6}.Retail Win32.ActiveCfg = Retail|Win32
		{BC1BD632-3C81-4711-B20E-D40AE7F0FEC6}.Retail Win32.Build.0 = Retail|Win32
		{BC1BD632-3C81-4711-B20E-D40AE7F0FEC6}.Retail Xbox.ActiveCfg = Retail|Xbox
		{BC1BD632-3C81-4711-B20E-D40AE7F0FEC6}.Retail Xbox.Build.0 = Retail|Xbox
		{DD8AB240-8FA8-4E65-83EF-CB73E24E505E}.Debug Win32.ActiveCfg = Debug|Win32
		{DD8AB240-8FA8-4E65-83EF-CB73E24E505E}.Debug Win32.Build.0 = Debug|Win32
		{DD8AB240-8FA8-4E65-83EF-CB73E24E505E}.Debug Xbox.ActiveCfg = Debug|Xbox
		{DD8AB240-8FA8-4E65-83EF-CB73E24E505E}.Debug Xbox.Build.0 = Debug|Xbox
		{DD8AB240-8FA8-4E65-83EF-CB73E24E505E}.EDITOR-Debug Win32.ActiveCfg = EDITOR-Debug|Win32
		{DD8AB240-8FA8-4E65-83EF-CB73E24E505E}.EDITOR-Debug Win32.Build.0 = EDITOR-Debug|Win32
		{DD8AB240-8FA8-4E65-83EF-CB73E24E505E}.EDITOR-Debug Xbox.ActiveCfg = EDITOR-Debug|Xbox
		{DD8AB240-8FA8-4E65-83EF-CB73E24E505E}.EDITOR-Debug Xbox.Build.0 = EDITOR-Debug|Xbox
		{DD8AB240-8FA8-4E65-83EF-CB73E24E505E}.EDITOR-OptDebug Win32.ActiveCfg = EDITOR-OptDebug|Win32
		{DD8AB240-8FA8-4E65-83EF-CB73E24E505E}.EDITOR-OptDebug Win32.Build.0 = EDITOR-OptDebug|Win32
		{DD8AB240-8FA8-4E65-83EF-CB73E24E505E}.EDITOR-OptDebug Xbox.ActiveCfg = EDITOR-OptDebug|Xbox
		{DD8AB240-8FA8-4E65-83EF-CB73E24E505E}.EDITOR-OptDebug Xbox.Build.0 = EDITOR-OptDebug|Xbox
		{DD8AB240-8FA8-4E65-83EF-CB73E24E505E}.EDITOR-Retail Win32.ActiveCfg = EDITOR-Retail|Win32
		{DD8AB240-8FA8-4E65-83EF-CB73E24E505E}.EDITOR-Retail Win32.Build.0 = EDITOR-Retail|Win32
		{DD8AB240-8FA8-4E65-83EF-CB73E24E505E}.EDITOR-Retail Xbox.ActiveCfg = EDITOR-Retail|Xbox
		{DD8AB240-8FA8-4E65-83EF-CB73E24E505E}.EDITOR-Retail Xbox.Build.0 = EDITOR-Retail|Xbox
		{DD8AB240-8FA8-4E65-83EF-CB73E24E505E}.OptDebug Win32.ActiveCfg = OptDebug|Win32
		{DD8AB240-8FA8-4E65-83EF-CB73E24E505E}.OptDebug Win32.Build.0 = OptDebug|Win32
		{DD8AB240-8FA8-4E65-83EF-CB73E24E505E}.OptDebug Xbox.ActiveCfg = OptDebug|Xbox
		{DD8AB240-8FA8-4E65-83EF-CB73E24E505E}.OptDebug Xbox.Build.0 = OptDebug|Xbox
		{DD8AB240-8FA8-4E65-83EF-CB73E24E505E}.PS2-Debug Win32.ActiveCfg = PS2-Debug|Win32
		{DD8AB240-8FA8-4E65-83EF-CB73E24E505E}.PS2-Debug Win32.Build.0 = PS2-Debug|Win32
		{DD8AB240-8FA8-4E65-83EF-CB73E24E505E}.PS2-Debug Xbox.ActiveCfg = PS2-Debug|Xbox
		{DD8AB240-8FA8-4E65-83EF-CB73E24E505E}.PS2-Debug Xbox.Build.0 = PS2-Debug|Xbox
		{DD8AB240-8FA8-4E65-83EF-CB73E24E505E}.PS2-OptDebug Win32.ActiveCfg = PS2-OptDebug|Win32
		{DD8AB240-8FA8-4E65-83EF-CB73E24E505E}.PS2-OptDebug Win32.Build.0 = PS2-OptDebug|Win32
		{DD8AB240-8FA8-4E65-83EF-CB73E24E505E}.PS2-OptDebug Xbox.ActiveCfg = PS2-OptDebug|Xbox
		{DD8AB240-8FA8-4E65-83EF-CB73E24E505E}.PS2-OptDebug Xbox.Build.0 = PS2-OptDebug|Xbox
		{DD8AB240-8FA8-4E65-83EF-CB73E24E505E}.PS2-Profile Win32.ActiveCfg = PS2-Profile|Win32
		{DD8AB240-8FA8-4E65-83EF-CB73E24E505E}.PS2-Profile Win32.Build.0 = PS2-Profile|Win32
		{DD8AB240-8FA8-4E65-83EF-CB73E24E505E}.PS2-Profile Xbox.ActiveCfg = PS2-Profile|Xbox
		{DD8AB240-8FA8-4E65-83EF-CB73E24E505E}.PS2-Profile Xbox.Build.0 = PS2-Profile|Xbox
		{DD8AB240-8FA8-4E65-83EF-CB73E24E505E}.PS2-QA Win32.ActiveCfg = PS2-QA|Win32
		{DD8AB240-8FA8-4E65-83EF-CB73E24E505E}.PS2-QA Win32.Build.0 = PS2-QA|Win32
		{DD8AB240-8FA8-4E65-83EF-CB73E24E505E}.PS2-QA Xbox.ActiveCfg = PS2-QA|Xbox
		{DD8AB240-8FA8-4E65-83EF-CB73E24E505E}.PS2-QA Xbox.Build.0 = PS2-QA|Xbox
		{DD8AB240-8FA8-4E65-83EF-CB73E24E505E}.PS2-Retail Win32.ActiveCfg = PS2-Retail|Win32
		{DD8AB240-8FA8-4E65-83EF-CB73E24E505E}.PS2-Retail Win32.Build.0 = PS2-Retail|Win32
		{DD8AB240-8FA8-4E65-83EF-CB73E24E505E}.PS2-Retail Xbox.ActiveCfg = PS2-Retail|Xbox
		{DD8AB240-8FA8-4E65-83EF-CB73E24E505E}.PS2-Retail Xbox.Build.0 = PS2-Retail|Xbox
		{DD8AB240-8FA8-4E65-83EF-CB73E24E505E}.PS2-Viewer Win32.ActiveCfg = PS2-Viewer|Win32
		{DD8AB240-8FA8-4E65-83EF-CB73E24E505E}.PS2-Viewer Win32.Build.0 = PS2-Viewer|Win32
		{DD8AB240-8FA8-4E65-83EF-CB73E24E505E}.PS2-Viewer Xbox.ActiveCfg = PS2-Viewer|Xbox
		{DD8AB240-8FA8-4E65-83EF-CB73E24E505E}.PS2-Viewer Xbox.Build.0 = PS2-Viewer|Xbox
		{DD8AB240-8FA8-4E65-83EF-CB73E24E505E}.QA Win32.ActiveCfg = QA|Win32
		{DD8AB240-8FA8-4E65-83EF-CB73E24E505E}.QA Win32.Build.0 = QA|Win32
		{DD8AB240-8FA8-4E65-83EF-CB73E24E505E}.QA Xbox.ActiveCfg = QA|Xbox
		{DD8AB240-8FA8-4E65-83EF-CB73E24E505E}.QA Xbox.Build.0 = QA|Xbox
		{DD8AB240-8FA8-4E65-83EF-CB73E24E505E}.Retail Win32.ActiveCfg = Retail|Win32
		{DD8AB240-8FA8-4E65-83EF-CB73E24E505E}.Retail Win32.Build.0 = Retail|Win32
		{DD8AB240-8FA8-4E65-83EF-CB73E24E505E}.Retail Xbox.ActiveCfg = Retail|Xbox
		{DD8AB240-8FA8-4E65-83EF-CB73E24E505E}.Retail Xbox.Build.0 = Retail|Xbox
		{B6456700-4D59-4591-8227-2C6FD444CE4A}.Debug Win32.ActiveCfg = Debug|Win32
		{B6456700-4D59-4591-8227-2C6FD444CE4A}.Debug Win32.Build.0 = Debug|Win32
		{B6456700-4D59-4591-8227-2C6FD444CE4A}.Debug Xbox.ActiveCfg = Debug|Xbox
		{B6456700-4D59-4591-8227-2C6FD444CE4A}.Debug Xbox.Build.0 = Debug|Xbox
		{B6456700-4D59-4591-8227-2C6FD444CE4A}.EDITOR-Debug Win32.ActiveCfg = EDITOR-Debug|Win32
		{B6456700-4D59-4591-8227-2C6FD444CE4A}.EDITOR-Debug Win32.Build.0 = EDITOR-Debug|Win32
		{B6456700-4D59-4591-8227-2C6FD444CE4A}.EDITOR-Debug Xbox.ActiveCfg = EDITOR-Debug|Xbox
		{B6456700-4D59-4591-8227-2C6FD444CE4A}.EDITOR-Debug Xbox.Build.0 = EDITOR-Debug|Xbox
		{B6456700-4D59-4591-8227-2C6FD444CE4A}.EDITOR-OptDebug Win32.ActiveCfg = EDITOR-OptDebug|Win32
		{B6456700-4D59-4591-8227-2C6FD444CE4A}.EDITOR-OptDebug Win32.Build.0 = EDITOR-OptDebug|Win32
		{B6456700-4D59-4591-8227-2C6FD444CE4A}.EDITOR-OptDebug Xbox.ActiveCfg = EDITOR-OptDebug|Xbox
		{B6456700-4D59-4591-8227-2C6FD444CE4A}.EDITOR-OptDebug Xbox.Build.0 = EDITOR-OptDebug|Xbox
		{B6456700-4D59-4591-8227-2C6FD444CE4A}.EDITOR-Retail Win32.ActiveCfg = EDITOR-Retail|Win32
		{B6456700-4D59-4591-8227-2C6FD444CE4A}.EDITOR-Retail Win32.Build.0 = EDITOR-Retail|Win32
		{B6456700-4D59-4591-8227-2C6FD444CE4A}.EDITOR-Retail Xbox.ActiveCfg = EDITOR-Retail|Xbox
		{B6456700-4D59-4591-8227-2C6FD444CE4A}.EDITOR-Retail Xbox.Build.0 = EDITOR-Retail|Xbox
		{B6456700-4D59-4591-8227-2C6FD444CE4A}.OptDebug Win32.ActiveCfg = OptDebug|Win32
		{B6456700-4D59-4591-8227-2C6FD444CE4A}.OptDebug Win32.Build.0 = OptDebug|Win32
		{B6456700-4D59-4591-8227-2C6FD444CE4A}.OptDebug Xbox.ActiveCfg = OptDebug|Xbox
		{B6456700-4D59-4591-8227-2C6FD444CE4A}.OptDebug Xbox.Build.0 = OptDebug|Xbox
		{B6456700-4D59-4591-8227-2C6FD444CE4A}.PS2-Debug Win32.ActiveCfg = PS2-Debug|Win32
		{B6456700-4D59-4591-8227-2C6FD444CE4A}.PS2-Debug Win32.Build.0 = PS2-Debug|Win32
		{B6456700-4D59-4591-8227-2C6FD444CE4A}.PS2-Debug Xbox.ActiveCfg = PS2-Debug|Xbox
		{B6456700-4D59-4591-8227-2C6FD444CE4A}.PS2-Debug Xbox.Build.0 = PS2-Debug|Xbox
		{B6456700-4D59-4591-8227-2C6FD444CE4A}.PS2-OptDebug Win32.ActiveCfg = PS2-OptDebug|Win32
		{B6456700-4D59-4591-8227-2C6FD444CE4A}.PS2-OptDebug Win32.Build.0 = PS2-OptDebug|Win32
		{B6456700-4D59-4591-8227-2C6FD444CE4A}.PS2-OptDebug Xbox.ActiveCfg = PS2-OptDebug|Xbox
		{B6456700-4D59-4591-8227-2C6FD444CE4A}.PS2-OptDebug Xbox.Build.0 = PS2-OptDebug|Xbox
		{B6456700-4D59-4591-8227-2C6FD444CE4A}.PS2-Profile Win32.ActiveCfg = PS2-Profile|Win32
		{B6456700-4D59-4591-8227-2C6FD444CE4A}.PS2-Profile Win32.Build.0 = PS2-Profile|Win32
		{B6456700-4D59-4591-8227-2C6FD444CE4A}.PS2-Profile Xbox.ActiveCfg = PS2-Profile|Xbox
		{B6456700-4D59-4591-8227-2C6FD444CE4A}.PS2-Profile Xbox.Build.0 = PS2-Profile|Xbox
		{B6456700-4D59-4591-8227-2C6FD444CE4A}.PS2-QA Win32.ActiveCfg = PS2-QA|Win32
		{B6456700-4D59-4591-8227-2C6FD444CE4A}.PS2-QA Win32.Build.0 = PS2-QA|Win32
		{B6456700-4D59-4591-8227-2C6FD444CE4A}.PS2-QA Xbox.ActiveCfg = PS2-QA|Xbox
		{B6456700-4D59-4591-8227-2C6FD444CE4A}.PS2-QA Xbox.Build.0 = PS2-QA|Xbox
		{B6456700-4D59-4591-8227-2C6FD444CE4A}.PS2-Retail Win32.ActiveCfg = PS2-Retail|Win32
		{B6456700-4D59-4591-8227-2C6FD444CE4A}.PS2-Retail Win32.Build.0 = PS2-Retail|Win32
		{B6456700-4D59-4591-8227-2C6FD444CE4A}.PS2-Retail Xbox.ActiveCfg = PS2-Retail|Xbox
		{B6456700-4D59-4591-8227-2C6FD444CE4A}.PS2-Retail Xbox.Build.0 = PS2-Retail|Xbox
		{B6456700-4D59-4591-8227-2C6FD444CE4A}.PS2-Viewer Win32.ActiveCfg = PS2-Viewer|Win32
		{B6456700-4D59-4591-8227-2C6FD444CE4A}.PS2-Viewer Win32.Build.0 = PS2-Viewer|Win32
		{B6456700-4D59-4591-8227-2C6FD444CE4A}.PS2-Viewer Xbox.ActiveCfg = PS2-Viewer|Xbox
		{B6456700-4D59-4591-8227-2C6FD444CE4A}.PS2-Viewer Xbox.Build.0 = PS2-Viewer|Xbox
		{B6456700-4D59-4591-8227-2C6FD444CE4A}.QA Win32.ActiveCfg = QA|Win32
		{B6456700-4D59-4591-8227-2C6FD444CE4A}.QA Win32.Build.0 = QA|Win32
		{B6456700-4D59-4591-8227-2C6FD444CE4A}.QA Xbox.ActiveCfg = QA|Xbox
		{B6456700-4D59-4591-8227-2C6FD444CE4A}.QA Xbox.Build.0 = QA|Xbox
		{B6456700-4D59-4591-8227-2C6FD444CE4A}.Retail Win32.ActiveCfg = Retail|Win32
		{B6456700-4D59-4591-8227-2C6FD444CE4A}.Retail Win32.Build.0 = Retail|Win32
		{B6456700-4D59-4591-8227-2C6FD444CE4A}.Retail Xbox.ActiveCfg = Retail|Xbox
		{B6456700-4D59-4591-8227-2C6FD444CE4A}.Retail Xbox.Build.0 = Retail|Xbox
		{51F65302-640B-49E6-B711-585E20B79433}.Debug Win32.ActiveCfg = Debug|Win32
		{51F65302-640B-49E6-B711-585E20B79433}.Debug Win32.Build.0 = Debug|Win32
		{51F65302-640B-49E6-B711-585E20B79433}.Debug Xbox.ActiveCfg = Debug|Xbox
		{51F65302-640B-49E6-B711-585E20B79433}.Debug Xbox.Build.0 = Debug|Xbox
		{51F65302-640B-49E6-B711-585E20B79433}.EDITOR-Debug Win32.ActiveCfg = EDITOR-Debug|Win32
		{51F65302-640B-49E6-B711-585E20B79433}.EDITOR-Debug Win32.Build.0 = EDITOR-Debug|Win32
		{51F65302-640B-49E6-B711-585E20B79433}.EDITOR-Debug Xbox.ActiveCfg = EDITOR-Debug|Xbox
		{51F65302-640B-49E6-B711-585E20B79433}.EDITOR-Debug Xbox.Build.0 = EDITOR-Debug|Xbox
		{51F65302-640B-49E6-B711-585E20B79433}.EDITOR-OptDebug Win32.ActiveCfg = EDITOR-OptDebug|Win32
		{51F65302-640B-49E6-B711-585E20B79433}.EDITOR-OptDebug Win32.Build.0 = EDITOR-OptDebug|Win32
		{51F65302-640B-49E6-B711-585E20B79433}.EDITOR-OptDebug Xbox.ActiveCfg = EDITOR-OptDebug|Xbox
		{51F65302-640B-49E6-B711-585E20B79433}.EDITOR-OptDebug Xbox.Build.0 = EDITOR-OptDebug|Xbox
		{51F65302-640B-49E6-B711-585E20B79433}.EDITOR-Retail Win32.ActiveCfg = EDITOR-Retail|Win32
		{51F65302-640B-49E6-B711-585E20B79433}.EDITOR-Retail Win32.Build.0 = EDITOR-Retail|Win32
		{51F65302-640B-49E6-B711-585E20B79433}.EDITOR-Retail Xbox.ActiveCfg = EDITOR-Retail|Xbox
		{51F65302-640B-49E6-B711-585E20B79433}.EDITOR-Retail Xbox.Build.0 = EDITOR-Retail|Xbox
		{51F65302-640B-49E6-B711-585E20B79433}.OptDebug Win32.ActiveCfg = OptDebug|Win32
		{51F65302-640B-49E6-B711-585E20B79433}.OptDebug Win32.Build.0 = OptDebug|Win32
		{51F65302-640B-49E6-B711-585E20B79433}.OptDebug Xbox.ActiveCfg = OptDebug|Xbox
		{51F65302-640B-49E6-B711-585E20B79433}.OptDebug Xbox.Build.0 = OptDebug|Xbox
		{51F65302-640B-49E6-B711-585E20B79433}.PS2-Debug Win32.ActiveCfg = PS2-Debug|Win32
		{51F65302-640B-49E6-B711-585E20B79433}.PS2-Debug Win32.Build.0 = PS2-Debug|Win32
		{51F65302-640B-49E6-B711-585E20B79433}.PS2-Debug Xbox.ActiveCfg = PS2-Debug|Xbox
		{51F65302-640B-49E6-B711-585E20B79433}.PS2-Debug Xbox.Build.0 = PS2-Debug|Xbox
		{51F65302-640B-49E6-B711-585E20B79433}.PS2-OptDebug Win32.ActiveCfg = PS2-OptDebug|Win32
		{51F65302-640B-49E6-B711-585E20B79433}.PS2-OptDebug Win32.Build.0 = PS2-OptDebug|Win32
		{51F65302-640B-49E6-B711-585E20B79433}.PS2-OptDebug Xbox.ActiveCfg = PS2-OptDebug|Xbox
		{51F65302-640B-49E6-B711-585E20B79433}.PS2-OptDebug Xbox.Build.0 = PS2-OptDebug|Xbox
		{51F65302-640B-49E6-B711-585E20B79433}.PS2-Profile Win32.ActiveCfg = PS2-Profile|Win32
		{51F65302-640B-49E6-B711-585E20B79433}.PS2-Profile Win32.Build.0 = PS2-Profile|Win32
		{51F65302-640B-49E6-B711-585E20B79433}.PS2-Profile Xbox.ActiveCfg = PS2-Profile|Xbox
		{51F65302-640B-49E6-B711-585E20B79433}.PS2-Profile Xbox.Build.0 = PS2-Profile|Xbox
		{51F65302-640B-49E6-B711-585E20B79433}.PS2-QA Win32.ActiveCfg = PS2-QA|Win32
		{51F65302-640B-49E6-B711-585E20B79433}.PS2-QA Win32.Build.0 = PS2-QA|Win32
		{51F65302-640B-49E6-B711-585E20B79433}.PS2-QA Xbox.ActiveCfg = PS2-QA|Xbox
		{51F65302-640B-49E6-B711-585E20B79433}.PS2-QA Xbox.Build.0 = PS2-QA|Xbox
		{51F65302-640B-49E6-B711-585E20B79433}.PS2-Retail Win32.ActiveCfg = PS2-Retail|Win32
		{51F65302-640B-49E6-B711-585E20B79433}.PS2-Retail Win32.Build.0 = PS2-Retail|Win32
		{51F65302-640B-49E6-B711-585E20B79433}.PS2-Retail Xbox.ActiveCfg = PS2-Retail|Xbox
		{51F65302-640B-49E6-B711-585E20B79433}.PS2-Retail Xbox.Build.0 = PS2-Retail|Xbox
		{51F65302-640B-49E6-B711-585E20B79433}.PS2-Viewer Win32.ActiveCfg = PS2-Viewer|Win32
		{51F65302-640B-49E6-B711-585E20B79433}.PS2-Viewer Win32.Build.0 = PS2-Viewer|Win32
		{51F65302-640B-49E6-B711-585E20B79433}.PS2-Viewer Xbox.ActiveCfg = PS2-Viewer|Xbox
		{51F65302-640B-49E6-B711-585E20B79433}.PS2-Viewer Xbox.Build.0 = PS2-Viewer|Xbox
		{51F65302-640B-49E6-B711-585E20B79433}.QA Win32.ActiveCfg = QA|Win32
		{51F65302-640B-49E6-B711-585E20B79433}.QA Win32.Build.0 = QA|Win32
		{51F65302-640B-49E6-B711-585E20B79433}.QA Xbox.ActiveCfg = QA|Xbox
		{51F65302-640B-49E6-B711-585E20B79433}.QA Xbox.Build.0 = QA|Xbox
		{51F65302-640B-49E6-B711-585E20B79433}.Retail Win32.ActiveCfg = Retail|Win32
		{51F65302-640B-49E6-B711-585E20B79433}.Retail Win32.Build.0 = Retail|Win32
		{51F65302-640B-49E6-B711-585E20B79433}.Retail Xbox.ActiveCfg = Retail|Xbox
		{51F65302-640B-49E6-B711-585E20B79433}.Retail Xbox.Build.0 = Retail|Xbox
	EndGlobalSection
	GlobalSection(ExtensibilityGlobals) = postSolution
	EndGlobalSection
	GlobalSection(ExtensibilityAddIns) = postSolution
	EndGlobalSection
EndGlobal
