<?xml version="1.0" encoding="utf-8"?>
<Project ToolsVersion="4.0" xmlns="http://schemas.microsoft.com/developer/msbuild/2003">
  <ItemGroup>
    <Filter Include="Implementation">
      <UniqueIdentifier>{68cdbe09-e1b9-4174-8c97-2139c22daf74}</UniqueIdentifier>
    </Filter>
    <Filter Include="Implementation\External">
      <UniqueIdentifier>{655bdd1c-1746-4fe7-a684-74737d51e914}</UniqueIdentifier>
    </Filter>
    <Filter Include="Implementation\DXT">
      <UniqueIdentifier>{dedb0b33-5907-4940-9d23-ec46be69e8d0}</UniqueIdentifier>
    </Filter>
    <Filter Include="Implementation\DXT\Codebooks">
      <UniqueIdentifier>{d3454081-9889-49a1-bdc0-5124af8c0e2f}</UniqueIdentifier>
    </Filter>
    <Filter Include="Implementation\DXT\Boneyard">
      <UniqueIdentifier>{26cb4ab0-7094-486a-b4e0-dd478e6d3b88}</UniqueIdentifier>
    </Filter>
  </ItemGroup>
  <ItemGroup>
    <ClCompile Include="aux_Bitmap.cpp">
      <Filter>Implementation</Filter>
    </ClCompile>
    <ClCompile Include="DefaultBMP.cpp">
      <Filter>Implementation</Filter>
    </ClCompile>
    <ClCompile Include="Load_BMP.cpp">
      <Filter>Implementation</Filter>
    </ClCompile>
    <ClCompile Include="Load_PSD.cpp">
      <Filter>Implementation</Filter>
    </ClCompile>
    <ClCompile Include="Load_TGA.cpp">
      <Filter>Implementation</Filter>
    </ClCompile>
    <ClCompile Include="..\..\3rdParty\DXTLibrary\ccDoubleHeap.cpp">
      <Filter>Implementation\DXT</Filter>
    </ClCompile>
    <ClCompile Include="..\..\3rdParty\DXTLibrary\ccHeap.cpp">
      <Filter>Implementation\DXT</Filter>
    </ClCompile>
    <ClCompile Include="..\..\3rdParty\DXTLibrary\Cclist.cpp">
      <Filter>Implementation\DXT</Filter>
    </ClCompile>
    <ClCompile Include="..\..\3rdParty\DXTLibrary\cfVector.cpp">
      <Filter>Implementation\DXT</Filter>
    </ClCompile>
    <ClCompile Include="..\..\3rdParty\DXTLibrary\DXTCGen.cpp">
      <Filter>Implementation\DXT</Filter>
    </ClCompile>
    <ClCompile Include="..\..\3rdParty\DXTLibrary\Image.cpp">
      <Filter>Implementation\DXT</Filter>
    </ClCompile>
    <ClCompile Include="..\..\3rdParty\DXTLibrary\ImageDXTC.cpp">
      <Filter>Implementation\DXT</Filter>
    </ClCompile>
    <ClCompile Include="..\..\3rdParty\DXTLibrary\Lloyd.cpp">
      <Filter>Implementation\DXT</Filter>
    </ClCompile>
    <ClCompile Include="..\..\3rdParty\DXTLibrary\MedianCut.cpp">
      <Filter>Implementation\DXT</Filter>
    </ClCompile>
    <ClCompile Include="..\..\3rdParty\DXTLibrary\Table.cpp">
      <Filter>Implementation\DXT</Filter>
    </ClCompile>
    <ClCompile Include="..\..\3rdParty\DXTLibrary\CodeBook4MMX.cpp">
      <Filter>Implementation\DXT\Codebooks</Filter>
    </ClCompile>
    <ClCompile Include="..\..\3rdParty\DXTLibrary\fCodeBook.cpp">
      <Filter>Implementation\DXT\Codebooks</Filter>
    </ClCompile>
    <ClCompile Include="..\..\3rdParty\DXTLibrary\CodeBook.cpp">
      <Filter>Implementation\DXT\Boneyard</Filter>
    </ClCompile>
    <ClCompile Include="..\..\3rdParty\DXTLibrary\LoadFromBMP.cpp">
      <Filter>Implementation\DXT\Boneyard</Filter>
    </ClCompile>
    <ClCompile Include="..\..\3rdParty\DXTLibrary\LoadFromTGA.cpp">
      <Filter>Implementation\DXT\Boneyard</Filter>
    </ClCompile>
    <ClCompile Include="..\..\3rdParty\DXTLibrary\LoadImageFrom.cpp">
      <Filter>Implementation\DXT\Boneyard</Filter>
    </ClCompile>
    <ClCompile Include="..\..\3rdParty\DXTLibrary\Usage.cpp">
      <Filter>Implementation\DXT\Boneyard</Filter>
    </ClCompile>
  </ItemGroup>
  <ItemGroup>
    <ClInclude Include="..\..\x_files\x_bitmap.hpp">
      <Filter>Implementation\External</Filter>
    </ClInclude>
    <ClInclude Include="..\..\x_files\Implementation\x_bitmap_inline.hpp">
      <Filter>Implementation\External</Filter>
    </ClInclude>
    <ClInclude Include="..\..\x_files\x_color.hpp">
      <Filter>Implementation\External</Filter>
    </ClInclude>
    <ClInclude Include="..\..\x_files\Implementation\x_color_inline.hpp">
      <Filter>Implementation\External</Filter>
    </ClInclude>
    <ClInclude Include="..\..\x_files\x_debug.hpp">
      <Filter>Implementation\External</Filter>
    </ClInclude>
    <ClInclude Include="..\..\x_files\x_math.hpp">
      <Filter>Implementation\External</Filter>
    </ClInclude>
    <ClInclude Include="..\..\x_files\Implementation\x_math_bb_inline.hpp">
      <Filter>Implementation\External</Filter>
    </ClInclude>
    <ClInclude Include="..\..\x_files\Implementation\x_math_inline.hpp">
      <Filter>Implementation\External</Filter>
    </ClInclude>
    <ClInclude Include="..\..\x_files\Implementation\x_math_m4_inline.hpp">
      <Filter>Implementation\External</Filter>
    </ClInclude>
    <ClInclude Include="..\..\x_files\Implementation\x_math_p_inline.hpp">
      <Filter>Implementation\External</Filter>
    </ClInclude>
    <ClInclude Include="..\..\x_files\Implementation\x_math_q_inline.hpp">
      <Filter>Implementation\External</Filter>
    </ClInclude>
    <ClInclude Include="..\..\x_files\Implementation\x_math_r3_inline.hpp">
      <Filter>Implementation\External</Filter>
    </ClInclude>
    <ClInclude Include="..\..\x_files\Implementation\x_math_v2_inline.hpp">
      <Filter>Implementation\External</Filter>
    </ClInclude>
    <ClInclude Include="..\..\x_files\Implementation\x_math_v3_inline.hpp">
      <Filter>Implementation\External</Filter>
    </ClInclude>
    <ClInclude Include="..\..\x_files\Implementation\x_math_v4_inline.hpp">
      <Filter>Implementation\External</Filter>
    </ClInclude>
    <ClInclude Include="..\..\x_files\x_memory.hpp">
      <Filter>Implementation\External</Filter>
    </ClInclude>
    <ClInclude Include="..\..\x_files\Implementation\x_memory_private.hpp">
      <Filter>Implementation\External</Filter>
    </ClInclude>
    <ClInclude Include="..\..\x_files\x_plus.hpp">
      <Filter>Implementation\External</Filter>
    </ClInclude>
    <ClInclude Include="..\..\x_files\x_stdio.hpp">
      <Filter>Implementation\External</Filter>
    </ClInclude>
    <ClInclude Include="..\..\x_files\x_target.hpp">
      <Filter>Implementation\External</Filter>
    </ClInclude>
    <ClInclude Include="..\..\x_files\x_types.hpp">
      <Filter>Implementation\External</Filter>
    </ClInclude>
    <ClInclude Include="aux_Bitmap.hpp" />
  </ItemGroup>
  <ItemGroup>
    <CustomBuild Include="..\..\3rdParty\DXTLibrary\ccDoubleHeap.h">
      <Filter>Implementation\DXT</Filter>
    </CustomBuild>
    <CustomBuild Include="..\..\3rdParty\DXTLibrary\ccHeap.h">
      <Filter>Implementation\DXT</Filter>
    </CustomBuild>
    <CustomBuild Include="..\..\3rdParty\DXTLibrary\Cclist.h">
      <Filter>Implementation\DXT</Filter>
    </CustomBuild>
    <CustomBuild Include="..\..\3rdParty\DXTLibrary\cfVector.h">
      <Filter>Implementation\DXT</Filter>
    </CustomBuild>
    <CustomBuild Include="..\..\3rdParty\DXTLibrary\DXTCGen.h">
      <Filter>Implementation\DXT</Filter>
    </CustomBuild>
    <CustomBuild Include="..\..\3rdParty\DXTLibrary\Image.h">
      <Filter>Implementation\DXT</Filter>
    </CustomBuild>
    <CustomBuild Include="..\..\3rdParty\DXTLibrary\ImageDXTC.h">
      <Filter>Implementation\DXT</Filter>
    </CustomBuild>
    <CustomBuild Include="..\..\3rdParty\DXTLibrary\Lloyd.h">
      <Filter>Implementation\DXT</Filter>
    </CustomBuild>
    <CustomBuild Include="..\..\3rdParty\DXTLibrary\MedianCut.h">
      <Filter>Implementation\DXT</Filter>
    </CustomBuild>
    <CustomBuild Include="..\..\3rdParty\DXTLibrary\Table.h">
      <Filter>Implementation\DXT</Filter>
    </CustomBuild>
    <CustomBuild Include="..\..\3rdParty\DXTLibrary\CodeBook4MMX.h">
      <Filter>Implementation\DXT\Codebooks</Filter>
    </CustomBuild>
    <CustomBuild Include="..\..\3rdParty\DXTLibrary\fCodeBook.h">
      <Filter>Implementation\DXT\Codebooks</Filter>
    </CustomBuild>
    <CustomBuild Include="..\..\3rdParty\DXTLibrary\CodeBook.h">
      <Filter>Implementation\DXT\Boneyard</Filter>
    </CustomBuild>
    <CustomBuild Include="..\..\3rdParty\DXTLibrary\LoadImageFrom.h">
      <Filter>Implementation\DXT\Boneyard</Filter>
    </CustomBuild>
  </ItemGroup>
</Project>